{
  "name": "@zerobias-org/product-venmo-venmo",
  "version": "2.0.2",
  "lockfileVersion": 3,
  "requires": true,
  "packages": {
    "": {
      "name": "@zerobias-org/product-venmo-venmo",
      "version": "2.0.2",
      "license": "ISC",
      "dependencies": {
        "@zerobias-org/vendor-venmo": "*"
      }
    },
    "node_modules/@zerobias-org/vendor-venmo": {
      "version": "2.0.1",
      "integrity": "sha512-QDF9hd1wbTMdsdPAM3fxM02/9F9hHi+aQ0qTFcEC2wtiATn8H5qlSnzj2Xq90HbR9sofp0jWda09Xig2RkHQjg==",
      "license": "ISC"
    }
  }
}
