{
  "name": "@auditlogic/product-venmo-venmo",
  "version": "1.0.0",
  "lockfileVersion": 2,
  "requires": true,
  "packages": {
    "": {
      "name": "@auditlogic/product-venmo-venmo",
      "version": "1.0.0",
      "license": "ISC",
      "dependencies": {
        "@auditlogic/product_category-auditlogic-app_integration": "^1.0.2",
        "@auditlogic/product_category-auditlogic-business_apps": "^1.0.2",
        "@auditlogic/vendor-venmo": "^1.0.0"
      }
    },
    "node_modules/@auditlogic/product_category-auditlogic-app_integration": {
      "version": "1.0.2",
      "resolved": "https://npm.pkg.github.com/download/@auditlogic/product_category-auditlogic-app_integration/1.0.2/8cb1de765b2f506a5836009a9910e51e08790368",
      "integrity": "sha512-v5JCmSpFzlLegj70eWfTcR63mq/d+IwTzqv6vhTZzGMgcNH5ttqYrz2XjT8sD+k5+BDwmT/jeZLhzR3Wbxve8Q==",
      "license": "ISC"
    },
    "node_modules/@auditlogic/product_category-auditlogic-business_apps": {
      "version": "1.0.2",
      "resolved": "https://npm.pkg.github.com/download/@auditlogic/product_category-auditlogic-business_apps/1.0.2/f4002981cb6c9f7bf96457229e47a2db8655ca9e",
      "integrity": "sha512-IFyVXpgwTCFgYJP8WqTlhrW92nMUlRXDIQfUwDd16AYqtsm4PSPll1fLuB0brlVknrRTOxOhWp+XKBLc4/JYNQ==",
      "license": "ISC"
    },
    "node_modules/@auditlogic/vendor-venmo": {
      "version": "1.0.0",
      "resolved": "https://npm.pkg.github.com/download/@auditlogic/vendor-venmo/1.0.0/fbbd0d8852fd67ac0e792847c9a1960fbd23295f",
      "integrity": "sha512-lWw55jJlNdWZorTBHrr29Pfxcd6KP32gu5HMAG4y84oEmYqXs7AbWv6IYyHDPoIDGhvemePZuQjnf7h/BesdAA==",
      "license": "ISC"
    }
  },
  "dependencies": {
    "@auditlogic/product_category-auditlogic-app_integration": {
      "version": "1.0.2",
      "resolved": "https://npm.pkg.github.com/download/@auditlogic/product_category-auditlogic-app_integration/1.0.2/8cb1de765b2f506a5836009a9910e51e08790368",
      "integrity": "sha512-v5JCmSpFzlLegj70eWfTcR63mq/d+IwTzqv6vhTZzGMgcNH5ttqYrz2XjT8sD+k5+BDwmT/jeZLhzR3Wbxve8Q=="
    },
    "@auditlogic/product_category-auditlogic-business_apps": {
      "version": "1.0.2",
      "resolved": "https://npm.pkg.github.com/download/@auditlogic/product_category-auditlogic-business_apps/1.0.2/f4002981cb6c9f7bf96457229e47a2db8655ca9e",
      "integrity": "sha512-IFyVXpgwTCFgYJP8WqTlhrW92nMUlRXDIQfUwDd16AYqtsm4PSPll1fLuB0brlVknrRTOxOhWp+XKBLc4/JYNQ=="
    },
    "@auditlogic/vendor-venmo": {
      "version": "1.0.0",
      "resolved": "https://npm.pkg.github.com/download/@auditlogic/vendor-venmo/1.0.0/fbbd0d8852fd67ac0e792847c9a1960fbd23295f",
      "integrity": "sha512-lWw55jJlNdWZorTBHrr29Pfxcd6KP32gu5HMAG4y84oEmYqXs7AbWv6IYyHDPoIDGhvemePZuQjnf7h/BesdAA=="
    }
  }
}
