{
  "name": "@auditlogic/product-hubspot-hubspot",
  "version": "0.5.4",
  "lockfileVersion": 3,
  "requires": true,
  "packages": {
    "": {
      "name": "@auditlogic/product-hubspot-hubspot",
      "version": "0.5.4",
      "license": "ISC",
      "dependencies": {
        "@auditlogic/product_category-auditlogic-crm": "latest",
        "@auditlogic/vendor-hubspot": "^0.5.1"
      }
    },
    "node_modules/@auditlogic/product_category-auditlogic-crm": {
      "version": "1.0.2",
      "resolved": "https://npm.pkg.github.com/download/@auditlogic/product_category-auditlogic-crm/1.0.2/e59729fb824febedf49031ea0f8bf810aefefc5c",
      "integrity": "sha512-E3+mkTs7dMUT58Z7K4ME2RMEnTDzIgM9Wepsj2J3a9bWRDX9t8472HB7id1A1mWZZf5nqY2imtuvf5bTP5lWtQ==",
      "license": "ISC"
    },
    "node_modules/@auditlogic/vendor-hubspot": {
      "version": "0.5.1",
      "resolved": "https://npm.pkg.github.com/download/@auditlogic/vendor-hubspot/0.5.1/3e4d402eae659f25d9d34a09d2e9b13fae2083d6",
      "integrity": "sha512-dX8IFDTpoQF6Az950TWcgYLyuOhFTdkK6T+imNYeVo8k8JMHxs00LjU/sxtW7dNODd5CGdgx+TgkZEz3wY4X/w==",
      "license": "ISC"
    }
  }
}
