{
  "name": "@zerobias-org/product-hubspot-hubspot",
  "version": "0.5.5",
  "lockfileVersion": 3,
  "requires": true,
  "packages": {
    "": {
      "name": "@zerobias-org/product-hubspot-hubspot",
      "version": "0.5.5",
      "license": "ISC",
      "dependencies": {
        "@zerobias-org/vendor-hubspot": "latest"
      }
    },
    "node_modules/@zerobias-org/vendor-hubspot": {
      "version": "0.5.3",
      "resolved": "https://pkg.zerobias.org/@zerobias-org/vendor-hubspot/-/vendor-hubspot-0.5.3.tgz",
      "integrity": "sha512-HOHylICEoFRLZkDFGvOqnTFYBPK9g5FuZmT/d2/AEag5D6XGha5zGhCEPblyPTkNzXm8uzGeVxmG9km1uF51sw==",
      "license": "ISC"
    }
  }
}
