{
  "name": "@zerobias-org/product-tanium-platform",
  "version": "2.0.1",
  "lockfileVersion": 2,
  "requires": true,
  "packages": {
    "": {
      "name": "@zerobias-org/product-tanium-platform",
      "version": "2.0.1",
      "license": "ISC",
      "dependencies": {
        "@zerobias-org/vendor-tanium": "latest"
      }
    },
    "node_modules/@zerobias-org/vendor-tanium": {
      "version": "1.0.3",
      "resolved": "https://pkg.zerobias.org/@zerobias-org/vendor-tanium/-/vendor-tanium-1.0.3.tgz",
      "integrity": "sha512-iPMsxdBOYfcRnKHGEiIMegImOrg7uKUjxuQpMGfpU54UbRUKwKG+5pGtUT8Y2ynmk/t15o+4IwSevCtLEEGc5g==",
      "license": "ISC"
    }
  },
  "dependencies": {
    "@zerobias-org/vendor-tanium": {
      "version": "1.0.3",
      "resolved": "https://pkg.zerobias.org/@zerobias-org/vendor-tanium/-/vendor-tanium-1.0.3.tgz",
      "integrity": "sha512-iPMsxdBOYfcRnKHGEiIMegImOrg7uKUjxuQpMGfpU54UbRUKwKG+5pGtUT8Y2ynmk/t15o+4IwSevCtLEEGc5g=="
    }
  }
}
