{
  "name": "@auditlogic/product-tanium-platform",
  "version": "0.3.3",
  "lockfileVersion": 2,
  "requires": true,
  "packages": {
    "": {
      "name": "@auditlogic/product-tanium-platform",
      "version": "0.3.3",
      "license": "ISC",
      "dependencies": {
        "@auditlogic/product_category-auditlogic-business_apps": "latest",
        "@auditlogic/vendor-tanium": "^1.0.0"
      }
    },
    "node_modules/@auditlogic/product_category-auditlogic-business_apps": {
      "version": "1.0.2",
      "resolved": "https://npm.pkg.github.com/download/@auditlogic/product_category-auditlogic-business_apps/1.0.2/f4002981cb6c9f7bf96457229e47a2db8655ca9e",
      "integrity": "sha512-IFyVXpgwTCFgYJP8WqTlhrW92nMUlRXDIQfUwDd16AYqtsm4PSPll1fLuB0brlVknrRTOxOhWp+XKBLc4/JYNQ==",
      "license": "ISC"
    },
    "node_modules/@auditlogic/vendor-tanium": {
      "version": "1.0.1",
      "resolved": "https://npm.pkg.github.com/download/@auditlogic/vendor-tanium/1.0.1/fdb422b6a44e4d36413e034eb19b2244226a5ec2",
      "integrity": "sha512-1BjzHMN9x2h770aXZkjdfM6LOH3ouu2nyVUPM3lPLCVNQgI0lVbQNfxfO16T0yr/lxz/8KxWgfDATB2L2zia4g==",
      "license": "ISC"
    }
  },
  "dependencies": {
    "@auditlogic/product_category-auditlogic-business_apps": {
      "version": "1.0.2",
      "resolved": "https://npm.pkg.github.com/download/@auditlogic/product_category-auditlogic-business_apps/1.0.2/f4002981cb6c9f7bf96457229e47a2db8655ca9e",
      "integrity": "sha512-IFyVXpgwTCFgYJP8WqTlhrW92nMUlRXDIQfUwDd16AYqtsm4PSPll1fLuB0brlVknrRTOxOhWp+XKBLc4/JYNQ=="
    },
    "@auditlogic/vendor-tanium": {
      "version": "1.0.1",
      "resolved": "https://npm.pkg.github.com/download/@auditlogic/vendor-tanium/1.0.1/fdb422b6a44e4d36413e034eb19b2244226a5ec2",
      "integrity": "sha512-1BjzHMN9x2h770aXZkjdfM6LOH3ouu2nyVUPM3lPLCVNQgI0lVbQNfxfO16T0yr/lxz/8KxWgfDATB2L2zia4g=="
    }
  }
}
