{
  "name": "@zerobias-org/product-allgress-allgress",
  "version": "2.0.2",
  "lockfileVersion": 3,
  "requires": true,
  "packages": {
    "": {
      "name": "@zerobias-org/product-allgress-allgress",
      "version": "2.0.2",
      "license": "ISC",
      "dependencies": {
        "@zerobias-org/vendor-allgress": "*"
      }
    },
    "node_modules/@zerobias-org/vendor-allgress": {
      "version": "2.0.1",
      "integrity": "sha512-Ty7x5iQlm+/jmljty1X3+OJRdN/hOC3Ry6Q5jYlLd73gyS5IwXH7TmQU1bhoydaVSizFN3K+lVKtNrfpIDqpfA==",
      "license": "ISC"
    }
  }
}
