{
  "name": "@auditlogic/product-cisco-webex",
  "version": "1.1.4",
  "lockfileVersion": 3,
  "requires": true,
  "packages": {
    "": {
      "name": "@auditlogic/product-cisco-webex",
      "version": "1.1.4",
      "license": "ISC",
      "dependencies": {
        "@auditlogic/product_category-auditlogic-collaboration": "latest",
        "@auditlogic/vendor-cisco": "^1.0.8"
      }
    },
    "node_modules/@auditlogic/product_category-auditlogic-collaboration": {
      "version": "1.0.2",
      "resolved": "https://npm.pkg.github.com/download/@auditlogic/product_category-auditlogic-collaboration/1.0.2/07fef5198de3b6463159ec31de8acbfcddda6836",
      "integrity": "sha512-UaH40k7s/4s21xI8dbA1/oj395t9vIVGMebYqHrsVI5dHtaqYfHvAIv9eliVCfUbD9e7FNvcFa+P8+Pi3ccaCg==",
      "license": "ISC"
    },
    "node_modules/@auditlogic/vendor-cisco": {
      "version": "1.0.8",
      "resolved": "https://npm.pkg.github.com/download/@auditlogic/vendor-cisco/1.0.8/e40639f8d5ba8d9263a1e59f1b91d9656477f417",
      "integrity": "sha512-mmjzBmy43wnzYqHY9FsrBhl/na2FAWzHAf4aKPvtdHP8KmSMZ5kpa9yU8rrEpbtTmefZ6jWbefs35P4dwA0mJA==",
      "license": "ISC"
    }
  }
}
