{
  "name": "@auditlogic/product-auvik-auvik",
  "version": "0.4.3",
  "lockfileVersion": 2,
  "requires": true,
  "packages": {
    "": {
      "name": "@auditlogic/product-auvik-auvik",
      "version": "0.4.3",
      "license": "ISC",
      "dependencies": {
        "@auditlogic/product_category-auditlogic-management_console": "latest",
        "@auditlogic/vendor-auvik": "^0.2.0"
      }
    },
    "node_modules/@auditlogic/product_category-auditlogic-management_console": {
      "version": "1.0.2",
      "resolved": "https://npm.pkg.github.com/download/@auditlogic/product_category-auditlogic-management_console/1.0.2/ec7e95fb446e2763dc997b681379eaa5b0128a17",
      "integrity": "sha512-K91aEyLVSXSK5PPG6RliEGfdUwDZxrIuJvOhQMHp34aLn+BROyRD3F9YNOnzvzxbWWpaHrb5v7J3a9dG4Llqng==",
      "license": "ISC"
    },
    "node_modules/@auditlogic/vendor-auvik": {
      "version": "0.2.0",
      "resolved": "https://npm.pkg.github.com/download/@auditlogic/vendor-auvik/0.2.0/5b87ed88f899ba9acbeddf4a191e1b542173a177",
      "integrity": "sha512-tP/ea8LYJbnuZs1HZ3QwgReqGhO6lNi682JMeGOxdxuglxYWJqp/wJHk+G7a6/e2/9a6AIimIrT7GXpeOW4XyA==",
      "license": "ISC"
    }
  },
  "dependencies": {
    "@auditlogic/product_category-auditlogic-management_console": {
      "version": "1.0.2",
      "resolved": "https://npm.pkg.github.com/download/@auditlogic/product_category-auditlogic-management_console/1.0.2/ec7e95fb446e2763dc997b681379eaa5b0128a17",
      "integrity": "sha512-K91aEyLVSXSK5PPG6RliEGfdUwDZxrIuJvOhQMHp34aLn+BROyRD3F9YNOnzvzxbWWpaHrb5v7J3a9dG4Llqng=="
    },
    "@auditlogic/vendor-auvik": {
      "version": "0.2.0",
      "resolved": "https://npm.pkg.github.com/download/@auditlogic/vendor-auvik/0.2.0/5b87ed88f899ba9acbeddf4a191e1b542173a177",
      "integrity": "sha512-tP/ea8LYJbnuZs1HZ3QwgReqGhO6lNi682JMeGOxdxuglxYWJqp/wJHk+G7a6/e2/9a6AIimIrT7GXpeOW4XyA=="
    }
  }
}
