{
  "name": "@zerobias-org/product-auvik-auvik",
  "version": "2.0.2",
  "lockfileVersion": 3,
  "requires": true,
  "packages": {
    "": {
      "name": "@zerobias-org/product-auvik-auvik",
      "version": "2.0.2",
      "license": "ISC",
      "dependencies": {
        "@zerobias-org/vendor-auvik": "*"
      }
    },
    "node_modules/@zerobias-org/vendor-auvik": {
      "version": "1.0.1",
      "integrity": "sha512-/9kBXDfwYlVrL6fJ7tB6VNxi0nb7XQopqManB2ONKEkWsFAKa4MUMLYWTx1rmrgJCUk+BC5XxNdqEuUTTQYmig==",
      "license": "ISC"
    }
  }
}
