{
  "name": "@zerobias-org/product-ddn-tintrivmstore",
  "version": "1.1.4",
  "lockfileVersion": 2,
  "requires": true,
  "packages": {
    "": {
      "name": "@zerobias-org/product-ddn-tintrivmstore",
      "version": "1.1.4",
      "license": "ISC",
      "dependencies": {
        "@zerobias-org/vendor-ddn": "latest"
      }
    },
    "node_modules/@zerobias-org/vendor-ddn": {
      "version": "1.0.8",
      "resolved": "https://pkg.zerobias.org/@zerobias-org/vendor-ddn/-/vendor-ddn-1.0.8.tgz",
      "integrity": "sha512-or07TkIlOWAthL9G4V1eC821dUPDdqr0I143UqgoLJ1+1ZEmPI85j4z5qMr2FCLR4fCTvtBQwdOrrcxSpYC1Yg=="
    }
  },
  "dependencies": {
    "@zerobias-org/vendor-ddn": {
      "version": "1.0.8",
      "resolved": "https://pkg.zerobias.org/@zerobias-org/vendor-ddn/-/vendor-ddn-1.0.8.tgz",
      "integrity": "sha512-or07TkIlOWAthL9G4V1eC821dUPDdqr0I143UqgoLJ1+1ZEmPI85j4z5qMr2FCLR4fCTvtBQwdOrrcxSpYC1Yg=="
    }
  }
}
