{
  "name": "@auditlogic/product-microsoft-azure-datalakeanalytics",
  "version": "1.1.3",
  "lockfileVersion": 2,
  "requires": true,
  "packages": {
    "": {
      "name": "@auditlogic/product-microsoft-azure-datalakeanalytics",
      "version": "1.1.3",
      "license": "ISC",
      "dependencies": {
        "@auditlogic/product_category-auditlogic-analytics": "latest",
        "@auditlogic/suite-microsoft-azure": "^1.0.8",
        "@auditlogic/vendor-microsoft": "^1.0.6"
      }
    },
    "node_modules/@auditlogic/product_category-auditlogic-analytics": {
      "version": "1.0.2",
      "resolved": "https://npm.pkg.github.com/download/@auditlogic/product_category-auditlogic-analytics/1.0.2/6db40c7947046a71277fd513f2e759ab5d5a867d",
      "integrity": "sha512-PdJVVuuuV7hn2iXRvGOems0xK/H9bmr8e/Df5TEfSf/H/jkphBANog1ShznKzkq3/+r4Z0Qs5a3h5XEVSR9a+g==",
      "license": "ISC"
    },
    "node_modules/@auditlogic/suite-microsoft-azure": {
      "version": "1.0.9",
      "resolved": "https://npm.pkg.github.com/download/@auditlogic/suite-microsoft-azure/1.0.9/96914c40b36890a968eee2830dbc895d6a34c1af",
      "integrity": "sha512-xO03A+VQGGQTbLUsLZtHwQFceZphb9tCBvUWFfOTUwKcXsJnZ/7nUVM08LYWL0xl/t0gwaFMXPr3fHaOAqXcaA==",
      "license": "ISC",
      "dependencies": {
        "@auditlogic/vendor-microsoft": "^1.0.7"
      }
    },
    "node_modules/@auditlogic/vendor-microsoft": {
      "version": "1.0.7",
      "resolved": "https://npm.pkg.github.com/download/@auditlogic/vendor-microsoft/1.0.7/ca5124c51b5ae4150cceb39c279336f5956cb519",
      "integrity": "sha512-70MEjzch8MQ8owg6x3GXzMWxcF49+NKxjvlG5jZYw4DdSC3AamHvsvwZxoaqnHidH716ZpiV+gYVHHfspQsDVA==",
      "license": "ISC"
    }
  },
  "dependencies": {
    "@auditlogic/product_category-auditlogic-analytics": {
      "version": "1.0.2",
      "resolved": "https://npm.pkg.github.com/download/@auditlogic/product_category-auditlogic-analytics/1.0.2/6db40c7947046a71277fd513f2e759ab5d5a867d",
      "integrity": "sha512-PdJVVuuuV7hn2iXRvGOems0xK/H9bmr8e/Df5TEfSf/H/jkphBANog1ShznKzkq3/+r4Z0Qs5a3h5XEVSR9a+g=="
    },
    "@auditlogic/suite-microsoft-azure": {
      "version": "1.0.9",
      "resolved": "https://npm.pkg.github.com/download/@auditlogic/suite-microsoft-azure/1.0.9/96914c40b36890a968eee2830dbc895d6a34c1af",
      "integrity": "sha512-xO03A+VQGGQTbLUsLZtHwQFceZphb9tCBvUWFfOTUwKcXsJnZ/7nUVM08LYWL0xl/t0gwaFMXPr3fHaOAqXcaA==",
      "requires": {
        "@auditlogic/vendor-microsoft": "^1.0.7"
      }
    },
    "@auditlogic/vendor-microsoft": {
      "version": "1.0.7",
      "resolved": "https://npm.pkg.github.com/download/@auditlogic/vendor-microsoft/1.0.7/ca5124c51b5ae4150cceb39c279336f5956cb519",
      "integrity": "sha512-70MEjzch8MQ8owg6x3GXzMWxcF49+NKxjvlG5jZYw4DdSC3AamHvsvwZxoaqnHidH716ZpiV+gYVHHfspQsDVA=="
    }
  }
}
