{
  "name": "@zerobias-org/product-oasisopen-cosai-mcp_security",
  "version": "1.0.0",
  "lockfileVersion": 3,
  "requires": true,
  "packages": {
    "": {
      "name": "@zerobias-org/product-oasisopen-cosai-mcp_security",
      "version": "1.0.0",
      "license": "ISC",
      "dependencies": {
        "@zerobias-org/suite-oasisopen-cosai": "*"
      }
    },
    "node_modules/@zerobias-org/suite-oasisopen-cosai": {
      "version": "1.0.1",
      "integrity": "sha512-pHG3QG54idELFaJvQBAG6TfufRU42BBuDJvEM+i1KBneWvvLoTezr5nLo6K2Y0ajlCQblp03McZi7H9cYIsUOA==",
      "license": "ISC",
      "dependencies": {
        "@zerobias-org/vendor-oasisopen": "*"
      }
    },
    "node_modules/@zerobias-org/vendor-oasisopen": {
      "version": "2.0.1",
      "integrity": "sha512-igr3Zio7kQ40xhrPQ3H1rmKQfaxPJjrZbnIOeEomBBoxHksEy0rGOIn9uUYJuPYwIU2iQqH2qYiALPSBzosWEg==",
      "license": "ISC"
    }
  }
}
