{
  "name": "@zerobias-org/product-render-render",
  "version": "2.0.2",
  "lockfileVersion": 3,
  "requires": true,
  "packages": {
    "": {
      "name": "@zerobias-org/product-render-render",
      "version": "2.0.2",
      "license": "ISC",
      "dependencies": {
        "@zerobias-org/vendor-render": "*"
      }
    },
    "node_modules/@zerobias-org/vendor-render": {
      "version": "2.0.1",
      "integrity": "sha512-Sohn9kvYI1Jc4R4AHcx/1GKF0LnHkaagRb7mDE2Bvktv5FTifZyOu0KnMRiWDWN65utHLFRHxe1m4qFP9kwUtw==",
      "license": "ISC"
    }
  }
}
