{
  "name": "@zerobias-org/product-workplace-workplace",
  "version": "2.0.2",
  "lockfileVersion": 3,
  "requires": true,
  "packages": {
    "": {
      "name": "@zerobias-org/product-workplace-workplace",
      "version": "2.0.2",
      "license": "ISC",
      "dependencies": {
        "@zerobias-org/vendor-workplace": "*"
      }
    },
    "node_modules/@zerobias-org/vendor-workplace": {
      "version": "1.0.1",
      "integrity": "sha512-KRA8hBhZPspbWraf541b9Va5M82H0BwX015MkSaUNSRRifjV3GU/Kkq8HHRHXX1jmG6qv/HbCoEjtrED+hwkRA==",
      "license": "ISC"
    }
  }
}
