{
  "name": "@zerobias-org/product-twilio-twilio",
  "version": "1.1.6",
  "lockfileVersion": 2,
  "requires": true,
  "packages": {
    "": {
      "name": "@zerobias-org/product-twilio-twilio",
      "version": "1.1.6",
      "license": "ISC",
      "dependencies": {
        "@zerobias-org/vendor-twilio": "latest"
      }
    },
    "node_modules/@zerobias-org/vendor-twilio": {
      "version": "1.0.9",
      "resolved": "https://pkg.zerobias.org/@zerobias-org/vendor-twilio/-/vendor-twilio-1.0.9.tgz",
      "integrity": "sha512-cMdO/eeSqpdrQVKeYQgIvLVuRNjVpY1VdGNK4LO8kI+SmbsxkJZUwhi1n74YlSeKZfOOjp+25YWTtunT7216RQ==",
      "license": "ISC"
    }
  },
  "dependencies": {
    "@zerobias-org/vendor-twilio": {
      "version": "1.0.9",
      "resolved": "https://pkg.zerobias.org/@zerobias-org/vendor-twilio/-/vendor-twilio-1.0.9.tgz",
      "integrity": "sha512-cMdO/eeSqpdrQVKeYQgIvLVuRNjVpY1VdGNK4LO8kI+SmbsxkJZUwhi1n74YlSeKZfOOjp+25YWTtunT7216RQ=="
    }
  }
}
