{
  "name": "@zerobias-org/product-veeam-spc",
  "version": "2.0.2",
  "lockfileVersion": 3,
  "requires": true,
  "packages": {
    "": {
      "name": "@zerobias-org/product-veeam-spc",
      "version": "2.0.2",
      "license": "ISC",
      "dependencies": {
        "@zerobias-org/vendor-veeam": "*"
      }
    },
    "node_modules/@zerobias-org/vendor-veeam": {
      "version": "1.0.1",
      "integrity": "sha512-dqV57M2PTZCME32hsRyLuDwCUKIBKpPX4BeAOYZv05mnY2FPhiFYOtFLwX7P+ZFVzjpoG9k8fu1BemwPDqyt7Q==",
      "license": "ISC"
    }
  }
}
