{
  "name": "@zerobias-org/product-fortinet-fortigate",
  "version": "2.0.2",
  "lockfileVersion": 3,
  "requires": true,
  "packages": {
    "": {
      "name": "@zerobias-org/product-fortinet-fortigate",
      "version": "2.0.2",
      "license": "ISC",
      "dependencies": {
        "@zerobias-org/vendor-fortinet": "*"
      }
    },
    "node_modules/@zerobias-org/vendor-fortinet": {
      "version": "1.0.1",
      "integrity": "sha512-u65/Ntpr3KwOTAsXa/FRD3fa0ouFzDrph4D6M8qtOVP1oOjesXNBp4sp5bXuL0mR0NkA2ztrfhhaDx1zXmg6Kg==",
      "license": "ISC"
    }
  }
}
