{
  "name": "@zerobias-org/product-stixify-stixify",
  "version": "2.0.2",
  "lockfileVersion": 3,
  "requires": true,
  "packages": {
    "": {
      "name": "@zerobias-org/product-stixify-stixify",
      "version": "2.0.2",
      "license": "ISC",
      "dependencies": {
        "@zerobias-org/vendor-stixify": "*"
      }
    },
    "node_modules/@zerobias-org/vendor-stixify": {
      "version": "2.0.1",
      "integrity": "sha512-nCJmYwIi1zGewVvM9LfRLwTXsn0ppaubMhC0Z4ZqbNHkaRwzkzWhtH+16MwCe05xW8mm89SCTq4S/EntyAOttg==",
      "license": "ISC"
    }
  }
}
