{
  "name": "@auditlogic/product-checkov-checkov",
  "version": "1.0.0",
  "lockfileVersion": 2,
  "requires": true,
  "packages": {
    "": {
      "name": "@auditlogic/product-checkov-checkov",
      "version": "1.0.0",
      "license": "ISC",
      "dependencies": {
        "@auditlogic/product_category-auditlogic-compute": "^1.0.2",
        "@auditlogic/product_category-auditlogic-containers": "^1.0.2",
        "@auditlogic/product_category-auditlogic-cybersecurity": "^1.0.2",
        "@auditlogic/service_category-auditlogic-compliance": "^1.0.2",
        "@auditlogic/service_category-auditlogic-it": "^1.0.3",
        "@auditlogic/vendor-checkov": "^1.0.0"
      }
    },
    "node_modules/@auditlogic/product_category-auditlogic-compute": {
      "version": "1.0.2",
      "resolved": "https://npm.pkg.github.com/download/@auditlogic/product_category-auditlogic-compute/1.0.2/472a99e2d994f58e2b6ec1f5d2da4207b108f8b9",
      "integrity": "sha512-DHKn+xALNE5Q1oJn1Lsswe+KGQdjuaI98D6kkYf/FboTP9eM3hyKgJK9FL2sPxS5Unq/26M8Xs3XPGGim+409g==",
      "license": "ISC"
    },
    "node_modules/@auditlogic/product_category-auditlogic-containers": {
      "version": "1.0.2",
      "resolved": "https://npm.pkg.github.com/download/@auditlogic/product_category-auditlogic-containers/1.0.2/95df91cd96ae20e746ef18108483b944e9ecdb21",
      "integrity": "sha512-/6DUuhHMcm8STVumYupzJUAVXze9q8mJjtj8Rt9+NX0/bR12ysiJns/GA9Htf6SK2ZsNaTmQz68HoGWt/t1MOQ==",
      "license": "ISC"
    },
    "node_modules/@auditlogic/product_category-auditlogic-cybersecurity": {
      "version": "1.0.2",
      "resolved": "https://npm.pkg.github.com/download/@auditlogic/product_category-auditlogic-cybersecurity/1.0.2/53f309c7722c97d8f1ab325707d4fe772f04e066",
      "integrity": "sha512-Pu9Qkq5Cpr57I8fa4PJWwLVxqJWyusR0LjC3/lLm84BrGiR64ZQeCMpwMQQGWyJyMEesBZPR4i3M2P+nv0KxyQ==",
      "license": "ISC"
    },
    "node_modules/@auditlogic/service_category-auditlogic-compliance": {
      "version": "1.0.2",
      "resolved": "https://npm.pkg.github.com/download/@auditlogic/service_category-auditlogic-compliance/1.0.2/2a1292b6649232af83cc3be4533fd64deca3c9f9",
      "integrity": "sha512-xOVQ+2l5LXuf64ICTiSf3eDxVSbIy9DU8zYWiLJhdLDDXKOGqhlhdJgDVyv64q3ENLeuScH0v5SI4/Z5rpKNlw==",
      "license": "ISC"
    },
    "node_modules/@auditlogic/service_category-auditlogic-it": {
      "version": "1.0.3",
      "resolved": "https://npm.pkg.github.com/download/@auditlogic/service_category-auditlogic-it/1.0.3/59da69083b92150c614cfc15d4ca2183980f5123",
      "integrity": "sha512-T9I9PkLUh3EEkZp5JMKs1dKz1QPFdtYy00lGhtvq/H9YfzqFUrG52W0XCxwFwKPjy1FpUYH0kIe+thfpI7cdcQ==",
      "license": "ISC"
    },
    "node_modules/@auditlogic/vendor-checkov": {
      "version": "1.0.0",
      "resolved": "https://npm.pkg.github.com/download/@auditlogic/vendor-checkov/1.0.0/ed65d1582ba77b1778bc596f9e5fa15ded3d7362",
      "integrity": "sha512-1v/CQZ5hQQcab/Ox8DrubNPNLd8FFk0luHcOolS3tSS1shoXPBsaNBjyDh0TbG9BHgDhvCt2aJYA4fdcd9BSnQ==",
      "license": "ISC"
    }
  },
  "dependencies": {
    "@auditlogic/product_category-auditlogic-compute": {
      "version": "1.0.2",
      "resolved": "https://npm.pkg.github.com/download/@auditlogic/product_category-auditlogic-compute/1.0.2/472a99e2d994f58e2b6ec1f5d2da4207b108f8b9",
      "integrity": "sha512-DHKn+xALNE5Q1oJn1Lsswe+KGQdjuaI98D6kkYf/FboTP9eM3hyKgJK9FL2sPxS5Unq/26M8Xs3XPGGim+409g=="
    },
    "@auditlogic/product_category-auditlogic-containers": {
      "version": "1.0.2",
      "resolved": "https://npm.pkg.github.com/download/@auditlogic/product_category-auditlogic-containers/1.0.2/95df91cd96ae20e746ef18108483b944e9ecdb21",
      "integrity": "sha512-/6DUuhHMcm8STVumYupzJUAVXze9q8mJjtj8Rt9+NX0/bR12ysiJns/GA9Htf6SK2ZsNaTmQz68HoGWt/t1MOQ=="
    },
    "@auditlogic/product_category-auditlogic-cybersecurity": {
      "version": "1.0.2",
      "resolved": "https://npm.pkg.github.com/download/@auditlogic/product_category-auditlogic-cybersecurity/1.0.2/53f309c7722c97d8f1ab325707d4fe772f04e066",
      "integrity": "sha512-Pu9Qkq5Cpr57I8fa4PJWwLVxqJWyusR0LjC3/lLm84BrGiR64ZQeCMpwMQQGWyJyMEesBZPR4i3M2P+nv0KxyQ=="
    },
    "@auditlogic/service_category-auditlogic-compliance": {
      "version": "1.0.2",
      "resolved": "https://npm.pkg.github.com/download/@auditlogic/service_category-auditlogic-compliance/1.0.2/2a1292b6649232af83cc3be4533fd64deca3c9f9",
      "integrity": "sha512-xOVQ+2l5LXuf64ICTiSf3eDxVSbIy9DU8zYWiLJhdLDDXKOGqhlhdJgDVyv64q3ENLeuScH0v5SI4/Z5rpKNlw=="
    },
    "@auditlogic/service_category-auditlogic-it": {
      "version": "1.0.3",
      "resolved": "https://npm.pkg.github.com/download/@auditlogic/service_category-auditlogic-it/1.0.3/59da69083b92150c614cfc15d4ca2183980f5123",
      "integrity": "sha512-T9I9PkLUh3EEkZp5JMKs1dKz1QPFdtYy00lGhtvq/H9YfzqFUrG52W0XCxwFwKPjy1FpUYH0kIe+thfpI7cdcQ=="
    },
    "@auditlogic/vendor-checkov": {
      "version": "1.0.0",
      "resolved": "https://npm.pkg.github.com/download/@auditlogic/vendor-checkov/1.0.0/ed65d1582ba77b1778bc596f9e5fa15ded3d7362",
      "integrity": "sha512-1v/CQZ5hQQcab/Ox8DrubNPNLd8FFk0luHcOolS3tSS1shoXPBsaNBjyDh0TbG9BHgDhvCt2aJYA4fdcd9BSnQ=="
    }
  }
}
