{
  "name": "@zerobias-org/product-checkov-checkov",
  "version": "1.0.2",
  "lockfileVersion": 2,
  "requires": true,
  "packages": {
    "": {
      "name": "@zerobias-org/product-checkov-checkov",
      "version": "1.0.2",
      "license": "ISC",
      "dependencies": {
        "@zerobias-org/vendor-checkov": "latest"
      }
    },
    "node_modules/@zerobias-org/vendor-checkov": {
      "version": "1.0.2",
      "resolved": "https://pkg.zerobias.org/@zerobias-org/vendor-checkov/-/vendor-checkov-1.0.2.tgz",
      "integrity": "sha512-6+1i0bEKAyOS/cVfTY33+vYWjZ2Uk70/eUpuSWUwcUGeZ3UjooFnKYPAzRVxHJdiYaxAax48jxhuvBFrcqow4A==",
      "license": "ISC"
    }
  },
  "dependencies": {
    "@zerobias-org/vendor-checkov": {
      "version": "1.0.2",
      "resolved": "https://pkg.zerobias.org/@zerobias-org/vendor-checkov/-/vendor-checkov-1.0.2.tgz",
      "integrity": "sha512-6+1i0bEKAyOS/cVfTY33+vYWjZ2Uk70/eUpuSWUwcUGeZ3UjooFnKYPAzRVxHJdiYaxAax48jxhuvBFrcqow4A=="
    }
  }
}
