{
  "name": "@zerobias-org/product-checkov-checkov",
  "version": "2.0.2",
  "lockfileVersion": 3,
  "requires": true,
  "packages": {
    "": {
      "name": "@zerobias-org/product-checkov-checkov",
      "version": "2.0.2",
      "license": "ISC",
      "dependencies": {
        "@zerobias-org/vendor-checkov": "*"
      }
    },
    "node_modules/@zerobias-org/vendor-checkov": {
      "version": "2.0.1",
      "integrity": "sha512-u6yUvL55i/9xfANjbD63H5c/rU6EJhts375LndorhgvieE2hi0+ZsDGvOFP/7wz0fAZSOwb90ydojwCY7yfy/Q==",
      "license": "ISC"
    }
  }
}
