{
  "name": "@zerobias-org/product-circleci-circleci",
  "version": "1.1.5",
  "lockfileVersion": 2,
  "requires": true,
  "packages": {
    "": {
      "name": "@zerobias-org/product-circleci-circleci",
      "version": "1.1.5",
      "license": "ISC",
      "dependencies": {
        "@zerobias-org/vendor-circleci": "latest"
      }
    },
    "node_modules/@zerobias-org/vendor-circleci": {
      "version": "1.0.8",
      "resolved": "https://pkg.zerobias.org/@zerobias-org/vendor-circleci/-/vendor-circleci-1.0.8.tgz",
      "integrity": "sha512-QLzeeVIArqRAEkt5BoGE/2vV2jWK4OQESa8qe/l+x0Cg6nwERZPIYZoFNKmKLgWaUM5OOIvXbiiHaAy/ixes/Q==",
      "license": "ISC"
    }
  },
  "dependencies": {
    "@zerobias-org/vendor-circleci": {
      "version": "1.0.8",
      "resolved": "https://pkg.zerobias.org/@zerobias-org/vendor-circleci/-/vendor-circleci-1.0.8.tgz",
      "integrity": "sha512-QLzeeVIArqRAEkt5BoGE/2vV2jWK4OQESa8qe/l+x0Cg6nwERZPIYZoFNKmKLgWaUM5OOIvXbiiHaAy/ixes/Q=="
    }
  }
}
