{
  "name": "@zerobias-org/product-rs2tech-accessit",
  "version": "2.0.2",
  "lockfileVersion": 3,
  "requires": true,
  "packages": {
    "": {
      "name": "@zerobias-org/product-rs2tech-accessit",
      "version": "2.0.2",
      "license": "ISC",
      "dependencies": {
        "@zerobias-org/vendor-rs2tech": "*"
      }
    },
    "node_modules/@zerobias-org/vendor-rs2tech": {
      "version": "1.0.1",
      "integrity": "sha512-XLXxjz07GuqagdA4Ub2F0ZHfvnq3oODz/eOARUvvrdiVmqCUS6t4ZvVY+Uh+hi52nK6GWfZS3lKLKPBSwRku+w==",
      "license": "ISC"
    }
  }
}
