{
  "name": "@zerobias-org/product-devsupply-hubnode",
  "version": "1.1.4",
  "lockfileVersion": 2,
  "requires": true,
  "packages": {
    "": {
      "name": "@zerobias-org/product-devsupply-hubnode",
      "version": "1.1.4",
      "license": "ISC",
      "dependencies": {
        "@zerobias-org/vendor-devsupply": "latest"
      }
    },
    "node_modules/@zerobias-org/vendor-devsupply": {
      "version": "1.0.8",
      "resolved": "https://pkg.zerobias.org/@zerobias-org/vendor-devsupply/-/vendor-devsupply-1.0.8.tgz",
      "integrity": "sha512-i+c1Hqe6y3/idn2/eEGmbomlWDkEXc1/tgyk8VIMi2YicQvi0mPeWjOMpaWuZ64Oxnwc8Fam7lN8omlboEem+g=="
    }
  },
  "dependencies": {
    "@zerobias-org/vendor-devsupply": {
      "version": "1.0.8",
      "resolved": "https://pkg.zerobias.org/@zerobias-org/vendor-devsupply/-/vendor-devsupply-1.0.8.tgz",
      "integrity": "sha512-i+c1Hqe6y3/idn2/eEGmbomlWDkEXc1/tgyk8VIMi2YicQvi0mPeWjOMpaWuZ64Oxnwc8Fam7lN8omlboEem+g=="
    }
  }
}
