{
  "name": "@zerobias-org/product-readyplayerme-readyplayerme",
  "version": "1.0.1",
  "lockfileVersion": 3,
  "requires": true,
  "packages": {
    "": {
      "name": "@zerobias-org/product-readyplayerme-readyplayerme",
      "version": "1.0.1",
      "license": "ISC",
      "dependencies": {
        "@zerobias-org/vendor-readyplayerme": "latest"
      }
    },
    "node_modules/@zerobias-org/vendor-readyplayerme": {
      "version": "1.0.2",
      "resolved": "https://pkg.zerobias.org/@zerobias-org/vendor-readyplayerme/-/vendor-readyplayerme-1.0.2.tgz",
      "integrity": "sha512-7r0Lj0TCFAJC78XQLDm4H9Du34+KzqdfzYKcPuveMLAj9ZFHN68Uo9ODctUJJt5Cro9eJTqscb66PT3cGPYvAA==",
      "license": "ISC"
    }
  }
}
