{
  "name": "@auditlogic/product-readyplayerme-readyplayerme",
  "version": "1.0.0",
  "lockfileVersion": 2,
  "requires": true,
  "packages": {
    "": {
      "name": "@auditlogic/product-readyplayerme-readyplayerme",
      "version": "1.0.0",
      "license": "ISC",
      "dependencies": {
        "@auditlogic/product_category-auditlogic-app_integration": "^1.0.2",
        "@auditlogic/vendor-readyplayerme": "^1.0.0"
      }
    },
    "node_modules/@auditlogic/product_category-auditlogic-app_integration": {
      "version": "1.0.2",
      "resolved": "https://npm.pkg.github.com/download/@auditlogic/product_category-auditlogic-app_integration/1.0.2/8cb1de765b2f506a5836009a9910e51e08790368",
      "integrity": "sha512-v5JCmSpFzlLegj70eWfTcR63mq/d+IwTzqv6vhTZzGMgcNH5ttqYrz2XjT8sD+k5+BDwmT/jeZLhzR3Wbxve8Q==",
      "license": "ISC"
    },
    "node_modules/@auditlogic/vendor-readyplayerme": {
      "version": "1.0.0",
      "resolved": "https://npm.pkg.github.com/download/@auditlogic/vendor-readyplayerme/1.0.0/ec0b8e8723b35fa33476aa3ffa591d2ebdc01b02",
      "integrity": "sha512-/9s0pcJ98i9cibTE/yLyidu7dEL6fY4wNsZMLa0fwX13R83XZyAICKwMKmatlKOlqorsdx5FFyRRwNaPSfgWsw==",
      "license": "ISC"
    }
  },
  "dependencies": {
    "@auditlogic/product_category-auditlogic-app_integration": {
      "version": "1.0.2",
      "resolved": "https://npm.pkg.github.com/download/@auditlogic/product_category-auditlogic-app_integration/1.0.2/8cb1de765b2f506a5836009a9910e51e08790368",
      "integrity": "sha512-v5JCmSpFzlLegj70eWfTcR63mq/d+IwTzqv6vhTZzGMgcNH5ttqYrz2XjT8sD+k5+BDwmT/jeZLhzR3Wbxve8Q=="
    },
    "@auditlogic/vendor-readyplayerme": {
      "version": "1.0.0",
      "resolved": "https://npm.pkg.github.com/download/@auditlogic/vendor-readyplayerme/1.0.0/ec0b8e8723b35fa33476aa3ffa591d2ebdc01b02",
      "integrity": "sha512-/9s0pcJ98i9cibTE/yLyidu7dEL6fY4wNsZMLa0fwX13R83XZyAICKwMKmatlKOlqorsdx5FFyRRwNaPSfgWsw=="
    }
  }
}
