{
  "name": "@zerobias-org/product-telos-xacta",
  "version": "2.0.2",
  "lockfileVersion": 3,
  "requires": true,
  "packages": {
    "": {
      "name": "@zerobias-org/product-telos-xacta",
      "version": "2.0.2",
      "license": "ISC",
      "dependencies": {
        "@zerobias-org/vendor-telos": "*"
      }
    },
    "node_modules/@zerobias-org/vendor-telos": {
      "version": "2.0.1",
      "integrity": "sha512-tkjreSMJRO5+lHNnlWrr/CVTtHdTuDmuaDsk7/B0lS6Bp4eI0Sb1RjZsetRpocPW0Ke0xapUQnwDyBybWL58jw==",
      "license": "ISC"
    }
  }
}
