{
  "name": "@zerobias-org/product-neverfail-nfcc-system",
  "version": "1.1.4",
  "lockfileVersion": 2,
  "requires": true,
  "packages": {
    "": {
      "name": "@zerobias-org/product-neverfail-nfcc-system",
      "version": "1.1.4",
      "license": "ISC",
      "dependencies": {
        "@zerobias-org/suite-neverfail-nfcc": "latest",
        "@zerobias-org/vendor-neverfail": "latest"
      }
    },
    "node_modules/@zerobias-org/suite-neverfail-nfcc": {
      "version": "1.1.3",
      "resolved": "https://pkg.zerobias.org/@zerobias-org/suite-neverfail-nfcc/-/suite-neverfail-nfcc-1.1.3.tgz",
      "integrity": "sha512-89A9Zib2w2YIEXxg4pTxktsqghEx63fAKh6y63QukaVlpWPpRxs/tYcq9h2kTSMpcZRD0VAHp0YpuxfRDy92qw==",
      "dependencies": {
        "@zerobias-org/vendor-neverfail": "latest"
      }
    },
    "node_modules/@zerobias-org/vendor-neverfail": {
      "version": "1.0.8",
      "resolved": "https://pkg.zerobias.org/@zerobias-org/vendor-neverfail/-/vendor-neverfail-1.0.8.tgz",
      "integrity": "sha512-uNFeX4Vy6ADIzmTOMFKaIWL6gXQPvDp/bbnHO9WvFE1IidZsaRaZp2Cff3XYJg32MN2ojz75jipUmuiqr1yi1w=="
    }
  },
  "dependencies": {
    "@zerobias-org/suite-neverfail-nfcc": {
      "version": "1.1.3",
      "resolved": "https://pkg.zerobias.org/@zerobias-org/suite-neverfail-nfcc/-/suite-neverfail-nfcc-1.1.3.tgz",
      "integrity": "sha512-89A9Zib2w2YIEXxg4pTxktsqghEx63fAKh6y63QukaVlpWPpRxs/tYcq9h2kTSMpcZRD0VAHp0YpuxfRDy92qw==",
      "requires": {
        "@zerobias-org/vendor-neverfail": "latest"
      }
    },
    "@zerobias-org/vendor-neverfail": {
      "version": "1.0.8",
      "resolved": "https://pkg.zerobias.org/@zerobias-org/vendor-neverfail/-/vendor-neverfail-1.0.8.tgz",
      "integrity": "sha512-uNFeX4Vy6ADIzmTOMFKaIWL6gXQPvDp/bbnHO9WvFE1IidZsaRaZp2Cff3XYJg32MN2ojz75jipUmuiqr1yi1w=="
    }
  }
}
