{
  "name": "@auditlogic/product-neverfail-nfcc-system",
  "version": "1.1.3",
  "lockfileVersion": 2,
  "requires": true,
  "packages": {
    "": {
      "name": "@auditlogic/product-neverfail-nfcc-system",
      "version": "1.1.3",
      "license": "ISC",
      "dependencies": {
        "@auditlogic/product_category-auditlogic-aiml": "latest",
        "@auditlogic/product_category-auditlogic-analytics": "latest",
        "@auditlogic/product_category-auditlogic-app_integration": "latest",
        "@auditlogic/product_category-auditlogic-ces": "latest",
        "@auditlogic/product_category-auditlogic-data_governence": "latest",
        "@auditlogic/suite-neverfail-nfcc": "^1.0.8",
        "@auditlogic/vendor-neverfail": "^1.0.6"
      }
    },
    "node_modules/@auditlogic/product_category-auditlogic-aiml": {
      "version": "1.0.2",
      "resolved": "https://npm.pkg.github.com/download/@auditlogic/product_category-auditlogic-aiml/1.0.2/3b6bc6caea3225399685442938db9c110ab09ed8",
      "integrity": "sha512-Gn5mxMcgQGxwjC3m+zpKz355HlKbJyabaL1mdkthFUcLE36l682qOQaB2jSmWzKcCUTX6EUVxsn9PQlCKUSbkw==",
      "license": "ISC"
    },
    "node_modules/@auditlogic/product_category-auditlogic-analytics": {
      "version": "1.0.2",
      "resolved": "https://npm.pkg.github.com/download/@auditlogic/product_category-auditlogic-analytics/1.0.2/6db40c7947046a71277fd513f2e759ab5d5a867d",
      "integrity": "sha512-PdJVVuuuV7hn2iXRvGOems0xK/H9bmr8e/Df5TEfSf/H/jkphBANog1ShznKzkq3/+r4Z0Qs5a3h5XEVSR9a+g==",
      "license": "ISC"
    },
    "node_modules/@auditlogic/product_category-auditlogic-app_integration": {
      "version": "1.0.2",
      "resolved": "https://npm.pkg.github.com/download/@auditlogic/product_category-auditlogic-app_integration/1.0.2/8cb1de765b2f506a5836009a9910e51e08790368",
      "integrity": "sha512-v5JCmSpFzlLegj70eWfTcR63mq/d+IwTzqv6vhTZzGMgcNH5ttqYrz2XjT8sD+k5+BDwmT/jeZLhzR3Wbxve8Q==",
      "license": "ISC"
    },
    "node_modules/@auditlogic/product_category-auditlogic-ces": {
      "version": "1.0.2",
      "resolved": "https://npm.pkg.github.com/download/@auditlogic/product_category-auditlogic-ces/1.0.2/498d928ae4a766c9b68e3936e7fd32fc90c10293",
      "integrity": "sha512-2JqFvTAI1B0CAqeBN4uY3tSKXVF+MwJxAwFs7SaDne91O5R1VmJSlEb778xVrg+S6y/XFKaLgUEnljfhhZtBOw==",
      "license": "ISC"
    },
    "node_modules/@auditlogic/product_category-auditlogic-data_governence": {
      "version": "1.0.2",
      "resolved": "https://npm.pkg.github.com/download/@auditlogic/product_category-auditlogic-data_governence/1.0.2/b367ec9965d8dddd387fa10f6a1f51288b8b88b3",
      "integrity": "sha512-61bO7BbG9HJkX0I7j+WwPT+cowQgOSWFgURz2ykD3QrusqsmUaShvqSuO7iXUkJNcfo6fxVliQ03hlxnAipPcw==",
      "license": "ISC"
    },
    "node_modules/@auditlogic/suite-neverfail-nfcc": {
      "version": "1.1.1",
      "resolved": "https://npm.pkg.github.com/download/@auditlogic/suite-neverfail-nfcc/1.1.1/0164aaca226c4330853c718ac399dd4785913d98",
      "integrity": "sha512-gvXcUvWxA9qWwoAmpz+xIhs07Ok17/LmhOKPJwP8aFTaPYgqz4+itE8e/8QQzafqyDGJ5gBtJfGEiJdGPxZKGw==",
      "license": "ISC",
      "dependencies": {
        "@auditlogic/vendor-neverfail": "^1.1.0"
      }
    },
    "node_modules/@auditlogic/vendor-neverfail": {
      "version": "1.1.0",
      "resolved": "https://npm.pkg.github.com/download/@auditlogic/vendor-neverfail/1.1.0/0418321b7e45d1955a90f11d2a571c1025cd56ad",
      "integrity": "sha512-KkcE4bfMFby5lhywGxVR5Bm1+Avl2Q2wKA30nWDzk7R7tOOiJFGNcgiyWJHC2Xz+SZC2ymU7eJBdBzShM6uuvA==",
      "license": "ISC"
    }
  },
  "dependencies": {
    "@auditlogic/product_category-auditlogic-aiml": {
      "version": "1.0.2",
      "resolved": "https://npm.pkg.github.com/download/@auditlogic/product_category-auditlogic-aiml/1.0.2/3b6bc6caea3225399685442938db9c110ab09ed8",
      "integrity": "sha512-Gn5mxMcgQGxwjC3m+zpKz355HlKbJyabaL1mdkthFUcLE36l682qOQaB2jSmWzKcCUTX6EUVxsn9PQlCKUSbkw=="
    },
    "@auditlogic/product_category-auditlogic-analytics": {
      "version": "1.0.2",
      "resolved": "https://npm.pkg.github.com/download/@auditlogic/product_category-auditlogic-analytics/1.0.2/6db40c7947046a71277fd513f2e759ab5d5a867d",
      "integrity": "sha512-PdJVVuuuV7hn2iXRvGOems0xK/H9bmr8e/Df5TEfSf/H/jkphBANog1ShznKzkq3/+r4Z0Qs5a3h5XEVSR9a+g=="
    },
    "@auditlogic/product_category-auditlogic-app_integration": {
      "version": "1.0.2",
      "resolved": "https://npm.pkg.github.com/download/@auditlogic/product_category-auditlogic-app_integration/1.0.2/8cb1de765b2f506a5836009a9910e51e08790368",
      "integrity": "sha512-v5JCmSpFzlLegj70eWfTcR63mq/d+IwTzqv6vhTZzGMgcNH5ttqYrz2XjT8sD+k5+BDwmT/jeZLhzR3Wbxve8Q=="
    },
    "@auditlogic/product_category-auditlogic-ces": {
      "version": "1.0.2",
      "resolved": "https://npm.pkg.github.com/download/@auditlogic/product_category-auditlogic-ces/1.0.2/498d928ae4a766c9b68e3936e7fd32fc90c10293",
      "integrity": "sha512-2JqFvTAI1B0CAqeBN4uY3tSKXVF+MwJxAwFs7SaDne91O5R1VmJSlEb778xVrg+S6y/XFKaLgUEnljfhhZtBOw=="
    },
    "@auditlogic/product_category-auditlogic-data_governence": {
      "version": "1.0.2",
      "resolved": "https://npm.pkg.github.com/download/@auditlogic/product_category-auditlogic-data_governence/1.0.2/b367ec9965d8dddd387fa10f6a1f51288b8b88b3",
      "integrity": "sha512-61bO7BbG9HJkX0I7j+WwPT+cowQgOSWFgURz2ykD3QrusqsmUaShvqSuO7iXUkJNcfo6fxVliQ03hlxnAipPcw=="
    },
    "@auditlogic/suite-neverfail-nfcc": {
      "version": "1.1.1",
      "resolved": "https://npm.pkg.github.com/download/@auditlogic/suite-neverfail-nfcc/1.1.1/0164aaca226c4330853c718ac399dd4785913d98",
      "integrity": "sha512-gvXcUvWxA9qWwoAmpz+xIhs07Ok17/LmhOKPJwP8aFTaPYgqz4+itE8e/8QQzafqyDGJ5gBtJfGEiJdGPxZKGw==",
      "requires": {
        "@auditlogic/vendor-neverfail": "^1.1.0"
      }
    },
    "@auditlogic/vendor-neverfail": {
      "version": "1.1.0",
      "resolved": "https://npm.pkg.github.com/download/@auditlogic/vendor-neverfail/1.1.0/0418321b7e45d1955a90f11d2a571c1025cd56ad",
      "integrity": "sha512-KkcE4bfMFby5lhywGxVR5Bm1+Avl2Q2wKA30nWDzk7R7tOOiJFGNcgiyWJHC2Xz+SZC2ymU7eJBdBzShM6uuvA=="
    }
  }
}
