{
  "name": "@auditlogic/product-miro-miro",
  "version": "0.13.3",
  "lockfileVersion": 2,
  "requires": true,
  "packages": {
    "": {
      "name": "@auditlogic/product-miro-miro",
      "version": "0.13.3",
      "license": "ISC",
      "dependencies": {
        "@auditlogic/product_category-auditlogic-collaboration": "latest",
        "@auditlogic/vendor-miro": "^1.0.0"
      }
    },
    "node_modules/@auditlogic/product_category-auditlogic-collaboration": {
      "version": "1.0.2",
      "resolved": "https://npm.pkg.github.com/download/@auditlogic/product_category-auditlogic-collaboration/1.0.2/07fef5198de3b6463159ec31de8acbfcddda6836",
      "integrity": "sha512-UaH40k7s/4s21xI8dbA1/oj395t9vIVGMebYqHrsVI5dHtaqYfHvAIv9eliVCfUbD9e7FNvcFa+P8+Pi3ccaCg==",
      "license": "ISC"
    },
    "node_modules/@auditlogic/vendor-miro": {
      "version": "1.0.0",
      "resolved": "https://npm.pkg.github.com/download/@auditlogic/vendor-miro/1.0.0/9adbaf55649fcf9d5d6e4f7cec16df1a163b173a",
      "integrity": "sha512-TmIxoFjXtUJKwfdOtmKFP8fl5ZbU2h+Di4YIiope6aYDbBQleDjdrKEXTaudb4MVkZyuDaK6YNUfTzWpQaLFCA==",
      "license": "ISC"
    }
  },
  "dependencies": {
    "@auditlogic/product_category-auditlogic-collaboration": {
      "version": "1.0.2",
      "resolved": "https://npm.pkg.github.com/download/@auditlogic/product_category-auditlogic-collaboration/1.0.2/07fef5198de3b6463159ec31de8acbfcddda6836",
      "integrity": "sha512-UaH40k7s/4s21xI8dbA1/oj395t9vIVGMebYqHrsVI5dHtaqYfHvAIv9eliVCfUbD9e7FNvcFa+P8+Pi3ccaCg=="
    },
    "@auditlogic/vendor-miro": {
      "version": "1.0.0",
      "resolved": "https://npm.pkg.github.com/download/@auditlogic/vendor-miro/1.0.0/9adbaf55649fcf9d5d6e4f7cec16df1a163b173a",
      "integrity": "sha512-TmIxoFjXtUJKwfdOtmKFP8fl5ZbU2h+Di4YIiope6aYDbBQleDjdrKEXTaudb4MVkZyuDaK6YNUfTzWpQaLFCA=="
    }
  }
}
