{
  "name": "@zerobias-org/product-miro-miro",
  "version": "0.13.4",
  "lockfileVersion": 3,
  "requires": true,
  "packages": {
    "": {
      "name": "@zerobias-org/product-miro-miro",
      "version": "0.13.4",
      "license": "ISC",
      "dependencies": {
        "@zerobias-org/vendor-miro": "latest"
      }
    },
    "node_modules/@zerobias-org/vendor-miro": {
      "version": "1.0.2",
      "resolved": "https://pkg.zerobias.org/@zerobias-org/vendor-miro/-/vendor-miro-1.0.2.tgz",
      "integrity": "sha512-Hh4hxCDfSGsG/aJPW68qjLAOAd0NXAewbT91SwbTPie9q6IefcJoICTGaEidi2AXQBEjznz7iGVxoL09GgGP3w==",
      "license": "ISC"
    }
  }
}
