{
  "name": "@zerobias-org/product-hpe-3par",
  "version": "2.0.2",
  "lockfileVersion": 3,
  "requires": true,
  "packages": {
    "": {
      "name": "@zerobias-org/product-hpe-3par",
      "version": "2.0.2",
      "license": "ISC",
      "dependencies": {
        "@zerobias-org/vendor-hpe": "*"
      }
    },
    "node_modules/@zerobias-org/vendor-hpe": {
      "version": "2.0.1",
      "integrity": "sha512-799ZxIqOG9daRXEf4iJJD5AC3o4LCzesl4+dpRlRQEbzPH+35/ps0Tjk5HykwQX66PJcT5a5wpoW4uDpXenZhw==",
      "license": "ISC"
    }
  }
}
