{
  "name": "@auditlogic/product-hpe-3par",
  "version": "1.1.4",
  "lockfileVersion": 3,
  "requires": true,
  "packages": {
    "": {
      "name": "@auditlogic/product-hpe-3par",
      "version": "1.1.4",
      "license": "ISC",
      "dependencies": {
        "@auditlogic/product_category-auditlogic-storage": "latest",
        "@auditlogic/vendor-hpe": "^1.0.7"
      }
    },
    "node_modules/@auditlogic/product_category-auditlogic-storage": {
      "version": "1.0.2",
      "resolved": "https://npm.pkg.github.com/download/@auditlogic/product_category-auditlogic-storage/1.0.2/70bc976481d6bf542ab7be1de16f9d900f541986",
      "integrity": "sha512-dryOZpqISl9BdcCXPM+qCCIO7jc/DehMa097i5T3ocbqkg82wAl7GSgA3V5SqbxtV+KqPjwy8YIa2UsvDh0KJg==",
      "license": "ISC"
    },
    "node_modules/@auditlogic/vendor-hpe": {
      "version": "1.0.7",
      "resolved": "https://npm.pkg.github.com/download/@auditlogic/vendor-hpe/1.0.7/cccc0f6b771120f8ff93d69975a5616c349453e8",
      "integrity": "sha512-n1/wFYUnHWMCpHCcwoEKg9Cvtw78UNXBbORTJlpxdakext7vFYcQsr8E54bBMiqrN/Y9IuitwJdzq/8Qm7M3NQ==",
      "license": "ISC"
    }
  }
}
