{
  "name": "@zerobias-org/product-venminder-venminder",
  "version": "2.0.2",
  "lockfileVersion": 3,
  "requires": true,
  "packages": {
    "": {
      "name": "@zerobias-org/product-venminder-venminder",
      "version": "2.0.2",
      "license": "ISC",
      "dependencies": {
        "@zerobias-org/vendor-venminder": "*"
      }
    },
    "node_modules/@zerobias-org/vendor-venminder": {
      "version": "2.0.1",
      "integrity": "sha512-vO3LaPGMQlzdyjLYmyXOVa9j6tJZRgJqgJfuXyc+43utfnaU8DJd25RzB+Qc+LMvsHEUbLf3lJuSQDO6Atwr8A==",
      "license": "ISC"
    }
  }
}
