{
  "name": "@zerobias-org/product-sophos-firewall",
  "version": "2.0.2",
  "lockfileVersion": 3,
  "requires": true,
  "packages": {
    "": {
      "name": "@zerobias-org/product-sophos-firewall",
      "version": "2.0.2",
      "license": "ISC",
      "dependencies": {
        "@zerobias-org/vendor-sophos": "*"
      }
    },
    "node_modules/@zerobias-org/vendor-sophos": {
      "version": "1.0.1",
      "integrity": "sha512-neUbDmK7qXAyW5c+E2tm/eszpXLW1luAnHR+Y3FBLFlhHgtOXJolvb2aSz8VLdS6Cz4NJo7vkXFEVBF29eERuQ==",
      "license": "ISC"
    }
  }
}
