{
  "name": "@zerobias-org/product-cloudflare-cloudflare",
  "version": "1.1.6",
  "lockfileVersion": 2,
  "requires": true,
  "packages": {
    "": {
      "name": "@zerobias-org/product-cloudflare-cloudflare",
      "version": "1.1.6",
      "license": "ISC",
      "dependencies": {
        "@zerobias-org/vendor-cloudflare": "latest"
      }
    },
    "node_modules/@zerobias-org/vendor-cloudflare": {
      "version": "1.0.9",
      "resolved": "https://pkg.zerobias.org/@zerobias-org/vendor-cloudflare/-/vendor-cloudflare-1.0.9.tgz",
      "integrity": "sha512-yc7FfpXWf70CBaHs0TDyQ9ysipfO+cD4G8HduqGZinx4CRphplQDOqCZ43PaWNRve5pGXk0k78NBBQxTIT0MlQ==",
      "license": "ISC"
    }
  },
  "dependencies": {
    "@zerobias-org/vendor-cloudflare": {
      "version": "1.0.9",
      "resolved": "https://pkg.zerobias.org/@zerobias-org/vendor-cloudflare/-/vendor-cloudflare-1.0.9.tgz",
      "integrity": "sha512-yc7FfpXWf70CBaHs0TDyQ9ysipfO+cD4G8HduqGZinx4CRphplQDOqCZ43PaWNRve5pGXk0k78NBBQxTIT0MlQ=="
    }
  }
}
