{
  "name": "@zerobias-org/product-adp-workforcenowng",
  "version": "2.0.2",
  "lockfileVersion": 3,
  "requires": true,
  "packages": {
    "": {
      "name": "@zerobias-org/product-adp-workforcenowng",
      "version": "2.0.2",
      "license": "ISC",
      "dependencies": {
        "@zerobias-org/vendor-adp": "*"
      }
    },
    "node_modules/@zerobias-org/vendor-adp": {
      "version": "2.0.1",
      "integrity": "sha512-zRjHYu3UGwSiigfeuEMmg5i0V/KT5dLHB2dc7AFvwBoXSrhINutZyFciBeq2G1CuGjprS27UtDtrdY0TzeUgZA==",
      "license": "ISC"
    }
  }
}
