{
  "name": "@zerobias-org/product-auditmation-generic-tls",
  "version": "0.6.1",
  "lockfileVersion": 2,
  "requires": true,
  "packages": {
    "": {
      "name": "@zerobias-org/product-auditmation-generic-tls",
      "version": "0.6.1",
      "license": "ISC",
      "dependencies": {
        "@zerobias-org/suite-auditmation-generic": "latest",
        "@zerobias-org/vendor-auditmation": "latest"
      }
    },
    "node_modules/@zerobias-org/suite-auditmation-generic": {
      "version": "0.2.3",
      "resolved": "https://pkg.zerobias.org/@zerobias-org/suite-auditmation-generic/-/suite-auditmation-generic-0.2.3.tgz",
      "integrity": "sha512-eVJJuY2Ube+WOhj5OHFNZferwCJYETBE6KCdVC4roPoHDRpHSYlMxFUQla5N0Vbee5jFaLyuombBNN2tRYJhkQ==",
      "dependencies": {
        "@zerobias-org/vendor-auditmation": "latest"
      }
    },
    "node_modules/@zerobias-org/vendor-auditmation": {
      "version": "1.0.8",
      "resolved": "https://pkg.zerobias.org/@zerobias-org/vendor-auditmation/-/vendor-auditmation-1.0.8.tgz",
      "integrity": "sha512-k4D+dAIc0t26tac/foAT96Ga3Mjox00xCypQJ9g9FVZftw+Y3CdXRl4o+xpp5vW3sREuICIYenymef+v9JTZ9w=="
    }
  },
  "dependencies": {
    "@zerobias-org/suite-auditmation-generic": {
      "version": "0.2.3",
      "resolved": "https://pkg.zerobias.org/@zerobias-org/suite-auditmation-generic/-/suite-auditmation-generic-0.2.3.tgz",
      "integrity": "sha512-eVJJuY2Ube+WOhj5OHFNZferwCJYETBE6KCdVC4roPoHDRpHSYlMxFUQla5N0Vbee5jFaLyuombBNN2tRYJhkQ==",
      "requires": {
        "@zerobias-org/vendor-auditmation": "latest"
      }
    },
    "@zerobias-org/vendor-auditmation": {
      "version": "1.0.8",
      "resolved": "https://pkg.zerobias.org/@zerobias-org/vendor-auditmation/-/vendor-auditmation-1.0.8.tgz",
      "integrity": "sha512-k4D+dAIc0t26tac/foAT96Ga3Mjox00xCypQJ9g9FVZftw+Y3CdXRl4o+xpp5vW3sREuICIYenymef+v9JTZ9w=="
    }
  }
}
