{
  "name": "@zerobias-org/product-w3geekery-smemart",
  "version": "2.0.0",
  "lockfileVersion": 3,
  "requires": true,
  "packages": {
    "": {
      "name": "@zerobias-org/product-w3geekery-smemart",
      "version": "2.0.0",
      "license": "ISC",
      "dependencies": {
        "@zerobias-org/vendor-w3geekery": "*"
      }
    },
    "node_modules/@zerobias-org/vendor-w3geekery": {
      "version": "2.0.1",
      "integrity": "sha512-nNEP4ez31xMGUSlfx6E3wDhgIXGdsYXSvSt8FC/dadC4xCLhMAZEfGwSfowQhagXFGHm69t0IM3pyAjxrrJ8ow==",
      "license": "ISC"
    }
  }
}
