{
  "name": "@auditlogic/product-amazon-aws-comprehend",
  "version": "1.1.3",
  "lockfileVersion": 2,
  "requires": true,
  "packages": {
    "": {
      "name": "@auditlogic/product-amazon-aws-comprehend",
      "version": "1.1.3",
      "license": "ISC",
      "dependencies": {
        "@auditlogic/product_category-auditlogic-aiml": "latest",
        "@auditlogic/suite-amazon-aws": "^1.0.9",
        "@auditlogic/vendor-amazon": "^1.0.6"
      }
    },
    "node_modules/@auditlogic/product_category-auditlogic-aiml": {
      "version": "1.0.2",
      "resolved": "https://npm.pkg.github.com/download/@auditlogic/product_category-auditlogic-aiml/1.0.2/3b6bc6caea3225399685442938db9c110ab09ed8",
      "integrity": "sha512-Gn5mxMcgQGxwjC3m+zpKz355HlKbJyabaL1mdkthFUcLE36l682qOQaB2jSmWzKcCUTX6EUVxsn9PQlCKUSbkw==",
      "license": "ISC"
    },
    "node_modules/@auditlogic/suite-amazon-aws": {
      "version": "1.0.10",
      "resolved": "https://npm.pkg.github.com/download/@auditlogic/suite-amazon-aws/1.0.10/91ceb367766e410666100ad36b8f79b634597628",
      "integrity": "sha512-vp+dNIcV1lhlirydu/b2iQtC5T9UMgaZM/Ao290e4UEhTUjXRWAXhzpxnXb4dG/+4ZyyixU0IlE5mqh4IPxgXQ==",
      "license": "ISC",
      "dependencies": {
        "@auditlogic/vendor-amazon": "^1.0.7"
      }
    },
    "node_modules/@auditlogic/vendor-amazon": {
      "version": "1.0.7",
      "resolved": "https://npm.pkg.github.com/download/@auditlogic/vendor-amazon/1.0.7/4bfdec2b99b1170338fdcb397be32cfa186eaa92",
      "integrity": "sha512-Eg2P5YmkzTzfCOCmWoWVWVWek4gl2Psa3voIFj0+7YG12YrwkiZQlW94p9kiysmweeY6N6FXngOEzP21+91y4A==",
      "license": "ISC"
    }
  },
  "dependencies": {
    "@auditlogic/product_category-auditlogic-aiml": {
      "version": "1.0.2",
      "resolved": "https://npm.pkg.github.com/download/@auditlogic/product_category-auditlogic-aiml/1.0.2/3b6bc6caea3225399685442938db9c110ab09ed8",
      "integrity": "sha512-Gn5mxMcgQGxwjC3m+zpKz355HlKbJyabaL1mdkthFUcLE36l682qOQaB2jSmWzKcCUTX6EUVxsn9PQlCKUSbkw=="
    },
    "@auditlogic/suite-amazon-aws": {
      "version": "1.0.10",
      "resolved": "https://npm.pkg.github.com/download/@auditlogic/suite-amazon-aws/1.0.10/91ceb367766e410666100ad36b8f79b634597628",
      "integrity": "sha512-vp+dNIcV1lhlirydu/b2iQtC5T9UMgaZM/Ao290e4UEhTUjXRWAXhzpxnXb4dG/+4ZyyixU0IlE5mqh4IPxgXQ==",
      "requires": {
        "@auditlogic/vendor-amazon": "^1.0.7"
      }
    },
    "@auditlogic/vendor-amazon": {
      "version": "1.0.7",
      "resolved": "https://npm.pkg.github.com/download/@auditlogic/vendor-amazon/1.0.7/4bfdec2b99b1170338fdcb397be32cfa186eaa92",
      "integrity": "sha512-Eg2P5YmkzTzfCOCmWoWVWVWek4gl2Psa3voIFj0+7YG12YrwkiZQlW94p9kiysmweeY6N6FXngOEzP21+91y4A=="
    }
  }
}
