{
  "name": "@auditlogic/product-microsoft-azure-sqldatabase",
  "version": "1.1.4",
  "lockfileVersion": 2,
  "requires": true,
  "packages": {
    "": {
      "name": "@auditlogic/product-microsoft-azure-sqldatabase",
      "version": "1.1.4",
      "license": "ISC",
      "dependencies": {
        "@auditlogic/product_category-auditlogic-database": "latest",
        "@auditlogic/suite-microsoft-azure": "^1.0.8",
        "@auditlogic/vendor-microsoft": "^1.0.6"
      }
    },
    "node_modules/@auditlogic/product_category-auditlogic-database": {
      "version": "1.0.2",
      "resolved": "https://npm.pkg.github.com/download/@auditlogic/product_category-auditlogic-database/1.0.2/11a9e449ae6437b7ff8335b84037c8667ad628ee",
      "integrity": "sha512-Eu/n4nl1y5cZQQ32CPM7MOrtBJ6GHMU9UMdxgrvJie7LVKWcNq49c0Zq/iPsyKzrQ5mogVldIb5NbrZ9xWIacw==",
      "license": "ISC"
    },
    "node_modules/@auditlogic/suite-microsoft-azure": {
      "version": "1.0.9",
      "resolved": "https://npm.pkg.github.com/download/@auditlogic/suite-microsoft-azure/1.0.9/96914c40b36890a968eee2830dbc895d6a34c1af",
      "integrity": "sha512-xO03A+VQGGQTbLUsLZtHwQFceZphb9tCBvUWFfOTUwKcXsJnZ/7nUVM08LYWL0xl/t0gwaFMXPr3fHaOAqXcaA==",
      "license": "ISC",
      "dependencies": {
        "@auditlogic/vendor-microsoft": "^1.0.7"
      }
    },
    "node_modules/@auditlogic/vendor-microsoft": {
      "version": "1.0.7",
      "resolved": "https://npm.pkg.github.com/download/@auditlogic/vendor-microsoft/1.0.7/ca5124c51b5ae4150cceb39c279336f5956cb519",
      "integrity": "sha512-70MEjzch8MQ8owg6x3GXzMWxcF49+NKxjvlG5jZYw4DdSC3AamHvsvwZxoaqnHidH716ZpiV+gYVHHfspQsDVA==",
      "license": "ISC"
    }
  },
  "dependencies": {
    "@auditlogic/product_category-auditlogic-database": {
      "version": "1.0.2",
      "resolved": "https://npm.pkg.github.com/download/@auditlogic/product_category-auditlogic-database/1.0.2/11a9e449ae6437b7ff8335b84037c8667ad628ee",
      "integrity": "sha512-Eu/n4nl1y5cZQQ32CPM7MOrtBJ6GHMU9UMdxgrvJie7LVKWcNq49c0Zq/iPsyKzrQ5mogVldIb5NbrZ9xWIacw=="
    },
    "@auditlogic/suite-microsoft-azure": {
      "version": "1.0.9",
      "resolved": "https://npm.pkg.github.com/download/@auditlogic/suite-microsoft-azure/1.0.9/96914c40b36890a968eee2830dbc895d6a34c1af",
      "integrity": "sha512-xO03A+VQGGQTbLUsLZtHwQFceZphb9tCBvUWFfOTUwKcXsJnZ/7nUVM08LYWL0xl/t0gwaFMXPr3fHaOAqXcaA==",
      "requires": {
        "@auditlogic/vendor-microsoft": "^1.0.7"
      }
    },
    "@auditlogic/vendor-microsoft": {
      "version": "1.0.7",
      "resolved": "https://npm.pkg.github.com/download/@auditlogic/vendor-microsoft/1.0.7/ca5124c51b5ae4150cceb39c279336f5956cb519",
      "integrity": "sha512-70MEjzch8MQ8owg6x3GXzMWxcF49+NKxjvlG5jZYw4DdSC3AamHvsvwZxoaqnHidH716ZpiV+gYVHHfspQsDVA=="
    }
  }
}
