{
  "name": "@zerobias-org/product-kubernetes-kubernetes",
  "version": "2.0.2",
  "lockfileVersion": 3,
  "requires": true,
  "packages": {
    "": {
      "name": "@zerobias-org/product-kubernetes-kubernetes",
      "version": "2.0.2",
      "license": "ISC",
      "dependencies": {
        "@zerobias-org/vendor-kubernetes": "*"
      }
    },
    "node_modules/@zerobias-org/vendor-kubernetes": {
      "version": "2.0.1",
      "integrity": "sha512-Bl47ovsKt1XzZWaZhuxFIWv3SSSa1ESuaKfCokWufYAsNjfAqvTq81BAj/r9N5SzDWlWhuRZ9GGxvOKTShD8Eg==",
      "license": "ISC"
    }
  }
}
