{
  "name": "@zerobias-org/product-kubernetes-kubernetes",
  "version": "1.2.7",
  "lockfileVersion": 3,
  "requires": true,
  "packages": {
    "": {
      "name": "@zerobias-org/product-kubernetes-kubernetes",
      "version": "1.2.7",
      "license": "ISC",
      "dependencies": {
        "@zerobias-org/vendor-kubernetes": "latest"
      }
    },
    "node_modules/@zerobias-org/vendor-kubernetes": {
      "version": "1.0.9",
      "resolved": "https://pkg.zerobias.org/@zerobias-org/vendor-kubernetes/-/vendor-kubernetes-1.0.9.tgz",
      "integrity": "sha512-OJIJihFZGD7+h46Ni9+bgADjfEszO34Yekob8dL76wRykUuvraKXT0H3rCXLIE/qwCXRyjgRjcNU2zrI5AZKhw==",
      "license": "ISC"
    }
  }
}
