{
  "name": "@zerobias-org/product-kubernetes-kubernetes",
  "version": "1.2.7",
  "lockfileVersion": 2,
  "requires": true,
  "packages": {
    "": {
      "name": "@zerobias-org/product-kubernetes-kubernetes",
      "version": "1.2.7",
      "license": "ISC",
      "dependencies": {
        "@zerobias-org/vendor-kubernetes": "latest"
      }
    },
    "node_modules/@zerobias-org/vendor-kubernetes": {
      "version": "1.0.8",
      "resolved": "https://pkg.zerobias.org/@zerobias-org/vendor-kubernetes/-/vendor-kubernetes-1.0.8.tgz",
      "integrity": "sha512-+qVcOM0tDVlkZLlQ+lDQgCanUm/3ZsVCAaOkH/4vMq161S3ItgjkrPiilT/P1Z0k2T2ilI4P7yFNoubkAUXkVQ=="
    }
  },
  "dependencies": {
    "@zerobias-org/vendor-kubernetes": {
      "version": "1.0.8",
      "resolved": "https://pkg.zerobias.org/@zerobias-org/vendor-kubernetes/-/vendor-kubernetes-1.0.8.tgz",
      "integrity": "sha512-+qVcOM0tDVlkZLlQ+lDQgCanUm/3ZsVCAaOkH/4vMq161S3ItgjkrPiilT/P1Z0k2T2ilI4P7yFNoubkAUXkVQ=="
    }
  }
}
