{
  "name": "@auditlogic/product-nable-ncentral",
  "version": "0.4.3",
  "lockfileVersion": 2,
  "requires": true,
  "packages": {
    "": {
      "name": "@auditlogic/product-nable-ncentral",
      "version": "0.4.3",
      "license": "ISC",
      "dependencies": {
        "@auditlogic/product_category-auditlogic-business_apps": "latest",
        "@auditlogic/vendor-nable": "^0.2.0"
      }
    },
    "node_modules/@auditlogic/product_category-auditlogic-business_apps": {
      "version": "1.0.2",
      "resolved": "https://npm.pkg.github.com/download/@auditlogic/product_category-auditlogic-business_apps/1.0.2/f4002981cb6c9f7bf96457229e47a2db8655ca9e",
      "integrity": "sha512-IFyVXpgwTCFgYJP8WqTlhrW92nMUlRXDIQfUwDd16AYqtsm4PSPll1fLuB0brlVknrRTOxOhWp+XKBLc4/JYNQ==",
      "license": "ISC"
    },
    "node_modules/@auditlogic/vendor-nable": {
      "version": "0.2.1",
      "resolved": "https://npm.pkg.github.com/download/@auditlogic/vendor-nable/0.2.1/638ec9a1266006380c07ef6c2e04e6e99f08e4d4",
      "integrity": "sha512-YuvfEpDSeaSH5WAIF+ABAwFA63B7qf6D8EdxzPxzVKSNXsMlsGuOky6KvnrVDbdc24eynVLW7WmF58bEa/964w==",
      "license": "ISC"
    }
  },
  "dependencies": {
    "@auditlogic/product_category-auditlogic-business_apps": {
      "version": "1.0.2",
      "resolved": "https://npm.pkg.github.com/download/@auditlogic/product_category-auditlogic-business_apps/1.0.2/f4002981cb6c9f7bf96457229e47a2db8655ca9e",
      "integrity": "sha512-IFyVXpgwTCFgYJP8WqTlhrW92nMUlRXDIQfUwDd16AYqtsm4PSPll1fLuB0brlVknrRTOxOhWp+XKBLc4/JYNQ=="
    },
    "@auditlogic/vendor-nable": {
      "version": "0.2.1",
      "resolved": "https://npm.pkg.github.com/download/@auditlogic/vendor-nable/0.2.1/638ec9a1266006380c07ef6c2e04e6e99f08e4d4",
      "integrity": "sha512-YuvfEpDSeaSH5WAIF+ABAwFA63B7qf6D8EdxzPxzVKSNXsMlsGuOky6KvnrVDbdc24eynVLW7WmF58bEa/964w=="
    }
  }
}
