{
  "name": "@zerobias-org/product-nable-ncentral",
  "version": "2.0.2",
  "lockfileVersion": 3,
  "requires": true,
  "packages": {
    "": {
      "name": "@zerobias-org/product-nable-ncentral",
      "version": "2.0.2",
      "license": "ISC",
      "dependencies": {
        "@zerobias-org/vendor-nable": "*"
      }
    },
    "node_modules/@zerobias-org/vendor-nable": {
      "version": "1.0.1",
      "integrity": "sha512-dwdQV0/eEqMJHtAMPBRap8RemTbhhsv87iZizwyPhE2C2czYml1KStomdb2KiT6ft7wwwJHK1qBgHcoG02V+UQ==",
      "license": "ISC"
    }
  }
}
