{
  "name": "@zerobias-org/product-workday-hcm",
  "version": "1.2.4",
  "lockfileVersion": 2,
  "requires": true,
  "packages": {
    "": {
      "name": "@zerobias-org/product-workday-hcm",
      "version": "1.2.4",
      "license": "ISC",
      "dependencies": {
        "@zerobias-org/vendor-workday": "latest"
      }
    },
    "node_modules/@zerobias-org/vendor-workday": {
      "version": "1.0.8",
      "resolved": "https://pkg.zerobias.org/@zerobias-org/vendor-workday/-/vendor-workday-1.0.8.tgz",
      "integrity": "sha512-CJukUXut35atIEtJQR/e4U1EpV0AMKMlP0qFVXW7/rNr7gjAaEythFVXokM2BJKcuq3GHPT5PbL9ibLpjZfVPA=="
    }
  },
  "dependencies": {
    "@zerobias-org/vendor-workday": {
      "version": "1.0.8",
      "resolved": "https://pkg.zerobias.org/@zerobias-org/vendor-workday/-/vendor-workday-1.0.8.tgz",
      "integrity": "sha512-CJukUXut35atIEtJQR/e4U1EpV0AMKMlP0qFVXW7/rNr7gjAaEythFVXokM2BJKcuq3GHPT5PbL9ibLpjZfVPA=="
    }
  }
}
