{
  "name": "@auditlogic/product-cve-cve",
  "version": "0.5.4",
  "lockfileVersion": 3,
  "requires": true,
  "packages": {
    "": {
      "name": "@auditlogic/product-cve-cve",
      "version": "0.5.4",
      "license": "ISC",
      "dependencies": {
        "@auditlogic/product_category-auditlogic-ref": "latest",
        "@auditlogic/vendor-cve": "^0.2.1"
      }
    },
    "node_modules/@auditlogic/product_category-auditlogic-ref": {
      "version": "1.0.2",
      "resolved": "https://npm.pkg.github.com/download/@auditlogic/product_category-auditlogic-ref/1.0.2/3a4d8c57ccba99c85dcb9121ffa629d4977d5eb9",
      "integrity": "sha512-73iUmWprnG/tVculPZEWIQyKVA6rFQPxBKcuzhdI5B44zNGcsSPCoEszbCeEBvewF9JHKqHb8uiehw5IrAciww==",
      "license": "ISC"
    },
    "node_modules/@auditlogic/vendor-cve": {
      "version": "0.2.1",
      "resolved": "https://npm.pkg.github.com/download/@auditlogic/vendor-cve/0.2.1/d203bc1d8d5fa75d39c2b0f89294e18f4928641a",
      "integrity": "sha512-FPDvFn5foHSk9Gb2nWHUNQbJNKyzbNKXy4QGs+SUa0+k0NbxSVFwcEhyYHaHPD3yTtDkkWw3yr5WqZUGGJDGTg==",
      "license": "ISC"
    }
  }
}
