{
  "name": "@zerobias-org/product-reciprocity-zengrc",
  "version": "2.0.2",
  "lockfileVersion": 3,
  "requires": true,
  "packages": {
    "": {
      "name": "@zerobias-org/product-reciprocity-zengrc",
      "version": "2.0.2",
      "license": "ISC",
      "dependencies": {
        "@zerobias-org/vendor-reciprocity": "*"
      }
    },
    "node_modules/@zerobias-org/vendor-reciprocity": {
      "version": "2.0.1",
      "integrity": "sha512-rSb7cK2/vpODsOPXGoQ3RSoifmIrHPrby4kjIPCjgFE+gSJC2DUCGiKl49vYXTdKwVKRQZddzRmrENGJnYDJPQ==",
      "license": "ISC"
    }
  }
}
