{
  "name": "@auditlogic/product-justworks-justworks",
  "version": "1.1.3",
  "lockfileVersion": 2,
  "requires": true,
  "packages": {
    "": {
      "name": "@auditlogic/product-justworks-justworks",
      "version": "1.1.3",
      "license": "ISC",
      "dependencies": {
        "@auditlogic/product_category-auditlogic-crm": "latest",
        "@auditlogic/product_category-auditlogic-hcm": "latest",
        "@auditlogic/vendor-justworks": "^1.0.6"
      }
    },
    "node_modules/@auditlogic/product_category-auditlogic-crm": {
      "version": "1.0.2",
      "resolved": "https://npm.pkg.github.com/download/@auditlogic/product_category-auditlogic-crm/1.0.2/e59729fb824febedf49031ea0f8bf810aefefc5c",
      "integrity": "sha512-E3+mkTs7dMUT58Z7K4ME2RMEnTDzIgM9Wepsj2J3a9bWRDX9t8472HB7id1A1mWZZf5nqY2imtuvf5bTP5lWtQ==",
      "license": "ISC"
    },
    "node_modules/@auditlogic/product_category-auditlogic-hcm": {
      "version": "1.0.2",
      "resolved": "https://npm.pkg.github.com/download/@auditlogic/product_category-auditlogic-hcm/1.0.2/070b17e35ef367b05f0ca71b085a3dadbf0e3958",
      "integrity": "sha512-4OmA6O0M5+FHQT6pjIpZlLLKoN52K95tXDxvxloy208W3OkdusOuctXu6Aa482sw+0yzLAYLzvkFqnqYrQmPjA==",
      "license": "ISC"
    },
    "node_modules/@auditlogic/vendor-justworks": {
      "version": "1.0.6",
      "resolved": "https://npm.pkg.github.com/download/@auditlogic/vendor-justworks/1.0.6/1e1ca0bfa777231dd6826c8d440681732c9bdcbf",
      "integrity": "sha512-xmsqGosqGxGuGwsc+5HKWEr0MfYPvVkGfjVVMAQOixwt3zTQP7jEMhzmS+ycX5Eccpwp/JASXKEnrPOdNENBKQ==",
      "license": "ISC"
    }
  },
  "dependencies": {
    "@auditlogic/product_category-auditlogic-crm": {
      "version": "1.0.2",
      "resolved": "https://npm.pkg.github.com/download/@auditlogic/product_category-auditlogic-crm/1.0.2/e59729fb824febedf49031ea0f8bf810aefefc5c",
      "integrity": "sha512-E3+mkTs7dMUT58Z7K4ME2RMEnTDzIgM9Wepsj2J3a9bWRDX9t8472HB7id1A1mWZZf5nqY2imtuvf5bTP5lWtQ=="
    },
    "@auditlogic/product_category-auditlogic-hcm": {
      "version": "1.0.2",
      "resolved": "https://npm.pkg.github.com/download/@auditlogic/product_category-auditlogic-hcm/1.0.2/070b17e35ef367b05f0ca71b085a3dadbf0e3958",
      "integrity": "sha512-4OmA6O0M5+FHQT6pjIpZlLLKoN52K95tXDxvxloy208W3OkdusOuctXu6Aa482sw+0yzLAYLzvkFqnqYrQmPjA=="
    },
    "@auditlogic/vendor-justworks": {
      "version": "1.0.6",
      "resolved": "https://npm.pkg.github.com/download/@auditlogic/vendor-justworks/1.0.6/1e1ca0bfa777231dd6826c8d440681732c9bdcbf",
      "integrity": "sha512-xmsqGosqGxGuGwsc+5HKWEr0MfYPvVkGfjVVMAQOixwt3zTQP7jEMhzmS+ycX5Eccpwp/JASXKEnrPOdNENBKQ=="
    }
  }
}
