{
  "name": "@zerobias-org/product-smartsheet-smartsheet",
  "version": "2.0.2",
  "lockfileVersion": 3,
  "requires": true,
  "packages": {
    "": {
      "name": "@zerobias-org/product-smartsheet-smartsheet",
      "version": "2.0.2",
      "license": "ISC",
      "dependencies": {
        "@zerobias-org/vendor-smartsheet": "*"
      }
    },
    "node_modules/@zerobias-org/vendor-smartsheet": {
      "version": "2.0.1",
      "integrity": "sha512-rJMoOW3YRuW67bg34GNjeeoyLq22pcYId9zQKOu4AQdxjbElx/0KfyiwIJgDZg6+h+zj6UuLcYFBeW3gRFD16Q==",
      "license": "ISC"
    }
  }
}
