{
  "name": "@zerobias-org/product-smartsheet-smartsheet",
  "version": "1.1.6",
  "lockfileVersion": 3,
  "requires": true,
  "packages": {
    "": {
      "name": "@zerobias-org/product-smartsheet-smartsheet",
      "version": "1.1.6",
      "license": "ISC",
      "dependencies": {
        "@zerobias-org/vendor-smartsheet": "latest"
      }
    },
    "node_modules/@zerobias-org/vendor-smartsheet": {
      "version": "1.0.8",
      "resolved": "https://pkg.zerobias.org/@zerobias-org/vendor-smartsheet/-/vendor-smartsheet-1.0.8.tgz",
      "integrity": "sha512-KUg7dbQ4g2j+UjrK1kegKcBYjIYMUuV3schUUU9r9nPJlKqTqlFpXd3NSqg8oVo8mFUsopKqamAj5c4ojNuGwA==",
      "license": "ISC"
    }
  }
}
