{
  "name": "@zerobias-org/product-zendesk-ticketing",
  "version": "2.0.2",
  "lockfileVersion": 3,
  "requires": true,
  "packages": {
    "": {
      "name": "@zerobias-org/product-zendesk-ticketing",
      "version": "2.0.2",
      "license": "ISC",
      "dependencies": {
        "@zerobias-org/vendor-zendesk": "*"
      }
    },
    "node_modules/@zerobias-org/vendor-zendesk": {
      "version": "2.0.1",
      "integrity": "sha512-LMvWucQJrmwoeYl0PtyN0HLb0YfXB/VRAfBtnzcNdgjohWSxn5gBrdIg5M83CBE5iCoJDsaCWVNtTnzPfq8elA==",
      "license": "ISC"
    }
  }
}
