{
  "name": "@auditlogic/product-twilio-sendgrid",
  "version": "1.1.4",
  "lockfileVersion": 2,
  "requires": true,
  "packages": {
    "": {
      "name": "@auditlogic/product-twilio-sendgrid",
      "version": "1.1.4",
      "license": "ISC",
      "dependencies": {
        "@auditlogic/product_category-auditlogic-email": "latest",
        "@auditlogic/product_category-auditlogic-migration_transfer": "latest",
        "@auditlogic/vendor-twilio": "^1.0.6"
      }
    },
    "node_modules/@auditlogic/product_category-auditlogic-email": {
      "version": "1.0.2",
      "resolved": "https://npm.pkg.github.com/download/@auditlogic/product_category-auditlogic-email/1.0.2/2b007a09df8dbdc870014f5bb01817be0b0b5af4",
      "integrity": "sha512-vilu0QVz9RZF0oWn5pZIW4Od9g49JJzq93wBe4vELZZsVxi9x8uu0PNiWYAZo4MmKgUtzxSI8oKTEZZlVF9dJQ==",
      "license": "ISC"
    },
    "node_modules/@auditlogic/product_category-auditlogic-migration_transfer": {
      "version": "1.0.2",
      "resolved": "https://npm.pkg.github.com/download/@auditlogic/product_category-auditlogic-migration_transfer/1.0.2/d970f4d3b5008ce34a150a6467c4973ea40fc1bd",
      "integrity": "sha512-53IxgvDlQelXTmbH45JezAJTnPMWZP8SMiVYULZ5NQVtjzQbkZOHKgxhb+bMQA15tu4NtDf74nnXvPfogQXSLg==",
      "license": "ISC"
    },
    "node_modules/@auditlogic/vendor-twilio": {
      "version": "1.0.7",
      "resolved": "https://npm.pkg.github.com/download/@auditlogic/vendor-twilio/1.0.7/ac75088e22f11c1e7ec928d4ee1589351c7b5848",
      "integrity": "sha512-81lPA49A/M8rryleE8KpnkycsRMC2t8kAIaJzmQKDaEQjJLyJXASgGte6NXkm6cHHB8bhvoevwlrcEtx2eKEfw==",
      "license": "ISC"
    }
  },
  "dependencies": {
    "@auditlogic/product_category-auditlogic-email": {
      "version": "1.0.2",
      "resolved": "https://npm.pkg.github.com/download/@auditlogic/product_category-auditlogic-email/1.0.2/2b007a09df8dbdc870014f5bb01817be0b0b5af4",
      "integrity": "sha512-vilu0QVz9RZF0oWn5pZIW4Od9g49JJzq93wBe4vELZZsVxi9x8uu0PNiWYAZo4MmKgUtzxSI8oKTEZZlVF9dJQ=="
    },
    "@auditlogic/product_category-auditlogic-migration_transfer": {
      "version": "1.0.2",
      "resolved": "https://npm.pkg.github.com/download/@auditlogic/product_category-auditlogic-migration_transfer/1.0.2/d970f4d3b5008ce34a150a6467c4973ea40fc1bd",
      "integrity": "sha512-53IxgvDlQelXTmbH45JezAJTnPMWZP8SMiVYULZ5NQVtjzQbkZOHKgxhb+bMQA15tu4NtDf74nnXvPfogQXSLg=="
    },
    "@auditlogic/vendor-twilio": {
      "version": "1.0.7",
      "resolved": "https://npm.pkg.github.com/download/@auditlogic/vendor-twilio/1.0.7/ac75088e22f11c1e7ec928d4ee1589351c7b5848",
      "integrity": "sha512-81lPA49A/M8rryleE8KpnkycsRMC2t8kAIaJzmQKDaEQjJLyJXASgGte6NXkm6cHHB8bhvoevwlrcEtx2eKEfw=="
    }
  }
}
