{
  "name": "@zerobias-org/product-vmware-cloud-vsphere",
  "version": "2.0.2",
  "lockfileVersion": 3,
  "requires": true,
  "packages": {
    "": {
      "name": "@zerobias-org/product-vmware-cloud-vsphere",
      "version": "2.0.2",
      "license": "ISC",
      "dependencies": {
        "@zerobias-org/suite-vmware-cloud": "*"
      }
    },
    "node_modules/@zerobias-org/suite-vmware-cloud": {
      "version": "2.0.1",
      "integrity": "sha512-g/jKLVI0kEWy7Gh9ms3GHJgQfkZb32ufYFIad0zokNH2WQK2qE5/OFIOjroIaVaYks+M8mDoY/5MTlf0xiMaBg==",
      "license": "ISC",
      "dependencies": {
        "@zerobias-org/vendor-vmware": "*"
      }
    },
    "node_modules/@zerobias-org/vendor-vmware": {
      "version": "2.0.1",
      "integrity": "sha512-EJlHAv0Y10RSsXCJGWXzrEwU+1aRFoG2vh+8//mmoLTT+dOT7iri2Is24xD2HloTJ+I30CBB//OT0vXp1GcnGQ==",
      "license": "ISC"
    }
  }
}
