{
  "name": "@auditlogic/product-amazon-aws-sns",
  "version": "1.1.3",
  "lockfileVersion": 2,
  "requires": true,
  "packages": {
    "": {
      "name": "@auditlogic/product-amazon-aws-sns",
      "version": "1.1.3",
      "license": "ISC",
      "dependencies": {
        "@auditlogic/product_category-auditlogic-app_integration": "latest",
        "@auditlogic/product_category-auditlogic-mobile": "latest",
        "@auditlogic/suite-amazon-aws": "^1.0.9",
        "@auditlogic/vendor-amazon": "^1.0.6"
      }
    },
    "node_modules/@auditlogic/product_category-auditlogic-app_integration": {
      "version": "1.0.2",
      "resolved": "https://npm.pkg.github.com/download/@auditlogic/product_category-auditlogic-app_integration/1.0.2/8cb1de765b2f506a5836009a9910e51e08790368",
      "integrity": "sha512-v5JCmSpFzlLegj70eWfTcR63mq/d+IwTzqv6vhTZzGMgcNH5ttqYrz2XjT8sD+k5+BDwmT/jeZLhzR3Wbxve8Q==",
      "license": "ISC"
    },
    "node_modules/@auditlogic/product_category-auditlogic-mobile": {
      "version": "1.0.2",
      "resolved": "https://npm.pkg.github.com/download/@auditlogic/product_category-auditlogic-mobile/1.0.2/f80b71f1a65cb97de82513d15358c80a4b68d4f3",
      "integrity": "sha512-CGy1gwjQ3X99rJ1PZ6U6WW5tjeVG4YOkv3QRm+hOdK8E+afC70VUWMq2l2a3jjgFjIdzWma64OTKOyOGMeX3Vw==",
      "license": "ISC"
    },
    "node_modules/@auditlogic/suite-amazon-aws": {
      "version": "1.0.10",
      "resolved": "https://npm.pkg.github.com/download/@auditlogic/suite-amazon-aws/1.0.10/91ceb367766e410666100ad36b8f79b634597628",
      "integrity": "sha512-vp+dNIcV1lhlirydu/b2iQtC5T9UMgaZM/Ao290e4UEhTUjXRWAXhzpxnXb4dG/+4ZyyixU0IlE5mqh4IPxgXQ==",
      "license": "ISC",
      "dependencies": {
        "@auditlogic/vendor-amazon": "^1.0.7"
      }
    },
    "node_modules/@auditlogic/vendor-amazon": {
      "version": "1.0.7",
      "resolved": "https://npm.pkg.github.com/download/@auditlogic/vendor-amazon/1.0.7/4bfdec2b99b1170338fdcb397be32cfa186eaa92",
      "integrity": "sha512-Eg2P5YmkzTzfCOCmWoWVWVWek4gl2Psa3voIFj0+7YG12YrwkiZQlW94p9kiysmweeY6N6FXngOEzP21+91y4A==",
      "license": "ISC"
    }
  },
  "dependencies": {
    "@auditlogic/product_category-auditlogic-app_integration": {
      "version": "1.0.2",
      "resolved": "https://npm.pkg.github.com/download/@auditlogic/product_category-auditlogic-app_integration/1.0.2/8cb1de765b2f506a5836009a9910e51e08790368",
      "integrity": "sha512-v5JCmSpFzlLegj70eWfTcR63mq/d+IwTzqv6vhTZzGMgcNH5ttqYrz2XjT8sD+k5+BDwmT/jeZLhzR3Wbxve8Q=="
    },
    "@auditlogic/product_category-auditlogic-mobile": {
      "version": "1.0.2",
      "resolved": "https://npm.pkg.github.com/download/@auditlogic/product_category-auditlogic-mobile/1.0.2/f80b71f1a65cb97de82513d15358c80a4b68d4f3",
      "integrity": "sha512-CGy1gwjQ3X99rJ1PZ6U6WW5tjeVG4YOkv3QRm+hOdK8E+afC70VUWMq2l2a3jjgFjIdzWma64OTKOyOGMeX3Vw=="
    },
    "@auditlogic/suite-amazon-aws": {
      "version": "1.0.10",
      "resolved": "https://npm.pkg.github.com/download/@auditlogic/suite-amazon-aws/1.0.10/91ceb367766e410666100ad36b8f79b634597628",
      "integrity": "sha512-vp+dNIcV1lhlirydu/b2iQtC5T9UMgaZM/Ao290e4UEhTUjXRWAXhzpxnXb4dG/+4ZyyixU0IlE5mqh4IPxgXQ==",
      "requires": {
        "@auditlogic/vendor-amazon": "^1.0.7"
      }
    },
    "@auditlogic/vendor-amazon": {
      "version": "1.0.7",
      "resolved": "https://npm.pkg.github.com/download/@auditlogic/vendor-amazon/1.0.7/4bfdec2b99b1170338fdcb397be32cfa186eaa92",
      "integrity": "sha512-Eg2P5YmkzTzfCOCmWoWVWVWek4gl2Psa3voIFj0+7YG12YrwkiZQlW94p9kiysmweeY6N6FXngOEzP21+91y4A=="
    }
  }
}
