{
  "name": "@auditlogic/product-nist-nvd",
  "version": "1.1.4",
  "lockfileVersion": 2,
  "requires": true,
  "packages": {
    "": {
      "name": "@auditlogic/product-nist-nvd",
      "version": "1.1.4",
      "license": "ISC",
      "dependencies": {
        "@auditlogic/product_category-auditlogic-collaboration": "latest",
        "@auditlogic/vendor-nist": "^1.0.6"
      }
    },
    "node_modules/@auditlogic/product_category-auditlogic-collaboration": {
      "version": "1.0.2",
      "resolved": "https://npm.pkg.github.com/download/@auditlogic/product_category-auditlogic-collaboration/1.0.2/07fef5198de3b6463159ec31de8acbfcddda6836",
      "integrity": "sha512-UaH40k7s/4s21xI8dbA1/oj395t9vIVGMebYqHrsVI5dHtaqYfHvAIv9eliVCfUbD9e7FNvcFa+P8+Pi3ccaCg==",
      "license": "ISC"
    },
    "node_modules/@auditlogic/vendor-nist": {
      "version": "1.0.7",
      "resolved": "https://npm.pkg.github.com/download/@auditlogic/vendor-nist/1.0.7/69cb07ddb552798b9187b749b3bfeb5359111187",
      "integrity": "sha512-Bq9uno0v6B9pmZhxfh3veYvLeZDSyx6O0RgrPTxwnTHoESA4Zj93sBKA0cm39t8Z/3sP9ZTZ9vOz/D/l8LVo8g==",
      "license": "ISC"
    }
  },
  "dependencies": {
    "@auditlogic/product_category-auditlogic-collaboration": {
      "version": "1.0.2",
      "resolved": "https://npm.pkg.github.com/download/@auditlogic/product_category-auditlogic-collaboration/1.0.2/07fef5198de3b6463159ec31de8acbfcddda6836",
      "integrity": "sha512-UaH40k7s/4s21xI8dbA1/oj395t9vIVGMebYqHrsVI5dHtaqYfHvAIv9eliVCfUbD9e7FNvcFa+P8+Pi3ccaCg=="
    },
    "@auditlogic/vendor-nist": {
      "version": "1.0.7",
      "resolved": "https://npm.pkg.github.com/download/@auditlogic/vendor-nist/1.0.7/69cb07ddb552798b9187b749b3bfeb5359111187",
      "integrity": "sha512-Bq9uno0v6B9pmZhxfh3veYvLeZDSyx6O0RgrPTxwnTHoESA4Zj93sBKA0cm39t8Z/3sP9ZTZ9vOz/D/l8LVo8g=="
    }
  }
}
