{
  "name": "@zerobias-org/product-hl7-fhir",
  "version": "2.0.0",
  "lockfileVersion": 3,
  "requires": true,
  "packages": {
    "": {
      "name": "@zerobias-org/product-hl7-fhir",
      "version": "2.0.0",
      "license": "ISC",
      "dependencies": {
        "@zerobias-org/vendor-hl7": "*"
      }
    },
    "node_modules/@zerobias-org/vendor-hl7": {
      "version": "2.0.2",
      "integrity": "sha512-yuLIz6Bb0whz/nBRShlofl2o8tObfstlY11tlqRmVoOAfL0qArh7VLVpjQWXMYcX1Jfeoby0jbrHEIiikULrFA==",
      "license": "ISC"
    }
  }
}
