{
  "name": "@zerobias-org/product-paylocity-paylocity",
  "version": "1.1.4",
  "lockfileVersion": 3,
  "requires": true,
  "packages": {
    "": {
      "name": "@zerobias-org/product-paylocity-paylocity",
      "version": "1.1.4",
      "license": "ISC",
      "dependencies": {
        "@zerobias-org/vendor-paylocity": "latest"
      }
    },
    "node_modules/@zerobias-org/vendor-paylocity": {
      "version": "1.0.8",
      "resolved": "https://pkg.zerobias.org/@zerobias-org/vendor-paylocity/-/vendor-paylocity-1.0.8.tgz",
      "integrity": "sha512-5gEjdzaiRRVMY//45KEKbPNBaAroIeU6le1jthX4xhB+THDcgpQRv/kqvczjIoTx9w6ZACK1631+0dj/z7SGEA==",
      "license": "ISC"
    }
  }
}
