{
  "name": "@zerobias-org/product-paylocity-paylocity",
  "version": "2.0.2",
  "lockfileVersion": 3,
  "requires": true,
  "packages": {
    "": {
      "name": "@zerobias-org/product-paylocity-paylocity",
      "version": "2.0.2",
      "license": "ISC",
      "dependencies": {
        "@zerobias-org/vendor-paylocity": "*"
      }
    },
    "node_modules/@zerobias-org/vendor-paylocity": {
      "version": "2.0.1",
      "integrity": "sha512-+JFF4Rm9PJVQx3+RTry3w82zYQ7vtLuhStHVOSGMmB08ELRuItEb2ll+HVO421+NFZVMP3Qm8As7zUyWmqGudA==",
      "license": "ISC"
    }
  }
}
