{
  "name": "@zerobias-org/product-securityscorecard-securityscorecard",
  "version": "2.0.2",
  "lockfileVersion": 3,
  "requires": true,
  "packages": {
    "": {
      "name": "@zerobias-org/product-securityscorecard-securityscorecard",
      "version": "2.0.2",
      "license": "ISC",
      "dependencies": {
        "@zerobias-org/vendor-securityscorecard": "*"
      }
    },
    "node_modules/@zerobias-org/vendor-securityscorecard": {
      "version": "2.0.1",
      "integrity": "sha512-jjYvojnY0vCqV8plDqW3KtHY0wjb2MgtqkqjQbP4ff0P2UrTB2RPKMsqAgH5yF20Uq3sF2xc+OMCTFRjwo+KtQ==",
      "license": "ISC"
    }
  }
}
