{
  "name": "@auditlogic/product-redcanary-redcanary",
  "version": "0.4.3",
  "lockfileVersion": 2,
  "requires": true,
  "packages": {
    "": {
      "name": "@auditlogic/product-redcanary-redcanary",
      "version": "0.4.3",
      "license": "ISC",
      "dependencies": {
        "@auditlogic/product_category-auditlogic-compute": "latest",
        "@auditlogic/vendor-redcanary": "^0.3.0"
      }
    },
    "node_modules/@auditlogic/product_category-auditlogic-compute": {
      "version": "1.0.2",
      "resolved": "https://npm.pkg.github.com/download/@auditlogic/product_category-auditlogic-compute/1.0.2/472a99e2d994f58e2b6ec1f5d2da4207b108f8b9",
      "integrity": "sha512-DHKn+xALNE5Q1oJn1Lsswe+KGQdjuaI98D6kkYf/FboTP9eM3hyKgJK9FL2sPxS5Unq/26M8Xs3XPGGim+409g==",
      "license": "ISC"
    },
    "node_modules/@auditlogic/vendor-redcanary": {
      "version": "0.3.0",
      "resolved": "https://npm.pkg.github.com/download/@auditlogic/vendor-redcanary/0.3.0/283741d781c5af8e8074c905f9291da8bcffc47c",
      "integrity": "sha512-filz+fI44AQ0o9b2nEBO+fo6jQmcPT+IRC4nSHRijhdShLNZg1csn38idOROTm1QRxueFwwnZ51DFojno+5YmQ==",
      "license": "ISC"
    }
  },
  "dependencies": {
    "@auditlogic/product_category-auditlogic-compute": {
      "version": "1.0.2",
      "resolved": "https://npm.pkg.github.com/download/@auditlogic/product_category-auditlogic-compute/1.0.2/472a99e2d994f58e2b6ec1f5d2da4207b108f8b9",
      "integrity": "sha512-DHKn+xALNE5Q1oJn1Lsswe+KGQdjuaI98D6kkYf/FboTP9eM3hyKgJK9FL2sPxS5Unq/26M8Xs3XPGGim+409g=="
    },
    "@auditlogic/vendor-redcanary": {
      "version": "0.3.0",
      "resolved": "https://npm.pkg.github.com/download/@auditlogic/vendor-redcanary/0.3.0/283741d781c5af8e8074c905f9291da8bcffc47c",
      "integrity": "sha512-filz+fI44AQ0o9b2nEBO+fo6jQmcPT+IRC4nSHRijhdShLNZg1csn38idOROTm1QRxueFwwnZ51DFojno+5YmQ=="
    }
  }
}
