{
  "name": "@zerobias-org/product-splunk-splunkenterprise",
  "version": "1.1.5",
  "lockfileVersion": 2,
  "requires": true,
  "packages": {
    "": {
      "name": "@zerobias-org/product-splunk-splunkenterprise",
      "version": "1.1.5",
      "license": "ISC",
      "dependencies": {
        "@zerobias-org/vendor-splunk": "latest"
      }
    },
    "node_modules/@zerobias-org/vendor-splunk": {
      "version": "1.0.8",
      "resolved": "https://pkg.zerobias.org/@zerobias-org/vendor-splunk/-/vendor-splunk-1.0.8.tgz",
      "integrity": "sha512-MMclVeJEO5BGXnZuaCMP8I6SIDP1kJ3qiMUVhj3Y0vp+Zrm86tbPmj+kLW2lpVd2Xz+WekSka+CssOJDIUZRow=="
    }
  },
  "dependencies": {
    "@zerobias-org/vendor-splunk": {
      "version": "1.0.8",
      "resolved": "https://pkg.zerobias.org/@zerobias-org/vendor-splunk/-/vendor-splunk-1.0.8.tgz",
      "integrity": "sha512-MMclVeJEO5BGXnZuaCMP8I6SIDP1kJ3qiMUVhj3Y0vp+Zrm86tbPmj+kLW2lpVd2Xz+WekSka+CssOJDIUZRow=="
    }
  }
}
