{
  "name": "@zerobias-org/product-testifysec-judge",
  "version": "2.0.2",
  "lockfileVersion": 3,
  "requires": true,
  "packages": {
    "": {
      "name": "@zerobias-org/product-testifysec-judge",
      "version": "2.0.2",
      "license": "ISC",
      "dependencies": {
        "@zerobias-org/vendor-testifysec": "*"
      }
    },
    "node_modules/@zerobias-org/vendor-testifysec": {
      "version": "2.0.1",
      "integrity": "sha512-RL5wqYbTaz561l7bf5M+5jO1Xg0yDv2HKs1TlNlMuDHBwmuwqDVmwknb2Z+gxOncBvkt3WHSQz377t1nii+FNg==",
      "license": "ISC"
    }
  }
}
