{
  "name": "@auditlogic/product-testifysec-judge",
  "version": "1.0.0",
  "lockfileVersion": 2,
  "requires": true,
  "packages": {
    "": {
      "name": "@auditlogic/product-testifysec-judge",
      "version": "1.0.0",
      "license": "ISC",
      "dependencies": {
        "@auditlogic/product_category-auditlogic-siem": "^1.0.0",
        "@auditlogic/vendor-testifysec": "^1.0.0"
      }
    },
    "node_modules/@auditlogic/product_category-auditlogic-siem": {
      "version": "1.0.0",
      "resolved": "https://npm.pkg.github.com/download/@auditlogic/product_category-auditlogic-siem/1.0.0/13de91a70fc6b30dd52af6504ae77247ea549a8a",
      "integrity": "sha512-79Mi1aDmUzIZoeqEn6Giygao9tZ7JZL/my2i8KrtSI2VrWT+iQ94r0RyLKGVWXOKKOxPdhKRNg5rBvjvGOzlJw==",
      "license": "ISC"
    },
    "node_modules/@auditlogic/vendor-testifysec": {
      "version": "1.0.0",
      "resolved": "https://npm.pkg.github.com/download/@auditlogic/vendor-testifysec/1.0.0/f11919f8c3d52e891e2f0686cb46c660810df8ab",
      "integrity": "sha512-jaFtNyuhUlRzLLElXLC6hWx/12wjNTLR5EC6YAN8XH+3Es5i6YrB1FRDY55wig9UObqAgILtWr0Er144Pad0+Q==",
      "license": "ISC"
    }
  },
  "dependencies": {
    "@auditlogic/product_category-auditlogic-siem": {
      "version": "1.0.0",
      "resolved": "https://npm.pkg.github.com/download/@auditlogic/product_category-auditlogic-siem/1.0.0/13de91a70fc6b30dd52af6504ae77247ea549a8a",
      "integrity": "sha512-79Mi1aDmUzIZoeqEn6Giygao9tZ7JZL/my2i8KrtSI2VrWT+iQ94r0RyLKGVWXOKKOxPdhKRNg5rBvjvGOzlJw=="
    },
    "@auditlogic/vendor-testifysec": {
      "version": "1.0.0",
      "resolved": "https://npm.pkg.github.com/download/@auditlogic/vendor-testifysec/1.0.0/f11919f8c3d52e891e2f0686cb46c660810df8ab",
      "integrity": "sha512-jaFtNyuhUlRzLLElXLC6hWx/12wjNTLR5EC6YAN8XH+3Es5i6YrB1FRDY55wig9UObqAgILtWr0Er144Pad0+Q=="
    }
  }
}
