{
  "name": "@zerobias-org/product-checkr-checkr",
  "version": "2.0.2",
  "lockfileVersion": 3,
  "requires": true,
  "packages": {
    "": {
      "name": "@zerobias-org/product-checkr-checkr",
      "version": "2.0.2",
      "license": "ISC",
      "dependencies": {
        "@zerobias-org/vendor-checkr": "*"
      }
    },
    "node_modules/@zerobias-org/vendor-checkr": {
      "version": "2.0.1",
      "integrity": "sha512-h//I4wUbvjNoS9FF6cKIJfSnuO22Ug+SlHrgTuicg730E7m6OfnJ4ZLIaI5SRkDWee40TWHkMMYPlQDT3yQvcA==",
      "license": "ISC"
    }
  }
}
