{
  "name": "@zerobias-org/product-falco-falco",
  "version": "1.0.1",
  "lockfileVersion": 3,
  "requires": true,
  "packages": {
    "": {
      "name": "@zerobias-org/product-falco-falco",
      "version": "1.0.1",
      "license": "ISC",
      "dependencies": {
        "@zerobias-org/vendor-falco": "latest"
      }
    },
    "node_modules/@zerobias-org/vendor-falco": {
      "version": "1.0.2",
      "resolved": "https://pkg.zerobias.org/@zerobias-org/vendor-falco/-/vendor-falco-1.0.2.tgz",
      "integrity": "sha512-5WpMrS8eqKsdVi9YHhWE8zH41Sfvnw9ANFQ4mM/5tv/MDHdqr+Je3VBX9O484a8N9liGliRwsy61m7fxQVrgxg==",
      "license": "ISC"
    }
  }
}
