{
  "name": "@zerobias-org/product-sonar-sonarcloud",
  "version": "1.1.8",
  "lockfileVersion": 2,
  "requires": true,
  "packages": {
    "": {
      "name": "@zerobias-org/product-sonar-sonarcloud",
      "version": "1.1.8",
      "license": "ISC",
      "dependencies": {
        "@zerobias-org/vendor-sonar": "latest"
      }
    },
    "node_modules/@zerobias-org/vendor-sonar": {
      "version": "1.0.2",
      "resolved": "https://pkg.zerobias.org/@zerobias-org/vendor-sonar/-/vendor-sonar-1.0.2.tgz",
      "integrity": "sha512-UNlnJmOBB3kqDS42TXPnxbsIn2emuIZLwDE3tyiiCciB+P0q8y3ACt2OnoA8I15GxNiXbHsGtp1u++DsCwYxSA==",
      "license": "ISC"
    }
  },
  "dependencies": {
    "@zerobias-org/vendor-sonar": {
      "version": "1.0.2",
      "resolved": "https://pkg.zerobias.org/@zerobias-org/vendor-sonar/-/vendor-sonar-1.0.2.tgz",
      "integrity": "sha512-UNlnJmOBB3kqDS42TXPnxbsIn2emuIZLwDE3tyiiCciB+P0q8y3ACt2OnoA8I15GxNiXbHsGtp1u++DsCwYxSA=="
    }
  }
}
