{
  "name": "@zerobias-org/product-nutanix-nutanix",
  "version": "1.1.6",
  "lockfileVersion": 2,
  "requires": true,
  "packages": {
    "": {
      "name": "@zerobias-org/product-nutanix-nutanix",
      "version": "1.1.6",
      "license": "ISC",
      "dependencies": {
        "@zerobias-org/vendor-nutanix": "latest"
      }
    },
    "node_modules/@zerobias-org/vendor-nutanix": {
      "version": "1.0.9",
      "resolved": "https://pkg.zerobias.org/@zerobias-org/vendor-nutanix/-/vendor-nutanix-1.0.9.tgz",
      "integrity": "sha512-l0sFLEiX+x4KNSx6fK7Y30XzE6hM30W59GAVM+PsGEz1StkmE+la7rbZi3rotfc/64mi7C59TnFlBviznsbpZg==",
      "license": "ISC"
    }
  },
  "dependencies": {
    "@zerobias-org/vendor-nutanix": {
      "version": "1.0.9",
      "resolved": "https://pkg.zerobias.org/@zerobias-org/vendor-nutanix/-/vendor-nutanix-1.0.9.tgz",
      "integrity": "sha512-l0sFLEiX+x4KNSx6fK7Y30XzE6hM30W59GAVM+PsGEz1StkmE+la7rbZi3rotfc/64mi7C59TnFlBviznsbpZg=="
    }
  }
}
