{
  "name": "@zerobias-org/product-clickup-clickup",
  "version": "2.0.2",
  "lockfileVersion": 3,
  "requires": true,
  "packages": {
    "": {
      "name": "@zerobias-org/product-clickup-clickup",
      "version": "2.0.2",
      "license": "ISC",
      "dependencies": {
        "@zerobias-org/vendor-clickup": "*"
      }
    },
    "node_modules/@zerobias-org/vendor-clickup": {
      "version": "2.0.1",
      "integrity": "sha512-dz2BLEhelukct91Ium4h3IUtGqifTCbJ7O/KF2TMFFXk5MBwzB+3NvqoWGUw+KN86u50NzfaTiZySUWkK3fm9w==",
      "license": "ISC"
    }
  }
}
