{
  "name": "@auditlogic/product-amazon-aws-elementalmediastore",
  "version": "1.1.3",
  "lockfileVersion": 2,
  "requires": true,
  "packages": {
    "": {
      "name": "@auditlogic/product-amazon-aws-elementalmediastore",
      "version": "1.1.3",
      "license": "ISC",
      "dependencies": {
        "@auditlogic/product_category-auditlogic-media_services": "latest",
        "@auditlogic/suite-amazon-aws": "^1.0.9",
        "@auditlogic/vendor-amazon": "^1.0.6"
      }
    },
    "node_modules/@auditlogic/product_category-auditlogic-media_services": {
      "version": "1.0.2",
      "resolved": "https://npm.pkg.github.com/download/@auditlogic/product_category-auditlogic-media_services/1.0.2/c7fe5ef5a6192a1cc1f50f4f8e9ae689a3fbdcf3",
      "integrity": "sha512-x1zBS6he4MuGtzlZA3fsy+zt2qigqYiKcWK5P0PoKp05cgZzusx7UK5GFv5/3TtCimVi0voLveGOlSMR0Vt7pQ==",
      "license": "ISC"
    },
    "node_modules/@auditlogic/suite-amazon-aws": {
      "version": "1.0.10",
      "resolved": "https://npm.pkg.github.com/download/@auditlogic/suite-amazon-aws/1.0.10/91ceb367766e410666100ad36b8f79b634597628",
      "integrity": "sha512-vp+dNIcV1lhlirydu/b2iQtC5T9UMgaZM/Ao290e4UEhTUjXRWAXhzpxnXb4dG/+4ZyyixU0IlE5mqh4IPxgXQ==",
      "license": "ISC",
      "dependencies": {
        "@auditlogic/vendor-amazon": "^1.0.7"
      }
    },
    "node_modules/@auditlogic/vendor-amazon": {
      "version": "1.0.7",
      "resolved": "https://npm.pkg.github.com/download/@auditlogic/vendor-amazon/1.0.7/4bfdec2b99b1170338fdcb397be32cfa186eaa92",
      "integrity": "sha512-Eg2P5YmkzTzfCOCmWoWVWVWek4gl2Psa3voIFj0+7YG12YrwkiZQlW94p9kiysmweeY6N6FXngOEzP21+91y4A==",
      "license": "ISC"
    }
  },
  "dependencies": {
    "@auditlogic/product_category-auditlogic-media_services": {
      "version": "1.0.2",
      "resolved": "https://npm.pkg.github.com/download/@auditlogic/product_category-auditlogic-media_services/1.0.2/c7fe5ef5a6192a1cc1f50f4f8e9ae689a3fbdcf3",
      "integrity": "sha512-x1zBS6he4MuGtzlZA3fsy+zt2qigqYiKcWK5P0PoKp05cgZzusx7UK5GFv5/3TtCimVi0voLveGOlSMR0Vt7pQ=="
    },
    "@auditlogic/suite-amazon-aws": {
      "version": "1.0.10",
      "resolved": "https://npm.pkg.github.com/download/@auditlogic/suite-amazon-aws/1.0.10/91ceb367766e410666100ad36b8f79b634597628",
      "integrity": "sha512-vp+dNIcV1lhlirydu/b2iQtC5T9UMgaZM/Ao290e4UEhTUjXRWAXhzpxnXb4dG/+4ZyyixU0IlE5mqh4IPxgXQ==",
      "requires": {
        "@auditlogic/vendor-amazon": "^1.0.7"
      }
    },
    "@auditlogic/vendor-amazon": {
      "version": "1.0.7",
      "resolved": "https://npm.pkg.github.com/download/@auditlogic/vendor-amazon/1.0.7/4bfdec2b99b1170338fdcb397be32cfa186eaa92",
      "integrity": "sha512-Eg2P5YmkzTzfCOCmWoWVWVWek4gl2Psa3voIFj0+7YG12YrwkiZQlW94p9kiysmweeY6N6FXngOEzP21+91y4A=="
    }
  }
}
