{
  "name": "@zerobias-org/product-dnsimple-dnsimple",
  "version": "2.0.2",
  "lockfileVersion": 3,
  "requires": true,
  "packages": {
    "": {
      "name": "@zerobias-org/product-dnsimple-dnsimple",
      "version": "2.0.2",
      "license": "ISC",
      "dependencies": {
        "@zerobias-org/vendor-dnsimple": "*"
      }
    },
    "node_modules/@zerobias-org/vendor-dnsimple": {
      "version": "2.0.1",
      "integrity": "sha512-lu7kwVXjgG4VOZMrEx2mZs4kgrSCcpo7ofpsJOJLDZrt0Ybnj+PCwJElxPPvnS/2RbsSUw40JYdTcXJdgYqt0A==",
      "license": "ISC"
    }
  }
}
