{
  "name": "@auditlogic/product-dnsimple-dnsimple",
  "version": "1.1.3",
  "lockfileVersion": 2,
  "requires": true,
  "packages": {
    "": {
      "name": "@auditlogic/product-dnsimple-dnsimple",
      "version": "1.1.3",
      "license": "ISC",
      "dependencies": {
        "@auditlogic/product_category-auditlogic-dev_tools": "latest",
        "@auditlogic/product_category-auditlogic-management_console": "latest",
        "@auditlogic/vendor-dnsimple": "^1.0.6"
      }
    },
    "node_modules/@auditlogic/product_category-auditlogic-dev_tools": {
      "version": "1.0.2",
      "resolved": "https://npm.pkg.github.com/download/@auditlogic/product_category-auditlogic-dev_tools/1.0.2/27d9b8f77525ce5075187b804780a3d9e71f0da4",
      "integrity": "sha512-RUkxDrLQDvueb2aAspA43tkMHDPjcU2l0TFhqVT2myJMFZQNuohRHYy24du6mV5UPnsc9VuNMbX9qJalv0usZA==",
      "license": "ISC"
    },
    "node_modules/@auditlogic/product_category-auditlogic-management_console": {
      "version": "1.0.2",
      "resolved": "https://npm.pkg.github.com/download/@auditlogic/product_category-auditlogic-management_console/1.0.2/ec7e95fb446e2763dc997b681379eaa5b0128a17",
      "integrity": "sha512-K91aEyLVSXSK5PPG6RliEGfdUwDZxrIuJvOhQMHp34aLn+BROyRD3F9YNOnzvzxbWWpaHrb5v7J3a9dG4Llqng==",
      "license": "ISC"
    },
    "node_modules/@auditlogic/vendor-dnsimple": {
      "version": "1.0.6",
      "resolved": "https://npm.pkg.github.com/download/@auditlogic/vendor-dnsimple/1.0.6/d383b03be618042389a561d4e5bf77e9d4796dea",
      "integrity": "sha512-BLlKrQODyBhTH3DsfKokwBUHDjQomCpchwA0/psW0sGpfvi1R8vUi6U6JemiImtSrHiRSA3EE0PY6zZpkiqRpg==",
      "license": "ISC"
    }
  },
  "dependencies": {
    "@auditlogic/product_category-auditlogic-dev_tools": {
      "version": "1.0.2",
      "resolved": "https://npm.pkg.github.com/download/@auditlogic/product_category-auditlogic-dev_tools/1.0.2/27d9b8f77525ce5075187b804780a3d9e71f0da4",
      "integrity": "sha512-RUkxDrLQDvueb2aAspA43tkMHDPjcU2l0TFhqVT2myJMFZQNuohRHYy24du6mV5UPnsc9VuNMbX9qJalv0usZA=="
    },
    "@auditlogic/product_category-auditlogic-management_console": {
      "version": "1.0.2",
      "resolved": "https://npm.pkg.github.com/download/@auditlogic/product_category-auditlogic-management_console/1.0.2/ec7e95fb446e2763dc997b681379eaa5b0128a17",
      "integrity": "sha512-K91aEyLVSXSK5PPG6RliEGfdUwDZxrIuJvOhQMHp34aLn+BROyRD3F9YNOnzvzxbWWpaHrb5v7J3a9dG4Llqng=="
    },
    "@auditlogic/vendor-dnsimple": {
      "version": "1.0.6",
      "resolved": "https://npm.pkg.github.com/download/@auditlogic/vendor-dnsimple/1.0.6/d383b03be618042389a561d4e5bf77e9d4796dea",
      "integrity": "sha512-BLlKrQODyBhTH3DsfKokwBUHDjQomCpchwA0/psW0sGpfvi1R8vUi6U6JemiImtSrHiRSA3EE0PY6zZpkiqRpg=="
    }
  }
}
