{
  "name": "@zerobias-org/product-dnsimple-dnsimple",
  "version": "1.1.4",
  "lockfileVersion": 2,
  "requires": true,
  "packages": {
    "": {
      "name": "@zerobias-org/product-dnsimple-dnsimple",
      "version": "1.1.4",
      "license": "ISC",
      "dependencies": {
        "@zerobias-org/vendor-dnsimple": "latest"
      }
    },
    "node_modules/@zerobias-org/vendor-dnsimple": {
      "version": "1.0.8",
      "resolved": "https://pkg.zerobias.org/@zerobias-org/vendor-dnsimple/-/vendor-dnsimple-1.0.8.tgz",
      "integrity": "sha512-hnPyElTSI/5VlFQWZglWCyznEZ+l59BoJAq4lxnwMqGUbhpYTy2Si1s5hl/P/4kY6EQMhTcGAF7iFpNXdax1Xw=="
    }
  },
  "dependencies": {
    "@zerobias-org/vendor-dnsimple": {
      "version": "1.0.8",
      "resolved": "https://pkg.zerobias.org/@zerobias-org/vendor-dnsimple/-/vendor-dnsimple-1.0.8.tgz",
      "integrity": "sha512-hnPyElTSI/5VlFQWZglWCyznEZ+l59BoJAq4lxnwMqGUbhpYTy2Si1s5hl/P/4kY6EQMhTcGAF7iFpNXdax1Xw=="
    }
  }
}
