{
  "name": "@zerobias-org/product-microsoft-azure-reservedvminstances",
  "version": "1.1.4",
  "lockfileVersion": 2,
  "requires": true,
  "packages": {
    "": {
      "name": "@zerobias-org/product-microsoft-azure-reservedvminstances",
      "version": "1.1.4",
      "license": "ISC",
      "dependencies": {
        "@zerobias-org/suite-microsoft-azure": "latest",
        "@zerobias-org/vendor-microsoft": "latest"
      }
    },
    "node_modules/@zerobias-org/suite-microsoft-azure": {
      "version": "1.0.11",
      "resolved": "https://pkg.zerobias.org/@zerobias-org/suite-microsoft-azure/-/suite-microsoft-azure-1.0.11.tgz",
      "integrity": "sha512-9KB8ef5nXugxhCyfgZDZP/zCeh3ETn2+R7aeb5QoZWn6WlFQPoaoNEmeRY1m1qvOXAcmHUHZaV/2n/gwhUVsMQ==",
      "dependencies": {
        "@zerobias-org/vendor-microsoft": "latest"
      }
    },
    "node_modules/@zerobias-org/vendor-microsoft": {
      "version": "1.0.8",
      "resolved": "https://pkg.zerobias.org/@zerobias-org/vendor-microsoft/-/vendor-microsoft-1.0.8.tgz",
      "integrity": "sha512-QlTtGEH38cMDqWRJPs6jVEnJUZhwEIuGUYoGJGIhk/XzzwelaOdtqKymwX1adN7pC5fQaZ+UtGV2xmISx8C9yQ=="
    }
  },
  "dependencies": {
    "@zerobias-org/suite-microsoft-azure": {
      "version": "1.0.11",
      "resolved": "https://pkg.zerobias.org/@zerobias-org/suite-microsoft-azure/-/suite-microsoft-azure-1.0.11.tgz",
      "integrity": "sha512-9KB8ef5nXugxhCyfgZDZP/zCeh3ETn2+R7aeb5QoZWn6WlFQPoaoNEmeRY1m1qvOXAcmHUHZaV/2n/gwhUVsMQ==",
      "requires": {
        "@zerobias-org/vendor-microsoft": "latest"
      }
    },
    "@zerobias-org/vendor-microsoft": {
      "version": "1.0.8",
      "resolved": "https://pkg.zerobias.org/@zerobias-org/vendor-microsoft/-/vendor-microsoft-1.0.8.tgz",
      "integrity": "sha512-QlTtGEH38cMDqWRJPs6jVEnJUZhwEIuGUYoGJGIhk/XzzwelaOdtqKymwX1adN7pC5fQaZ+UtGV2xmISx8C9yQ=="
    }
  }
}
