{
  "name": "@auditlogic/product-navexglobal-lockpath",
  "version": "1.1.3",
  "lockfileVersion": 2,
  "requires": true,
  "packages": {
    "": {
      "name": "@auditlogic/product-navexglobal-lockpath",
      "version": "1.1.3",
      "license": "ISC",
      "dependencies": {
        "@auditlogic/product_category-auditlogic-data_governence": "latest",
        "@auditlogic/vendor-navexglobal": "^1.0.6"
      }
    },
    "node_modules/@auditlogic/product_category-auditlogic-data_governence": {
      "version": "1.0.2",
      "resolved": "https://npm.pkg.github.com/download/@auditlogic/product_category-auditlogic-data_governence/1.0.2/b367ec9965d8dddd387fa10f6a1f51288b8b88b3",
      "integrity": "sha512-61bO7BbG9HJkX0I7j+WwPT+cowQgOSWFgURz2ykD3QrusqsmUaShvqSuO7iXUkJNcfo6fxVliQ03hlxnAipPcw==",
      "license": "ISC"
    },
    "node_modules/@auditlogic/vendor-navexglobal": {
      "version": "1.0.6",
      "resolved": "https://npm.pkg.github.com/download/@auditlogic/vendor-navexglobal/1.0.6/d887cc0a8d6e8e8ef06ec018fcfcb20327cd6ba4",
      "integrity": "sha512-Zglnv+110lCju4dugxeIRmY4rsvDTyIPml1HWpIN8GSTV13sE7Cg20VIoE24K3i6BHMOeASE+sYcBJlqQWF5uQ==",
      "license": "ISC"
    }
  },
  "dependencies": {
    "@auditlogic/product_category-auditlogic-data_governence": {
      "version": "1.0.2",
      "resolved": "https://npm.pkg.github.com/download/@auditlogic/product_category-auditlogic-data_governence/1.0.2/b367ec9965d8dddd387fa10f6a1f51288b8b88b3",
      "integrity": "sha512-61bO7BbG9HJkX0I7j+WwPT+cowQgOSWFgURz2ykD3QrusqsmUaShvqSuO7iXUkJNcfo6fxVliQ03hlxnAipPcw=="
    },
    "@auditlogic/vendor-navexglobal": {
      "version": "1.0.6",
      "resolved": "https://npm.pkg.github.com/download/@auditlogic/vendor-navexglobal/1.0.6/d887cc0a8d6e8e8ef06ec018fcfcb20327cd6ba4",
      "integrity": "sha512-Zglnv+110lCju4dugxeIRmY4rsvDTyIPml1HWpIN8GSTV13sE7Cg20VIoE24K3i6BHMOeASE+sYcBJlqQWF5uQ=="
    }
  }
}
