{
  "name": "@zerobias-org/product-navexglobal-lockpath",
  "version": "1.1.4",
  "lockfileVersion": 2,
  "requires": true,
  "packages": {
    "": {
      "name": "@zerobias-org/product-navexglobal-lockpath",
      "version": "1.1.4",
      "license": "ISC",
      "dependencies": {
        "@zerobias-org/vendor-navexglobal": "latest"
      }
    },
    "node_modules/@zerobias-org/vendor-navexglobal": {
      "version": "1.0.8",
      "resolved": "https://pkg.zerobias.org/@zerobias-org/vendor-navexglobal/-/vendor-navexglobal-1.0.8.tgz",
      "integrity": "sha512-NiCSjlpkYIQoeaazye3+fiOHgJa6HCNIM7S2Ks2GvCRBItK91HB4XgAIiFnSiS2G9juCwopovWbhGNYX4Ff0bw=="
    }
  },
  "dependencies": {
    "@zerobias-org/vendor-navexglobal": {
      "version": "1.0.8",
      "resolved": "https://pkg.zerobias.org/@zerobias-org/vendor-navexglobal/-/vendor-navexglobal-1.0.8.tgz",
      "integrity": "sha512-NiCSjlpkYIQoeaazye3+fiOHgJa6HCNIM7S2Ks2GvCRBItK91HB4XgAIiFnSiS2G9juCwopovWbhGNYX4Ff0bw=="
    }
  }
}
