{
  "name": "@auditlogic/product-zoho-one-subscriptions",
  "version": "1.1.3",
  "lockfileVersion": 2,
  "requires": true,
  "packages": {
    "": {
      "name": "@auditlogic/product-zoho-one-subscriptions",
      "version": "1.1.3",
      "license": "ISC",
      "dependencies": {
        "@auditlogic/product_category-auditlogic-crm": "latest",
        "@auditlogic/product_category-auditlogic-css": "latest",
        "@auditlogic/suite-zoho-one": "^1.0.8",
        "@auditlogic/vendor-zoho": "^1.0.6"
      }
    },
    "node_modules/@auditlogic/product_category-auditlogic-crm": {
      "version": "1.0.2",
      "resolved": "https://npm.pkg.github.com/download/@auditlogic/product_category-auditlogic-crm/1.0.2/e59729fb824febedf49031ea0f8bf810aefefc5c",
      "integrity": "sha512-E3+mkTs7dMUT58Z7K4ME2RMEnTDzIgM9Wepsj2J3a9bWRDX9t8472HB7id1A1mWZZf5nqY2imtuvf5bTP5lWtQ==",
      "license": "ISC"
    },
    "node_modules/@auditlogic/product_category-auditlogic-css": {
      "version": "1.0.2",
      "resolved": "https://npm.pkg.github.com/download/@auditlogic/product_category-auditlogic-css/1.0.2/88d0e183e869b52bfe875181b72523fb495a4125",
      "integrity": "sha512-KlCKPkaqTPp6ARUjSEu+nEm5VVgtD0alw3R6MhfkU5Te+lz7U4Pyrdi/zCUZFA/Q2s8E4qkgKwdIZGfs6nZBqA==",
      "license": "ISC"
    },
    "node_modules/@auditlogic/suite-zoho-one": {
      "version": "1.1.1",
      "resolved": "https://npm.pkg.github.com/download/@auditlogic/suite-zoho-one/1.1.1/829f297d046d54ac7c05ac86b087e7a46ebc6b9f",
      "integrity": "sha512-WTMWGqVD60AZju4D8HEGKnIbEvKqQHMCCCKKwNLXa3zcR23DSq063DPHto/N3r5pbUjDAtAS1+N3NpNSzJKzpw==",
      "license": "ISC",
      "dependencies": {
        "@auditlogic/vendor-zoho": "^1.0.7"
      }
    },
    "node_modules/@auditlogic/vendor-zoho": {
      "version": "1.0.7",
      "resolved": "https://npm.pkg.github.com/download/@auditlogic/vendor-zoho/1.0.7/1b1efb77ac35bebef782e1713a9094834d6375cc",
      "integrity": "sha512-HW1AB3DvjHZSbXEXdAtcAk6JwK1tpdH1+YSuWOi6oXnFsp1jHX2eB4+8ePTn5JxM8KREkOj96695M1t1fytjkA==",
      "license": "ISC"
    }
  },
  "dependencies": {
    "@auditlogic/product_category-auditlogic-crm": {
      "version": "1.0.2",
      "resolved": "https://npm.pkg.github.com/download/@auditlogic/product_category-auditlogic-crm/1.0.2/e59729fb824febedf49031ea0f8bf810aefefc5c",
      "integrity": "sha512-E3+mkTs7dMUT58Z7K4ME2RMEnTDzIgM9Wepsj2J3a9bWRDX9t8472HB7id1A1mWZZf5nqY2imtuvf5bTP5lWtQ=="
    },
    "@auditlogic/product_category-auditlogic-css": {
      "version": "1.0.2",
      "resolved": "https://npm.pkg.github.com/download/@auditlogic/product_category-auditlogic-css/1.0.2/88d0e183e869b52bfe875181b72523fb495a4125",
      "integrity": "sha512-KlCKPkaqTPp6ARUjSEu+nEm5VVgtD0alw3R6MhfkU5Te+lz7U4Pyrdi/zCUZFA/Q2s8E4qkgKwdIZGfs6nZBqA=="
    },
    "@auditlogic/suite-zoho-one": {
      "version": "1.1.1",
      "resolved": "https://npm.pkg.github.com/download/@auditlogic/suite-zoho-one/1.1.1/829f297d046d54ac7c05ac86b087e7a46ebc6b9f",
      "integrity": "sha512-WTMWGqVD60AZju4D8HEGKnIbEvKqQHMCCCKKwNLXa3zcR23DSq063DPHto/N3r5pbUjDAtAS1+N3NpNSzJKzpw==",
      "requires": {
        "@auditlogic/vendor-zoho": "^1.0.7"
      }
    },
    "@auditlogic/vendor-zoho": {
      "version": "1.0.7",
      "resolved": "https://npm.pkg.github.com/download/@auditlogic/vendor-zoho/1.0.7/1b1efb77ac35bebef782e1713a9094834d6375cc",
      "integrity": "sha512-HW1AB3DvjHZSbXEXdAtcAk6JwK1tpdH1+YSuWOi6oXnFsp1jHX2eB4+8ePTn5JxM8KREkOj96695M1t1fytjkA=="
    }
  }
}
