{
  "name": "@zerobias-org/product-paloalto-cloudee",
  "version": "2.0.2",
  "lockfileVersion": 3,
  "requires": true,
  "packages": {
    "": {
      "name": "@zerobias-org/product-paloalto-cloudee",
      "version": "2.0.2",
      "license": "ISC",
      "dependencies": {
        "@zerobias-org/vendor-paloalto": "*"
      }
    },
    "node_modules/@zerobias-org/vendor-paloalto": {
      "version": "2.0.1",
      "integrity": "sha512-a2LjS2mQGpbHb1ORwH4DpkkZqGdrpp6DG/u39TcIrAZGAHWmQxy6aUJdacmeqR10YaYeXEerx0DYSvewbzTHVw==",
      "license": "ISC"
    }
  }
}
