{
  "name": "@auditlogic/product-apptio-targetprocess",
  "version": "1.1.3",
  "lockfileVersion": 2,
  "requires": true,
  "packages": {
    "": {
      "name": "@auditlogic/product-apptio-targetprocess",
      "version": "1.1.3",
      "license": "ISC",
      "dependencies": {
        "@auditlogic/product_category-auditlogic-project_management": "latest",
        "@auditlogic/vendor-apptio": "^1.0.7"
      }
    },
    "node_modules/@auditlogic/product_category-auditlogic-project_management": {
      "version": "1.0.2",
      "resolved": "https://npm.pkg.github.com/download/@auditlogic/product_category-auditlogic-project_management/1.0.2/3f25e9ccbddec4c27295fb76d6e4c787bb320b99",
      "integrity": "sha512-gLzJVf0djlyOeE6Z/p8kE1FLGHXtqcJB+jukdjzojnpErOoyPDq20c35c4Ab33RNmmIanH1bk1kXuZ55b8JqMA==",
      "license": "ISC"
    },
    "node_modules/@auditlogic/vendor-apptio": {
      "version": "1.0.7",
      "resolved": "https://npm.pkg.github.com/download/@auditlogic/vendor-apptio/1.0.7/5f7103fa6b292e474c68f4b8364f861499396ae1",
      "integrity": "sha512-Cl4dEB+2j1gjZ39ZDjHQFpIsfEo66xoXv85o0TZbbP0ECc4jTuuiX6IAP+QcY/7ge1iZ/97m0mMJPvrNUoCS+A==",
      "license": "ISC"
    }
  },
  "dependencies": {
    "@auditlogic/product_category-auditlogic-project_management": {
      "version": "1.0.2",
      "resolved": "https://npm.pkg.github.com/download/@auditlogic/product_category-auditlogic-project_management/1.0.2/3f25e9ccbddec4c27295fb76d6e4c787bb320b99",
      "integrity": "sha512-gLzJVf0djlyOeE6Z/p8kE1FLGHXtqcJB+jukdjzojnpErOoyPDq20c35c4Ab33RNmmIanH1bk1kXuZ55b8JqMA=="
    },
    "@auditlogic/vendor-apptio": {
      "version": "1.0.7",
      "resolved": "https://npm.pkg.github.com/download/@auditlogic/vendor-apptio/1.0.7/5f7103fa6b292e474c68f4b8364f861499396ae1",
      "integrity": "sha512-Cl4dEB+2j1gjZ39ZDjHQFpIsfEo66xoXv85o0TZbbP0ECc4jTuuiX6IAP+QcY/7ge1iZ/97m0mMJPvrNUoCS+A=="
    }
  }
}
