{
  "name": "@zerobias-org/product-gitlab-gitlab",
  "version": "1.1.5",
  "lockfileVersion": 3,
  "requires": true,
  "packages": {
    "": {
      "name": "@zerobias-org/product-gitlab-gitlab",
      "version": "1.1.5",
      "license": "ISC",
      "dependencies": {
        "@zerobias-org/vendor-gitlab": "latest"
      }
    },
    "node_modules/@zerobias-org/vendor-gitlab": {
      "version": "1.0.9",
      "resolved": "https://pkg.zerobias.org/@zerobias-org/vendor-gitlab/-/vendor-gitlab-1.0.9.tgz",
      "integrity": "sha512-lt1Wgrvu44LaG5ewPtG+p9f+Vo+30kUDv2h9nyCjqxXurwn242UmbnB6xV76/aWM51T3ru7BWnmVxIzG5pSuxg==",
      "license": "ISC"
    }
  }
}
