{
  "name": "@zerobias-org/product-gitlab-gitlab",
  "version": "2.0.2",
  "lockfileVersion": 3,
  "requires": true,
  "packages": {
    "": {
      "name": "@zerobias-org/product-gitlab-gitlab",
      "version": "2.0.2",
      "license": "ISC",
      "dependencies": {
        "@zerobias-org/vendor-gitlab": "*"
      }
    },
    "node_modules/@zerobias-org/vendor-gitlab": {
      "version": "2.0.1",
      "integrity": "sha512-YpAh2x3N9+rFgKCLOZ3UXXwNuEVWKs9cGbTVKeUrI+B1GsT0SJgQcLWWKoLBT76OXz3XwPzGGjZwkl1SnEYv7w==",
      "license": "ISC"
    }
  }
}
