{
  "name": "@auditlogic/product-google-gcp-iap",
  "version": "1.1.3",
  "lockfileVersion": 2,
  "requires": true,
  "packages": {
    "": {
      "name": "@auditlogic/product-google-gcp-iap",
      "version": "1.1.3",
      "license": "ISC",
      "dependencies": {
        "@auditlogic/product_category-auditlogic-cryptography": "latest",
        "@auditlogic/product_category-auditlogic-iam": "latest",
        "@auditlogic/suite-google-gcp": "^1.0.8",
        "@auditlogic/vendor-google": "^1.0.6"
      }
    },
    "node_modules/@auditlogic/product_category-auditlogic-cryptography": {
      "version": "1.0.2",
      "resolved": "https://npm.pkg.github.com/download/@auditlogic/product_category-auditlogic-cryptography/1.0.2/1bed5eeba7e254b0f612d33f64ec3e7d5767049f",
      "integrity": "sha512-vsuT0FS4YZzrZpp6dQNeN0eHZgxGAJCXNEt9dZXWXuvpGpZYkPW/iiT7xCx/s9fDM+tpA8CBrNg57qY7lRT8lA==",
      "license": "ISC"
    },
    "node_modules/@auditlogic/product_category-auditlogic-iam": {
      "version": "1.0.2",
      "resolved": "https://npm.pkg.github.com/download/@auditlogic/product_category-auditlogic-iam/1.0.2/3ad1244cac996455ace81f86d03ffcc226fe4092",
      "integrity": "sha512-Z8EMURTZwFYZQdWoav+CXCbam9HQuEPRGJrzuHCi67gDEGxQBaR3+dRgXTZs/7yfeI8fUgVde+xFtxr2AjoHGw==",
      "license": "ISC"
    },
    "node_modules/@auditlogic/suite-google-gcp": {
      "version": "1.0.9",
      "resolved": "https://npm.pkg.github.com/download/@auditlogic/suite-google-gcp/1.0.9/50329423219f0fde6295cadb5cf9370e8062123f",
      "integrity": "sha512-BwA7pBAYJU8fyuS5wZ0fNFZbyxeuq4xNUlGRMnPS5Lxh7tqybgVmLpGTSI+AUrlK5oVvmwEgCTsdO1VX4OHfsQ==",
      "license": "ISC",
      "dependencies": {
        "@auditlogic/vendor-google": "^1.0.7"
      }
    },
    "node_modules/@auditlogic/vendor-google": {
      "version": "1.0.7",
      "resolved": "https://npm.pkg.github.com/download/@auditlogic/vendor-google/1.0.7/6da6c2bd0c1d14ea33911caf31b583cbad374bb5",
      "integrity": "sha512-87VnS8TdANMpIrWSRHsw9o6PSD0rN6o++KLFM4cuFQsT1hhHgjRUkItetAwNg7o41dm2LfiB7u0WrPWiVEtklw==",
      "license": "ISC"
    }
  },
  "dependencies": {
    "@auditlogic/product_category-auditlogic-cryptography": {
      "version": "1.0.2",
      "resolved": "https://npm.pkg.github.com/download/@auditlogic/product_category-auditlogic-cryptography/1.0.2/1bed5eeba7e254b0f612d33f64ec3e7d5767049f",
      "integrity": "sha512-vsuT0FS4YZzrZpp6dQNeN0eHZgxGAJCXNEt9dZXWXuvpGpZYkPW/iiT7xCx/s9fDM+tpA8CBrNg57qY7lRT8lA=="
    },
    "@auditlogic/product_category-auditlogic-iam": {
      "version": "1.0.2",
      "resolved": "https://npm.pkg.github.com/download/@auditlogic/product_category-auditlogic-iam/1.0.2/3ad1244cac996455ace81f86d03ffcc226fe4092",
      "integrity": "sha512-Z8EMURTZwFYZQdWoav+CXCbam9HQuEPRGJrzuHCi67gDEGxQBaR3+dRgXTZs/7yfeI8fUgVde+xFtxr2AjoHGw=="
    },
    "@auditlogic/suite-google-gcp": {
      "version": "1.0.9",
      "resolved": "https://npm.pkg.github.com/download/@auditlogic/suite-google-gcp/1.0.9/50329423219f0fde6295cadb5cf9370e8062123f",
      "integrity": "sha512-BwA7pBAYJU8fyuS5wZ0fNFZbyxeuq4xNUlGRMnPS5Lxh7tqybgVmLpGTSI+AUrlK5oVvmwEgCTsdO1VX4OHfsQ==",
      "requires": {
        "@auditlogic/vendor-google": "^1.0.7"
      }
    },
    "@auditlogic/vendor-google": {
      "version": "1.0.7",
      "resolved": "https://npm.pkg.github.com/download/@auditlogic/vendor-google/1.0.7/6da6c2bd0c1d14ea33911caf31b583cbad374bb5",
      "integrity": "sha512-87VnS8TdANMpIrWSRHsw9o6PSD0rN6o++KLFM4cuFQsT1hhHgjRUkItetAwNg7o41dm2LfiB7u0WrPWiVEtklw=="
    }
  }
}
