{
  "name": "@zerobias-org/product-ninjio-ninjio",
  "version": "0.7.5",
  "lockfileVersion": 2,
  "requires": true,
  "packages": {
    "": {
      "name": "@zerobias-org/product-ninjio-ninjio",
      "version": "0.7.5",
      "license": "ISC",
      "dependencies": {
        "@zerobias-org/vendor-ninjio": "latest"
      }
    },
    "node_modules/@zerobias-org/vendor-ninjio": {
      "version": "0.3.2",
      "resolved": "https://pkg.zerobias.org/@zerobias-org/vendor-ninjio/-/vendor-ninjio-0.3.2.tgz",
      "integrity": "sha512-Ux3TFp+1C3Om/aMIsDLAp8MEzjQjGX4qg4EahL1wT7WIolTleorsose/sDBWop1/6Am7QaKKi2Jhcpa6DOAfBw==",
      "license": "ISC"
    }
  },
  "dependencies": {
    "@zerobias-org/vendor-ninjio": {
      "version": "0.3.2",
      "resolved": "https://pkg.zerobias.org/@zerobias-org/vendor-ninjio/-/vendor-ninjio-0.3.2.tgz",
      "integrity": "sha512-Ux3TFp+1C3Om/aMIsDLAp8MEzjQjGX4qg4EahL1wT7WIolTleorsose/sDBWop1/6Am7QaKKi2Jhcpa6DOAfBw=="
    }
  }
}
