{
  "name": "@auditlogic/product-ninjio-ninjio",
  "version": "0.7.3",
  "lockfileVersion": 2,
  "requires": true,
  "packages": {
    "": {
      "name": "@auditlogic/product-ninjio-ninjio",
      "version": "0.7.3",
      "license": "ISC",
      "dependencies": {
        "@auditlogic/product_category-auditlogic-hcm": "latest",
        "@auditlogic/vendor-ninjio": "^0.2.0"
      }
    },
    "node_modules/@auditlogic/product_category-auditlogic-hcm": {
      "version": "1.0.2",
      "resolved": "https://npm.pkg.github.com/download/@auditlogic/product_category-auditlogic-hcm/1.0.2/070b17e35ef367b05f0ca71b085a3dadbf0e3958",
      "integrity": "sha512-4OmA6O0M5+FHQT6pjIpZlLLKoN52K95tXDxvxloy208W3OkdusOuctXu6Aa482sw+0yzLAYLzvkFqnqYrQmPjA==",
      "license": "ISC"
    },
    "node_modules/@auditlogic/vendor-ninjio": {
      "version": "0.2.0",
      "resolved": "https://npm.pkg.github.com/download/@auditlogic/vendor-ninjio/0.2.0/75658597f88f94286f03e62a8cfce8778829e139",
      "integrity": "sha512-46+deyVyZ7LLZZJvys+FnVv/3GH15klMQBeJiSGw9nGTdJXQ43jW+eJsrQiwpV5e+SWJppGFTir1FP4YzUi6Rw==",
      "license": "ISC"
    }
  },
  "dependencies": {
    "@auditlogic/product_category-auditlogic-hcm": {
      "version": "1.0.2",
      "resolved": "https://npm.pkg.github.com/download/@auditlogic/product_category-auditlogic-hcm/1.0.2/070b17e35ef367b05f0ca71b085a3dadbf0e3958",
      "integrity": "sha512-4OmA6O0M5+FHQT6pjIpZlLLKoN52K95tXDxvxloy208W3OkdusOuctXu6Aa482sw+0yzLAYLzvkFqnqYrQmPjA=="
    },
    "@auditlogic/vendor-ninjio": {
      "version": "0.2.0",
      "resolved": "https://npm.pkg.github.com/download/@auditlogic/vendor-ninjio/0.2.0/75658597f88f94286f03e62a8cfce8778829e139",
      "integrity": "sha512-46+deyVyZ7LLZZJvys+FnVv/3GH15klMQBeJiSGw9nGTdJXQ43jW+eJsrQiwpV5e+SWJppGFTir1FP4YzUi6Rw=="
    }
  }
}
