{
  "name": "@auditlogic/product-pivotaltracker-pivotaltracker",
  "version": "1.2.3",
  "lockfileVersion": 2,
  "requires": true,
  "packages": {
    "": {
      "name": "@auditlogic/product-pivotaltracker-pivotaltracker",
      "version": "1.2.3",
      "license": "ISC",
      "dependencies": {
        "@auditlogic/product_category-auditlogic-project_management": "latest",
        "@auditlogic/vendor-pivotaltracker": "^1.0.6"
      }
    },
    "node_modules/@auditlogic/product_category-auditlogic-project_management": {
      "version": "1.0.2",
      "resolved": "https://npm.pkg.github.com/download/@auditlogic/product_category-auditlogic-project_management/1.0.2/3f25e9ccbddec4c27295fb76d6e4c787bb320b99",
      "integrity": "sha512-gLzJVf0djlyOeE6Z/p8kE1FLGHXtqcJB+jukdjzojnpErOoyPDq20c35c4Ab33RNmmIanH1bk1kXuZ55b8JqMA==",
      "license": "ISC"
    },
    "node_modules/@auditlogic/vendor-pivotaltracker": {
      "version": "1.0.9",
      "resolved": "https://npm.pkg.github.com/download/@auditlogic/vendor-pivotaltracker/1.0.9/83a22701f6575423854114f2f46e942639ac2261",
      "integrity": "sha512-Le4l2yyzMwSCXmvh8jfJjRgJg6YQU//2fmpXZilTUeS0i2mEiywkBvb42thbl5MCv4ISiqD2wTm0T5+DZjUHCw==",
      "license": "ISC"
    }
  },
  "dependencies": {
    "@auditlogic/product_category-auditlogic-project_management": {
      "version": "1.0.2",
      "resolved": "https://npm.pkg.github.com/download/@auditlogic/product_category-auditlogic-project_management/1.0.2/3f25e9ccbddec4c27295fb76d6e4c787bb320b99",
      "integrity": "sha512-gLzJVf0djlyOeE6Z/p8kE1FLGHXtqcJB+jukdjzojnpErOoyPDq20c35c4Ab33RNmmIanH1bk1kXuZ55b8JqMA=="
    },
    "@auditlogic/vendor-pivotaltracker": {
      "version": "1.0.9",
      "resolved": "https://npm.pkg.github.com/download/@auditlogic/vendor-pivotaltracker/1.0.9/83a22701f6575423854114f2f46e942639ac2261",
      "integrity": "sha512-Le4l2yyzMwSCXmvh8jfJjRgJg6YQU//2fmpXZilTUeS0i2mEiywkBvb42thbl5MCv4ISiqD2wTm0T5+DZjUHCw=="
    }
  }
}
