{
  "name": "@zerobias-org/product-wasabi-wasabi",
  "version": "0.3.4",
  "lockfileVersion": 3,
  "requires": true,
  "packages": {
    "": {
      "name": "@zerobias-org/product-wasabi-wasabi",
      "version": "0.3.4",
      "license": "ISC",
      "dependencies": {
        "@zerobias-org/vendor-wasabi": "latest"
      }
    },
    "node_modules/@zerobias-org/vendor-wasabi": {
      "version": "0.2.2",
      "resolved": "https://pkg.zerobias.org/@zerobias-org/vendor-wasabi/-/vendor-wasabi-0.2.2.tgz",
      "integrity": "sha512-eFV+SofROycrWytwO+bnqc0lmSAe5sVkL+VRAVfg9CNp9km0k8e8eJjm5kyVG6tDWzOOBBmTfgS05s/E+tUqag==",
      "license": "ISC"
    }
  }
}
