{
  "name": "@auditlogic/product-cis-benchmarks",
  "version": "0.2.3",
  "lockfileVersion": 2,
  "requires": true,
  "packages": {
    "": {
      "name": "@auditlogic/product-cis-benchmarks",
      "version": "0.2.3",
      "license": "ISC",
      "dependencies": {
        "@auditlogic/product_category-auditlogic-grc": "latest",
        "@auditlogic/vendor-cis": "^0.1.0"
      }
    },
    "node_modules/@auditlogic/product_category-auditlogic-grc": {
      "version": "1.0.2",
      "resolved": "https://npm.pkg.github.com/download/@auditlogic/product_category-auditlogic-grc/1.0.2/458b901b72bf44aaca24881a4dee042ad61dcfc6",
      "integrity": "sha512-bgFpMvZeEKEDZETMg+oliinoL+YtL7gOdxv2wkg02JzU10OOlvSnSWcQdtS8WDjHqQ18kcXogXFaHo8VPnYuTQ==",
      "license": "ISC"
    },
    "node_modules/@auditlogic/vendor-cis": {
      "version": "0.1.2",
      "resolved": "https://npm.pkg.github.com/download/@auditlogic/vendor-cis/0.1.2/f190db892e8e3d71ef031972e89ed06f3cc235a5",
      "integrity": "sha512-XA+ZRbFFtZgM/uhB2iZXTOnaTcU5S/5Hq/LnEDmANPh32pHfGvKtTuJgn24XaAiwLN8482aeZOnLYYuIfBFb+g==",
      "license": "ISC"
    }
  },
  "dependencies": {
    "@auditlogic/product_category-auditlogic-grc": {
      "version": "1.0.2",
      "resolved": "https://npm.pkg.github.com/download/@auditlogic/product_category-auditlogic-grc/1.0.2/458b901b72bf44aaca24881a4dee042ad61dcfc6",
      "integrity": "sha512-bgFpMvZeEKEDZETMg+oliinoL+YtL7gOdxv2wkg02JzU10OOlvSnSWcQdtS8WDjHqQ18kcXogXFaHo8VPnYuTQ=="
    },
    "@auditlogic/vendor-cis": {
      "version": "0.1.2",
      "resolved": "https://npm.pkg.github.com/download/@auditlogic/vendor-cis/0.1.2/f190db892e8e3d71ef031972e89ed06f3cc235a5",
      "integrity": "sha512-XA+ZRbFFtZgM/uhB2iZXTOnaTcU5S/5Hq/LnEDmANPh32pHfGvKtTuJgn24XaAiwLN8482aeZOnLYYuIfBFb+g=="
    }
  }
}
