{
  "name": "@zerobias-org/product-sonatype-nexus",
  "version": "1.0.1",
  "lockfileVersion": 3,
  "requires": true,
  "packages": {
    "": {
      "name": "@zerobias-org/product-sonatype-nexus",
      "version": "1.0.1",
      "license": "ISC",
      "dependencies": {
        "@zerobias-org/vendor-sonatype": "latest"
      }
    },
    "node_modules/@zerobias-org/vendor-sonatype": {
      "version": "1.0.2",
      "resolved": "https://pkg.zerobias.org/@zerobias-org/vendor-sonatype/-/vendor-sonatype-1.0.2.tgz",
      "integrity": "sha512-bTipWrm1C5js3sjrWwvX3rHnLj7j0KSba7heA58jLv1zqyxhAbIXUT9jKxE0UGbk9h12aQ0JBaY33bTaUoJtBg==",
      "license": "ISC"
    }
  }
}
