{
  "name": "@zerobias-org/product-sonatype-nexus",
  "version": "2.0.2",
  "lockfileVersion": 3,
  "requires": true,
  "packages": {
    "": {
      "name": "@zerobias-org/product-sonatype-nexus",
      "version": "2.0.2",
      "license": "ISC",
      "dependencies": {
        "@zerobias-org/vendor-sonatype": "*"
      }
    },
    "node_modules/@zerobias-org/vendor-sonatype": {
      "version": "2.0.1",
      "integrity": "sha512-hrfPd7xfvOEaOYmy+Qw+8jJe0TYFFAQtjiJUY7hH+67x4eIzoBvfdmj+ehSU7v6RYrOeJ4KeXSRHWioVbu/0nQ==",
      "license": "ISC"
    }
  }
}
