{
  "name": "@auditlogic/product-itglue-itglue",
  "version": "0.3.3",
  "lockfileVersion": 2,
  "requires": true,
  "packages": {
    "": {
      "name": "@auditlogic/product-itglue-itglue",
      "version": "0.3.3",
      "license": "ISC",
      "dependencies": {
        "@auditlogic/product_category-auditlogic-compute": "latest",
        "@auditlogic/vendor-itglue": "^0.3.0"
      }
    },
    "node_modules/@auditlogic/product_category-auditlogic-compute": {
      "version": "1.0.2",
      "resolved": "https://npm.pkg.github.com/download/@auditlogic/product_category-auditlogic-compute/1.0.2/472a99e2d994f58e2b6ec1f5d2da4207b108f8b9",
      "integrity": "sha512-DHKn+xALNE5Q1oJn1Lsswe+KGQdjuaI98D6kkYf/FboTP9eM3hyKgJK9FL2sPxS5Unq/26M8Xs3XPGGim+409g==",
      "license": "ISC"
    },
    "node_modules/@auditlogic/vendor-itglue": {
      "version": "0.3.0",
      "resolved": "https://npm.pkg.github.com/download/@auditlogic/vendor-itglue/0.3.0/c5aef4a7069709213abdffa2f217a351fc9a7558",
      "integrity": "sha512-vYba8TCtdb8PDp2oHRieWzUrKRvsl84TTZ/fJk/52XDId4F1oQO8UfG4+EUs2vuGmp3SPPEPgdncOpK4ATS7GQ==",
      "license": "ISC"
    }
  },
  "dependencies": {
    "@auditlogic/product_category-auditlogic-compute": {
      "version": "1.0.2",
      "resolved": "https://npm.pkg.github.com/download/@auditlogic/product_category-auditlogic-compute/1.0.2/472a99e2d994f58e2b6ec1f5d2da4207b108f8b9",
      "integrity": "sha512-DHKn+xALNE5Q1oJn1Lsswe+KGQdjuaI98D6kkYf/FboTP9eM3hyKgJK9FL2sPxS5Unq/26M8Xs3XPGGim+409g=="
    },
    "@auditlogic/vendor-itglue": {
      "version": "0.3.0",
      "resolved": "https://npm.pkg.github.com/download/@auditlogic/vendor-itglue/0.3.0/c5aef4a7069709213abdffa2f217a351fc9a7558",
      "integrity": "sha512-vYba8TCtdb8PDp2oHRieWzUrKRvsl84TTZ/fJk/52XDId4F1oQO8UfG4+EUs2vuGmp3SPPEPgdncOpK4ATS7GQ=="
    }
  }
}
