{
  "name": "@zerobias-org/product-itglue-itglue",
  "version": "2.0.2",
  "lockfileVersion": 3,
  "requires": true,
  "packages": {
    "": {
      "name": "@zerobias-org/product-itglue-itglue",
      "version": "2.0.2",
      "license": "ISC",
      "dependencies": {
        "@zerobias-org/vendor-itglue": "*"
      }
    },
    "node_modules/@zerobias-org/vendor-itglue": {
      "version": "1.0.1",
      "integrity": "sha512-HwcIUhdNGerAZ/y5dii3MwZiO4aYd0g2/FiWjeajuIDi5MQqTxIuW8zAzj8SoDE3tYBxbvgzEGYLxJHt82HZCA==",
      "license": "ISC"
    }
  }
}
