{
  "name": "@auditlogic/product-tenable-nessus",
  "version": "0.2.4",
  "lockfileVersion": 3,
  "requires": true,
  "packages": {
    "": {
      "name": "@auditlogic/product-tenable-nessus",
      "version": "0.2.4",
      "license": "ISC",
      "dependencies": {
        "@auditlogic/product_category-auditlogic-dev_tools": "latest",
        "@auditlogic/vendor-tenable": "^0.2.1"
      }
    },
    "node_modules/@auditlogic/product_category-auditlogic-dev_tools": {
      "version": "1.0.2",
      "resolved": "https://npm.pkg.github.com/download/@auditlogic/product_category-auditlogic-dev_tools/1.0.2/27d9b8f77525ce5075187b804780a3d9e71f0da4",
      "integrity": "sha512-RUkxDrLQDvueb2aAspA43tkMHDPjcU2l0TFhqVT2myJMFZQNuohRHYy24du6mV5UPnsc9VuNMbX9qJalv0usZA==",
      "license": "ISC"
    },
    "node_modules/@auditlogic/vendor-tenable": {
      "version": "0.2.1",
      "resolved": "https://npm.pkg.github.com/download/@auditlogic/vendor-tenable/0.2.1/861392e0e72a99733a729e296ca941a932b93f9b",
      "integrity": "sha512-sZgtU8wA9rknR7+IOAbGJbhtOKjFfJi0iQSaSrMsubHsLCJwzsO/J58KyIFMuizYTQ+Konc65do7WSCVqSTwBw==",
      "license": "ISC"
    }
  }
}
