{
  "name": "@zerobias-org/product-kolide-kolide",
  "version": "2.0.2",
  "lockfileVersion": 3,
  "requires": true,
  "packages": {
    "": {
      "name": "@zerobias-org/product-kolide-kolide",
      "version": "2.0.2",
      "license": "ISC",
      "dependencies": {
        "@zerobias-org/vendor-kolide": "*"
      }
    },
    "node_modules/@zerobias-org/vendor-kolide": {
      "version": "2.0.1",
      "integrity": "sha512-2l9AzIqwqNjl2U+QKScrchv7xOczxZ4/M4XhTcqz0QTLdhsxk/BfhdO/c8UOoWmM9alU+2KvAz0NhEBZJoA0lA==",
      "license": "ISC"
    }
  }
}
