{
  "name": "@zerobias-org/product-slack-slack",
  "version": "1.1.7",
  "lockfileVersion": 2,
  "requires": true,
  "packages": {
    "": {
      "name": "@zerobias-org/product-slack-slack",
      "version": "1.1.7",
      "license": "ISC",
      "dependencies": {
        "@zerobias-org/vendor-slack": "latest"
      }
    },
    "node_modules/@zerobias-org/vendor-slack": {
      "version": "1.0.8",
      "resolved": "https://pkg.zerobias.org/@zerobias-org/vendor-slack/-/vendor-slack-1.0.8.tgz",
      "integrity": "sha512-DdO6j223uTM0u3FNx50LVsnbpqSZCtYrx2DrQiKgdtBpr16p6bG+P3fatnE5OhI1JkdAW+scu8cGXzC6d+rtpw=="
    }
  },
  "dependencies": {
    "@zerobias-org/vendor-slack": {
      "version": "1.0.8",
      "resolved": "https://pkg.zerobias.org/@zerobias-org/vendor-slack/-/vendor-slack-1.0.8.tgz",
      "integrity": "sha512-DdO6j223uTM0u3FNx50LVsnbpqSZCtYrx2DrQiKgdtBpr16p6bG+P3fatnE5OhI1JkdAW+scu8cGXzC6d+rtpw=="
    }
  }
}
