{
  "name": "@zerobias-org/product-slack-slack",
  "version": "1.1.7",
  "lockfileVersion": 3,
  "requires": true,
  "packages": {
    "": {
      "name": "@zerobias-org/product-slack-slack",
      "version": "1.1.7",
      "license": "ISC",
      "dependencies": {
        "@zerobias-org/vendor-slack": "latest"
      }
    },
    "node_modules/@zerobias-org/vendor-slack": {
      "version": "1.0.9",
      "resolved": "https://pkg.zerobias.org/@zerobias-org/vendor-slack/-/vendor-slack-1.0.9.tgz",
      "integrity": "sha512-epLx91gvqeo8xY1/0Stdme1FjzdQb3Dz9v5OSL4ZTTVzyIS7RRma8TtD6t8HjIckdPx8zlBMj2UvW/kyv+GkTg==",
      "license": "ISC"
    }
  }
}
