{
  "name": "@zerobias-org/product-slack-slack",
  "version": "2.0.2",
  "lockfileVersion": 3,
  "requires": true,
  "packages": {
    "": {
      "name": "@zerobias-org/product-slack-slack",
      "version": "2.0.2",
      "license": "ISC",
      "dependencies": {
        "@zerobias-org/vendor-slack": "*"
      }
    },
    "node_modules/@zerobias-org/vendor-slack": {
      "version": "2.0.1",
      "integrity": "sha512-MdZp8cSa6W16OLKjriNfjBb/0nd0oe32OZpJC0p4SCYFud5lNEMAv5igbgByQw2jXp4dxFw+fZub7p/TcttIXg==",
      "license": "ISC"
    }
  }
}
