{
  "name": "@zerobias-org/product-trello-trello",
  "version": "2.0.2",
  "lockfileVersion": 3,
  "requires": true,
  "packages": {
    "": {
      "name": "@zerobias-org/product-trello-trello",
      "version": "2.0.2",
      "license": "ISC",
      "dependencies": {
        "@zerobias-org/vendor-trello": "*"
      }
    },
    "node_modules/@zerobias-org/vendor-trello": {
      "version": "2.0.1",
      "integrity": "sha512-XgOJQ99QW4/4M7OneslA08dKBhJhkpNDHfsdAvWly3ea68wSUxHFuaJuj3b3sTwSjv8FI9gB4quYgefT8MwvPw==",
      "license": "ISC"
    }
  }
}
