{
  "name": "@zerobias-org/product-trello-trello",
  "version": "1.1.6",
  "lockfileVersion": 2,
  "requires": true,
  "packages": {
    "": {
      "name": "@zerobias-org/product-trello-trello",
      "version": "1.1.6",
      "license": "ISC",
      "dependencies": {
        "@zerobias-org/vendor-trello": "latest"
      }
    },
    "node_modules/@zerobias-org/vendor-trello": {
      "version": "1.0.9",
      "resolved": "https://pkg.zerobias.org/@zerobias-org/vendor-trello/-/vendor-trello-1.0.9.tgz",
      "integrity": "sha512-MkXvMRVvmVFfilZKrlYmiYelO8nRENDg3Sz4S9MdExWbW0px4i7WnryXQIZirGy4jNHlj0hme4ZXG+3xqzgGOA==",
      "license": "ISC"
    }
  },
  "dependencies": {
    "@zerobias-org/vendor-trello": {
      "version": "1.0.9",
      "resolved": "https://pkg.zerobias.org/@zerobias-org/vendor-trello/-/vendor-trello-1.0.9.tgz",
      "integrity": "sha512-MkXvMRVvmVFfilZKrlYmiYelO8nRENDg3Sz4S9MdExWbW0px4i7WnryXQIZirGy4jNHlj0hme4ZXG+3xqzgGOA=="
    }
  }
}
