{
  "name": "@zerobias-org/product-shortcut-shortcut",
  "version": "1.2.5",
  "lockfileVersion": 2,
  "requires": true,
  "packages": {
    "": {
      "name": "@zerobias-org/product-shortcut-shortcut",
      "version": "1.2.5",
      "license": "ISC",
      "dependencies": {
        "@zerobias-org/vendor-shortcut": "latest"
      }
    },
    "node_modules/@zerobias-org/vendor-shortcut": {
      "version": "1.0.8",
      "resolved": "https://pkg.zerobias.org/@zerobias-org/vendor-shortcut/-/vendor-shortcut-1.0.8.tgz",
      "integrity": "sha512-BDFXLlr+DsqfndTGB9DK6qntiAGP2J22yVmHQ98XG8LK2kUmoM29FE3cG/XLvf1JbQIx7D8KcHC1xJR4+DNDHw==",
      "license": "ISC"
    }
  },
  "dependencies": {
    "@zerobias-org/vendor-shortcut": {
      "version": "1.0.8",
      "resolved": "https://pkg.zerobias.org/@zerobias-org/vendor-shortcut/-/vendor-shortcut-1.0.8.tgz",
      "integrity": "sha512-BDFXLlr+DsqfndTGB9DK6qntiAGP2J22yVmHQ98XG8LK2kUmoM29FE3cG/XLvf1JbQIx7D8KcHC1xJR4+DNDHw=="
    }
  }
}
