{
  "name": "@zerobias-org/product-aiven-postgres",
  "version": "1.1.4",
  "lockfileVersion": 2,
  "requires": true,
  "packages": {
    "": {
      "name": "@zerobias-org/product-aiven-postgres",
      "version": "1.1.4",
      "license": "ISC",
      "dependencies": {
        "@zerobias-org/vendor-aiven": "latest"
      }
    },
    "node_modules/@zerobias-org/vendor-aiven": {
      "version": "1.0.8",
      "resolved": "https://pkg.zerobias.org/@zerobias-org/vendor-aiven/-/vendor-aiven-1.0.8.tgz",
      "integrity": "sha512-jC4aggJEt0Wyt5ZS9NyISipLPDXt6cwMk3UsK7yfljgZFJ/n2bYzRV3wC9Yjcf8AG32rUF3HXY3aasnQMOA2jQ=="
    }
  },
  "dependencies": {
    "@zerobias-org/vendor-aiven": {
      "version": "1.0.8",
      "resolved": "https://pkg.zerobias.org/@zerobias-org/vendor-aiven/-/vendor-aiven-1.0.8.tgz",
      "integrity": "sha512-jC4aggJEt0Wyt5ZS9NyISipLPDXt6cwMk3UsK7yfljgZFJ/n2bYzRV3wC9Yjcf8AG32rUF3HXY3aasnQMOA2jQ=="
    }
  }
}
