{
  "name": "@zerobias-org/product-iatric-jaguar",
  "version": "1.0.0-rc.1",
  "lockfileVersion": 3,
  "requires": true,
  "packages": {
    "": {
      "name": "@zerobias-org/product-iatric-jaguar",
      "version": "1.0.0-rc.1",
      "license": "ISC",
      "dependencies": {
        "@zerobias-org/vendor-iatric": "*"
      }
    },
    "node_modules/@zerobias-org/vendor-iatric": {
      "version": "1.0.1",
      "integrity": "sha512-uEW7iVyz3CDD5O7Iq2ajaq1TJUO9AFez45UzuxfVH6Q/c/ZLvEAuq0yKFUO9ubyJ+ArTBU0u0LBEkuaHH7SqeA==",
      "license": "ISC"
    }
  }
}
