{
  "name": "@auditlogic/product-hl7-hl7",
  "version": "1.0.0",
  "lockfileVersion": 2,
  "requires": true,
  "packages": {
    "": {
      "name": "@auditlogic/product-hl7-hl7",
      "version": "1.0.0",
      "license": "ISC",
      "dependencies": {
        "@auditlogic/product_category-auditlogic-assetmanagement": "^1.0.2",
        "@auditlogic/vendor-hl7": "^1.0.0"
      }
    },
    "node_modules/@auditlogic/product_category-auditlogic-assetmanagement": {
      "version": "1.0.2",
      "resolved": "https://npm.pkg.github.com/download/@auditlogic/product_category-auditlogic-assetmanagement/1.0.2/2d4e769bf1943108a98dcffff9639a16b3afe05f",
      "integrity": "sha512-NndP1We+ETNbuxQmCQxd6IQJAb6fsPK5Vz8Owjh2A/BxtJIoAK1FCP74+bGHCUsEIouORD68LELVPyaseyVg4w==",
      "license": "ISC"
    },
    "node_modules/@auditlogic/vendor-hl7": {
      "version": "1.0.0",
      "resolved": "https://npm.pkg.github.com/download/@auditlogic/vendor-hl7/1.0.0/9d95a87f63ca0f07fc6d26ab4810ab0cc0847b2f",
      "integrity": "sha512-0G7NJ5eanmsyu2T/0KZTlvhxLWsmgA/S9qaiOJAZGD2hKyiiL9DyNWyENw5tlxSPzDTXmI4Cg8limjg9XxZzXA==",
      "license": "ISC"
    }
  },
  "dependencies": {
    "@auditlogic/product_category-auditlogic-assetmanagement": {
      "version": "1.0.2",
      "resolved": "https://npm.pkg.github.com/download/@auditlogic/product_category-auditlogic-assetmanagement/1.0.2/2d4e769bf1943108a98dcffff9639a16b3afe05f",
      "integrity": "sha512-NndP1We+ETNbuxQmCQxd6IQJAb6fsPK5Vz8Owjh2A/BxtJIoAK1FCP74+bGHCUsEIouORD68LELVPyaseyVg4w=="
    },
    "@auditlogic/vendor-hl7": {
      "version": "1.0.0",
      "resolved": "https://npm.pkg.github.com/download/@auditlogic/vendor-hl7/1.0.0/9d95a87f63ca0f07fc6d26ab4810ab0cc0847b2f",
      "integrity": "sha512-0G7NJ5eanmsyu2T/0KZTlvhxLWsmgA/S9qaiOJAZGD2hKyiiL9DyNWyENw5tlxSPzDTXmI4Cg8limjg9XxZzXA=="
    }
  }
}
