{
  "name": "@zerobias-org/product-hl7-hl7",
  "version": "1.0.1",
  "lockfileVersion": 3,
  "requires": true,
  "packages": {
    "": {
      "name": "@zerobias-org/product-hl7-hl7",
      "version": "1.0.1",
      "license": "ISC",
      "dependencies": {
        "@zerobias-org/vendor-hl7": "latest"
      }
    },
    "node_modules/@zerobias-org/vendor-hl7": {
      "version": "1.0.2",
      "resolved": "https://pkg.zerobias.org/@zerobias-org/vendor-hl7/-/vendor-hl7-1.0.2.tgz",
      "integrity": "sha512-+w+B6N1mIfWuAggfLRrti8SfZ2uH28n5BwqFyPD7yrHEEwhuwUhMF79Twm3F9mF94SoOoCC4ZR9aHseOkRAUvw==",
      "license": "ISC"
    }
  }
}
