{
  "name": "@zerobias-org/product-git-git",
  "version": "1.1.8",
  "lockfileVersion": 2,
  "requires": true,
  "packages": {
    "": {
      "name": "@zerobias-org/product-git-git",
      "version": "1.1.8",
      "license": "ISC",
      "dependencies": {
        "@zerobias-org/vendor-git": "latest"
      }
    },
    "node_modules/@zerobias-org/vendor-git": {
      "version": "1.0.10",
      "resolved": "https://pkg.zerobias.org/@zerobias-org/vendor-git/-/vendor-git-1.0.10.tgz",
      "integrity": "sha512-bKHj9hUhiKh56HqEt/xoNXcoIl5nDWP8old3JyhpQuCEPHow8aI0Sqy+vwp/EkeR/5YW6p54Bw4+PbM1wungHw==",
      "license": "ISC"
    }
  },
  "dependencies": {
    "@zerobias-org/vendor-git": {
      "version": "1.0.10",
      "resolved": "https://pkg.zerobias.org/@zerobias-org/vendor-git/-/vendor-git-1.0.10.tgz",
      "integrity": "sha512-bKHj9hUhiKh56HqEt/xoNXcoIl5nDWP8old3JyhpQuCEPHow8aI0Sqy+vwp/EkeR/5YW6p54Bw4+PbM1wungHw=="
    }
  }
}
