{
  "name": "@zerobias-org/product-git-git",
  "version": "1.1.7",
  "lockfileVersion": 2,
  "requires": true,
  "packages": {
    "": {
      "name": "@zerobias-org/product-git-git",
      "version": "1.1.7",
      "license": "ISC",
      "dependencies": {
        "@zerobias-org/vendor-git": "latest"
      }
    },
    "node_modules/@zerobias-org/vendor-git": {
      "version": "1.0.9",
      "resolved": "https://pkg.zerobias.org/@zerobias-org/vendor-git/-/vendor-git-1.0.9.tgz",
      "integrity": "sha512-jePL0dTjNQs/HoO8ou4IolpBjDty/0Rz8DNxWRcUymuvQi+AqXe7XamJrkNnMlncImiuEfcjQEzRUH+MUsaYBw=="
    }
  },
  "dependencies": {
    "@zerobias-org/vendor-git": {
      "version": "1.0.9",
      "resolved": "https://pkg.zerobias.org/@zerobias-org/vendor-git/-/vendor-git-1.0.9.tgz",
      "integrity": "sha512-jePL0dTjNQs/HoO8ou4IolpBjDty/0Rz8DNxWRcUymuvQi+AqXe7XamJrkNnMlncImiuEfcjQEzRUH+MUsaYBw=="
    }
  }
}
