{
  "name": "@auditlogic/product-cisco-firewallmc",
  "version": "0.2.3",
  "lockfileVersion": 2,
  "requires": true,
  "packages": {
    "": {
      "name": "@auditlogic/product-cisco-firewallmc",
      "version": "0.2.3",
      "license": "ISC",
      "dependencies": {
        "@auditlogic/product_category-auditlogic-itsm": "latest",
        "@auditlogic/vendor-cisco": "^1.0.7"
      }
    },
    "node_modules/@auditlogic/product_category-auditlogic-itsm": {
      "version": "1.0.2",
      "resolved": "https://npm.pkg.github.com/download/@auditlogic/product_category-auditlogic-itsm/1.0.2/6bf19fbf2bdd0b8387b63ac29b279333da6acc53",
      "integrity": "sha512-Ays8OFhJ+42yg+60nlioQohwE7qbBinvT3AlxclSExoDQjjRIuGU/V3xR1wHdc5yIQMb1bvVUNMjMF/Cz5VIxw==",
      "license": "ISC"
    },
    "node_modules/@auditlogic/vendor-cisco": {
      "version": "1.0.8",
      "resolved": "https://npm.pkg.github.com/download/@auditlogic/vendor-cisco/1.0.8/e40639f8d5ba8d9263a1e59f1b91d9656477f417",
      "integrity": "sha512-mmjzBmy43wnzYqHY9FsrBhl/na2FAWzHAf4aKPvtdHP8KmSMZ5kpa9yU8rrEpbtTmefZ6jWbefs35P4dwA0mJA==",
      "license": "ISC"
    }
  },
  "dependencies": {
    "@auditlogic/product_category-auditlogic-itsm": {
      "version": "1.0.2",
      "resolved": "https://npm.pkg.github.com/download/@auditlogic/product_category-auditlogic-itsm/1.0.2/6bf19fbf2bdd0b8387b63ac29b279333da6acc53",
      "integrity": "sha512-Ays8OFhJ+42yg+60nlioQohwE7qbBinvT3AlxclSExoDQjjRIuGU/V3xR1wHdc5yIQMb1bvVUNMjMF/Cz5VIxw=="
    },
    "@auditlogic/vendor-cisco": {
      "version": "1.0.8",
      "resolved": "https://npm.pkg.github.com/download/@auditlogic/vendor-cisco/1.0.8/e40639f8d5ba8d9263a1e59f1b91d9656477f417",
      "integrity": "sha512-mmjzBmy43wnzYqHY9FsrBhl/na2FAWzHAf4aKPvtdHP8KmSMZ5kpa9yU8rrEpbtTmefZ6jWbefs35P4dwA0mJA=="
    }
  }
}
