{
  "name": "@auditlogic/product-jamf-connect",
  "version": "1.1.3",
  "lockfileVersion": 2,
  "requires": true,
  "packages": {
    "": {
      "name": "@auditlogic/product-jamf-connect",
      "version": "1.1.3",
      "license": "ISC",
      "dependencies": {
        "@auditlogic/product_category-auditlogic-iam": "latest",
        "@auditlogic/vendor-jamf": "^1.0.6"
      }
    },
    "node_modules/@auditlogic/product_category-auditlogic-iam": {
      "version": "1.0.2",
      "resolved": "https://npm.pkg.github.com/download/@auditlogic/product_category-auditlogic-iam/1.0.2/3ad1244cac996455ace81f86d03ffcc226fe4092",
      "integrity": "sha512-Z8EMURTZwFYZQdWoav+CXCbam9HQuEPRGJrzuHCi67gDEGxQBaR3+dRgXTZs/7yfeI8fUgVde+xFtxr2AjoHGw==",
      "license": "ISC"
    },
    "node_modules/@auditlogic/vendor-jamf": {
      "version": "1.0.7",
      "resolved": "https://npm.pkg.github.com/download/@auditlogic/vendor-jamf/1.0.7/fdd2142f9882f586adb165012706ced2852e04db",
      "integrity": "sha512-grIYaGnSvGQg7Uu1mihUhOL5kMApZUVGnYChu2KfyB3yVEEDmozwE9GO8qOoUn7MwX+pZcz2E6ldLx8J1H0BdQ==",
      "license": "ISC"
    }
  },
  "dependencies": {
    "@auditlogic/product_category-auditlogic-iam": {
      "version": "1.0.2",
      "resolved": "https://npm.pkg.github.com/download/@auditlogic/product_category-auditlogic-iam/1.0.2/3ad1244cac996455ace81f86d03ffcc226fe4092",
      "integrity": "sha512-Z8EMURTZwFYZQdWoav+CXCbam9HQuEPRGJrzuHCi67gDEGxQBaR3+dRgXTZs/7yfeI8fUgVde+xFtxr2AjoHGw=="
    },
    "@auditlogic/vendor-jamf": {
      "version": "1.0.7",
      "resolved": "https://npm.pkg.github.com/download/@auditlogic/vendor-jamf/1.0.7/fdd2142f9882f586adb165012706ced2852e04db",
      "integrity": "sha512-grIYaGnSvGQg7Uu1mihUhOL5kMApZUVGnYChu2KfyB3yVEEDmozwE9GO8qOoUn7MwX+pZcz2E6ldLx8J1H0BdQ=="
    }
  }
}
