{
  "name": "@zerobias-org/product-certn-certn",
  "version": "1.2.4",
  "lockfileVersion": 3,
  "requires": true,
  "packages": {
    "": {
      "name": "@zerobias-org/product-certn-certn",
      "version": "1.2.4",
      "license": "ISC",
      "dependencies": {
        "@zerobias-org/vendor-certn": "latest"
      }
    },
    "node_modules/@zerobias-org/vendor-certn": {
      "version": "1.0.9",
      "resolved": "https://pkg.zerobias.org/@zerobias-org/vendor-certn/-/vendor-certn-1.0.9.tgz",
      "integrity": "sha512-qHMhNhvGRUqor4B5tYmyPODu29hS7Bq39ZmyEVL4Zcrnpkqg7cKx8SuRm0FU17K5yttXzKarEAkpA0FoCoPsvg==",
      "license": "ISC"
    }
  }
}
