{
  "name": "@zerobias-org/product-rippling-rippling",
  "version": "1.1.4",
  "lockfileVersion": 3,
  "requires": true,
  "packages": {
    "": {
      "name": "@zerobias-org/product-rippling-rippling",
      "version": "1.1.4",
      "license": "ISC",
      "dependencies": {
        "@zerobias-org/vendor-rippling": "latest"
      }
    },
    "node_modules/@zerobias-org/vendor-rippling": {
      "version": "1.0.8",
      "resolved": "https://pkg.zerobias.org/@zerobias-org/vendor-rippling/-/vendor-rippling-1.0.8.tgz",
      "integrity": "sha512-bvodM67J2z03zA9I7ldC0gk6ItLZbU88FHdSA9mrAWta7XWV/gdaUv7BXaClkfmN3TzZRj7QKV7vqId/m5ofAQ==",
      "license": "ISC"
    }
  }
}
