{
  "name": "@zerobias-org/product-miraxr-cybercommand",
  "version": "1.0.1",
  "lockfileVersion": 2,
  "requires": true,
  "packages": {
    "": {
      "name": "@zerobias-org/product-miraxr-cybercommand",
      "version": "1.0.1",
      "license": "ISC",
      "dependencies": {
        "@zerobias-org/vendor-miraxr": "latest"
      }
    },
    "node_modules/@zerobias-org/vendor-miraxr": {
      "version": "1.0.2",
      "resolved": "https://pkg.zerobias.org/@zerobias-org/vendor-miraxr/-/vendor-miraxr-1.0.2.tgz",
      "integrity": "sha512-B2jy/PmizHEwuaFx9Y+KQzm5YSv258QhYwlugtI4v1pPuXK6vh4hECK9ZvF0q+4H1093Mlxu+R4XEqXFUv406Q=="
    }
  },
  "dependencies": {
    "@zerobias-org/vendor-miraxr": {
      "version": "1.0.2",
      "resolved": "https://pkg.zerobias.org/@zerobias-org/vendor-miraxr/-/vendor-miraxr-1.0.2.tgz",
      "integrity": "sha512-B2jy/PmizHEwuaFx9Y+KQzm5YSv258QhYwlugtI4v1pPuXK6vh4hECK9ZvF0q+4H1093Mlxu+R4XEqXFUv406Q=="
    }
  }
}
