{
  "name": "@auditlogic/product-miraxr-cybercommand",
  "version": "1.0.0",
  "lockfileVersion": 2,
  "requires": true,
  "packages": {
    "": {
      "name": "@auditlogic/product-miraxr-cybercommand",
      "version": "1.0.0",
      "license": "ISC",
      "dependencies": {
        "@auditlogic/product_category-auditlogic-cybersecurity": "^1.0.2",
        "@auditlogic/vendor-miraxr": "^1.0.0"
      }
    },
    "node_modules/@auditlogic/product_category-auditlogic-cybersecurity": {
      "version": "1.0.2",
      "resolved": "https://npm.pkg.github.com/download/@auditlogic/product_category-auditlogic-cybersecurity/1.0.2/53f309c7722c97d8f1ab325707d4fe772f04e066",
      "integrity": "sha512-Pu9Qkq5Cpr57I8fa4PJWwLVxqJWyusR0LjC3/lLm84BrGiR64ZQeCMpwMQQGWyJyMEesBZPR4i3M2P+nv0KxyQ==",
      "license": "ISC"
    },
    "node_modules/@auditlogic/vendor-miraxr": {
      "version": "1.0.0",
      "resolved": "https://npm.pkg.github.com/download/@auditlogic/vendor-miraxr/1.0.0/2304165aae1992ffab793d31498eecf05105c928",
      "integrity": "sha512-kktMTo5Tx8t8lz7Y0DTeXKDoDp5k25iJJ4w8OnRGn1ZZWjOymWWlygx/N+gGnVvkTtyFzvE0WUFkQURGrMdtoQ==",
      "license": "ISC"
    }
  },
  "dependencies": {
    "@auditlogic/product_category-auditlogic-cybersecurity": {
      "version": "1.0.2",
      "resolved": "https://npm.pkg.github.com/download/@auditlogic/product_category-auditlogic-cybersecurity/1.0.2/53f309c7722c97d8f1ab325707d4fe772f04e066",
      "integrity": "sha512-Pu9Qkq5Cpr57I8fa4PJWwLVxqJWyusR0LjC3/lLm84BrGiR64ZQeCMpwMQQGWyJyMEesBZPR4i3M2P+nv0KxyQ=="
    },
    "@auditlogic/vendor-miraxr": {
      "version": "1.0.0",
      "resolved": "https://npm.pkg.github.com/download/@auditlogic/vendor-miraxr/1.0.0/2304165aae1992ffab793d31498eecf05105c928",
      "integrity": "sha512-kktMTo5Tx8t8lz7Y0DTeXKDoDp5k25iJJ4w8OnRGn1ZZWjOymWWlygx/N+gGnVvkTtyFzvE0WUFkQURGrMdtoQ=="
    }
  }
}
