{
  "name": "@zerobias-org/product-karmacheck-karmacheck",
  "version": "1.1.4",
  "lockfileVersion": 2,
  "requires": true,
  "packages": {
    "": {
      "name": "@zerobias-org/product-karmacheck-karmacheck",
      "version": "1.1.4",
      "license": "ISC",
      "dependencies": {
        "@zerobias-org/vendor-karmacheck": "latest"
      }
    },
    "node_modules/@zerobias-org/vendor-karmacheck": {
      "version": "1.0.9",
      "resolved": "https://pkg.zerobias.org/@zerobias-org/vendor-karmacheck/-/vendor-karmacheck-1.0.9.tgz",
      "integrity": "sha512-I3mDJw2yRqP+G+HEROVA/1jZk/oher/YkSShagBlPFujE5VqD2mveks/L1ejVRN075lgQP4AUAKWM8CkKuSB1w=="
    }
  },
  "dependencies": {
    "@zerobias-org/vendor-karmacheck": {
      "version": "1.0.9",
      "resolved": "https://pkg.zerobias.org/@zerobias-org/vendor-karmacheck/-/vendor-karmacheck-1.0.9.tgz",
      "integrity": "sha512-I3mDJw2yRqP+G+HEROVA/1jZk/oher/YkSShagBlPFujE5VqD2mveks/L1ejVRN075lgQP4AUAKWM8CkKuSB1w=="
    }
  }
}
