{
  "name": "@zerobias-org/product-freshworks-freshworks",
  "version": "1.1.5",
  "lockfileVersion": 3,
  "requires": true,
  "packages": {
    "": {
      "name": "@zerobias-org/product-freshworks-freshworks",
      "version": "1.1.5",
      "license": "ISC",
      "dependencies": {
        "@zerobias-org/vendor-freshworks": "latest"
      }
    },
    "node_modules/@zerobias-org/vendor-freshworks": {
      "version": "1.0.9",
      "resolved": "https://pkg.zerobias.org/@zerobias-org/vendor-freshworks/-/vendor-freshworks-1.0.9.tgz",
      "integrity": "sha512-txKJJbp9hWleg6y9ujQzJ6R+gg4S7UHZ0YXd+3Nc4Pe4h2wdPNpN76wZ4CF+tUWclrh7sHqpXkZ0UWN5Tcmr8A==",
      "license": "ISC"
    }
  }
}
