{
  "name": "@zerobias-org/product-freshworks-freshworks",
  "version": "2.0.2",
  "lockfileVersion": 3,
  "requires": true,
  "packages": {
    "": {
      "name": "@zerobias-org/product-freshworks-freshworks",
      "version": "2.0.2",
      "license": "ISC",
      "dependencies": {
        "@zerobias-org/vendor-freshworks": "*"
      }
    },
    "node_modules/@zerobias-org/vendor-freshworks": {
      "version": "2.0.1",
      "integrity": "sha512-NHmNm3gNeMXEdqFwQ2REzn3ObfgRh6x6P3tkvW+xrLdQ8I81cMsafSOFHt7zCJtX/u75vZ2j2n2kt9Y5uJlr6Q==",
      "license": "ISC"
    }
  }
}
