{
  "name": "@zerobias-org/product-zendesk-livechat",
  "version": "1.1.4",
  "lockfileVersion": 3,
  "requires": true,
  "packages": {
    "": {
      "name": "@zerobias-org/product-zendesk-livechat",
      "version": "1.1.4",
      "license": "ISC",
      "dependencies": {
        "@zerobias-org/vendor-zendesk": "latest"
      }
    },
    "node_modules/@zerobias-org/vendor-zendesk": {
      "version": "1.0.9",
      "resolved": "https://pkg.zerobias.org/@zerobias-org/vendor-zendesk/-/vendor-zendesk-1.0.9.tgz",
      "integrity": "sha512-CHeJ5k4jgxyy4/dL2ViKnKGOint9hcQqR75HTsrrBayhktEj66F4hQbgGWU/Zx7q/iJauAyZJtPe94IKskm6rg==",
      "license": "ISC"
    }
  }
}
