{
  "name": "@zerobias-org/product-qualys-qualysplatform",
  "version": "2.0.2",
  "lockfileVersion": 3,
  "requires": true,
  "packages": {
    "": {
      "name": "@zerobias-org/product-qualys-qualysplatform",
      "version": "2.0.2",
      "license": "ISC",
      "dependencies": {
        "@zerobias-org/vendor-qualys": "*"
      }
    },
    "node_modules/@zerobias-org/vendor-qualys": {
      "version": "1.0.1",
      "integrity": "sha512-sjKMFFtQuDhbHqpsmJVi3dFCs+uTuj1dEW+aH01DhD8JVDd8mtegTGN3aVzIlIy+Wu2plOF8GfexYCFUYp6XSw==",
      "license": "ISC"
    }
  }
}
