{
  "name": "@zerobias-org/product-lastpass-lastpass",
  "version": "2.0.2",
  "lockfileVersion": 3,
  "requires": true,
  "packages": {
    "": {
      "name": "@zerobias-org/product-lastpass-lastpass",
      "version": "2.0.2",
      "license": "ISC",
      "dependencies": {
        "@zerobias-org/vendor-lastpass": "*"
      }
    },
    "node_modules/@zerobias-org/vendor-lastpass": {
      "version": "1.0.1",
      "integrity": "sha512-pZGs0gM5SnEwBtuiy59fWRRzucG8Nm5pfxsxqHgPcFVHIz+7rjh0utcNyziOng/GWHKZ4f2CJMnOtkIBwFxZhA==",
      "license": "ISC"
    }
  }
}
