{
  "name": "@zerobias-org/product-hudu-hudu",
  "version": "0.5.5",
  "lockfileVersion": 2,
  "requires": true,
  "packages": {
    "": {
      "name": "@zerobias-org/product-hudu-hudu",
      "version": "0.5.5",
      "license": "ISC",
      "dependencies": {
        "@zerobias-org/vendor-hudu": "latest"
      }
    },
    "node_modules/@zerobias-org/vendor-hudu": {
      "version": "0.2.2",
      "resolved": "https://pkg.zerobias.org/@zerobias-org/vendor-hudu/-/vendor-hudu-0.2.2.tgz",
      "integrity": "sha512-iHBhXXzVHjmz+KwAzBjIPD+pzKmxjGEkZPlT7RxzARGBt+TpprNgZMdc6jeOJoVkP6MoNVmAEAa3WFt6pvJ0Ig==",
      "license": "ISC"
    }
  },
  "dependencies": {
    "@zerobias-org/vendor-hudu": {
      "version": "0.2.2",
      "resolved": "https://pkg.zerobias.org/@zerobias-org/vendor-hudu/-/vendor-hudu-0.2.2.tgz",
      "integrity": "sha512-iHBhXXzVHjmz+KwAzBjIPD+pzKmxjGEkZPlT7RxzARGBt+TpprNgZMdc6jeOJoVkP6MoNVmAEAa3WFt6pvJ0Ig=="
    }
  }
}
