{
  "name": "@auditlogic/product-hudu-hudu",
  "version": "0.5.3",
  "lockfileVersion": 2,
  "requires": true,
  "packages": {
    "": {
      "name": "@auditlogic/product-hudu-hudu",
      "version": "0.5.3",
      "license": "ISC",
      "dependencies": {
        "@auditlogic/product_category-auditlogic-dev_tools": "latest",
        "@auditlogic/vendor-hudu": "^0.2.0"
      }
    },
    "node_modules/@auditlogic/product_category-auditlogic-dev_tools": {
      "version": "1.0.2",
      "resolved": "https://npm.pkg.github.com/download/@auditlogic/product_category-auditlogic-dev_tools/1.0.2/27d9b8f77525ce5075187b804780a3d9e71f0da4",
      "integrity": "sha512-RUkxDrLQDvueb2aAspA43tkMHDPjcU2l0TFhqVT2myJMFZQNuohRHYy24du6mV5UPnsc9VuNMbX9qJalv0usZA==",
      "license": "ISC"
    },
    "node_modules/@auditlogic/vendor-hudu": {
      "version": "0.2.0",
      "resolved": "https://npm.pkg.github.com/download/@auditlogic/vendor-hudu/0.2.0/7e3a214de19623b5a24df46979bcce15b3267e2b",
      "integrity": "sha512-BhZ8z5S5zBMFLN9XaDJG2PpoATrWTBQeBcd7ZrQYidtCVhr+UX/9b/sAtySc/Ifvs8LDfqFpyZEz4n+Cy+92Yw==",
      "license": "ISC"
    }
  },
  "dependencies": {
    "@auditlogic/product_category-auditlogic-dev_tools": {
      "version": "1.0.2",
      "resolved": "https://npm.pkg.github.com/download/@auditlogic/product_category-auditlogic-dev_tools/1.0.2/27d9b8f77525ce5075187b804780a3d9e71f0da4",
      "integrity": "sha512-RUkxDrLQDvueb2aAspA43tkMHDPjcU2l0TFhqVT2myJMFZQNuohRHYy24du6mV5UPnsc9VuNMbX9qJalv0usZA=="
    },
    "@auditlogic/vendor-hudu": {
      "version": "0.2.0",
      "resolved": "https://npm.pkg.github.com/download/@auditlogic/vendor-hudu/0.2.0/7e3a214de19623b5a24df46979bcce15b3267e2b",
      "integrity": "sha512-BhZ8z5S5zBMFLN9XaDJG2PpoATrWTBQeBcd7ZrQYidtCVhr+UX/9b/sAtySc/Ifvs8LDfqFpyZEz4n+Cy+92Yw=="
    }
  }
}
