{
  "name": "@auditlogic/product-okta-okta",
  "version": "1.1.6",
  "lockfileVersion": 3,
  "requires": true,
  "packages": {
    "": {
      "name": "@auditlogic/product-okta-okta",
      "version": "1.1.6",
      "license": "ISC",
      "dependencies": {
        "@auditlogic/product_category-auditlogic-iam": "latest",
        "@auditlogic/product_category-auditlogic-mobile": "latest",
        "@auditlogic/vendor-okta": "^1.0.7"
      }
    },
    "node_modules/@auditlogic/product_category-auditlogic-iam": {
      "version": "1.0.2",
      "resolved": "https://npm.pkg.github.com/download/@auditlogic/product_category-auditlogic-iam/1.0.2/3ad1244cac996455ace81f86d03ffcc226fe4092",
      "integrity": "sha512-Z8EMURTZwFYZQdWoav+CXCbam9HQuEPRGJrzuHCi67gDEGxQBaR3+dRgXTZs/7yfeI8fUgVde+xFtxr2AjoHGw==",
      "license": "ISC"
    },
    "node_modules/@auditlogic/product_category-auditlogic-mobile": {
      "version": "1.0.2",
      "resolved": "https://npm.pkg.github.com/download/@auditlogic/product_category-auditlogic-mobile/1.0.2/f80b71f1a65cb97de82513d15358c80a4b68d4f3",
      "integrity": "sha512-CGy1gwjQ3X99rJ1PZ6U6WW5tjeVG4YOkv3QRm+hOdK8E+afC70VUWMq2l2a3jjgFjIdzWma64OTKOyOGMeX3Vw==",
      "license": "ISC"
    },
    "node_modules/@auditlogic/vendor-okta": {
      "version": "1.0.7",
      "resolved": "https://npm.pkg.github.com/download/@auditlogic/vendor-okta/1.0.7/fdf0a618d1ecae702b4352395ac898c9ff6ec817",
      "integrity": "sha512-dxx+RJ/J8my1BQjT/+0DQjyRQgyAOUxOWMMkZ07ZBKyi3LRw5ZlQtO+GmkhN5nRLzjFtv/0ciRvGePd2Y5kAzQ==",
      "license": "ISC"
    }
  }
}
