{
  "name": "@zerobias-org/product-microsoft-azure-entra",
  "version": "2.0.2",
  "lockfileVersion": 3,
  "requires": true,
  "packages": {
    "": {
      "name": "@zerobias-org/product-microsoft-azure-entra",
      "version": "2.0.2",
      "license": "ISC",
      "dependencies": {
        "@zerobias-org/segment-zerobias-d_ba": "*",
        "@zerobias-org/suite-microsoft-azure": "*",
        "@zerobias-org/vendor-microsoft": "*"
      }
    },
    "node_modules/@auditlogic/vendor-zerobias": {
      "version": "1.0.0",
      "integrity": "sha512-+rgU3lJDY04mkQxk8jwKWtCTDVUIDxH5YitnJbp3gNecFqCIIaq6GUXH06ZMSi8pcivWMOuYilyXPYdVlmT2Gw==",
      "license": "ISC"
    },
    "node_modules/@zerobias-org/segment_type-zerobias": {
      "version": "1.0.15",
      "integrity": "sha512-nYJGXCMnk0LEkogHobbS7+HwRr4aSY2yj1wiG9HqZ6aCKDja2PSha5AVzQFUUY4nN5QlCJoDdKiQPKiqxPf4uw==",
      "license": "ISC",
      "dependencies": {
        "@auditlogic/vendor-zerobias": "^1.0.0"
      }
    },
    "node_modules/@zerobias-org/segment-zerobias-d_ba": {
      "version": "2.0.0",
      "integrity": "sha512-8TkZavm0Ib1wOyk5A2aWucal1cwOADSMVE2/7hIl4PM2jSUCItZMgh4vJnHBu/wdbHR+ZPcn1Cgcx2uBO4Empw==",
      "license": "ISC",
      "dependencies": {
        "@auditlogic/vendor-zerobias": "latest",
        "@zerobias-org/segment_type-zerobias": "latest"
      }
    },
    "node_modules/@zerobias-org/suite-microsoft-azure": {
      "version": "2.0.2",
      "integrity": "sha512-j4XOjxe5FKWKc9mF7KXLbN6T5wE+iqQt0RbmdfGAbef98Xxwz5hBuFAQ4c2YApTwFQGuDedtb/uy9o0mwkQIsw==",
      "license": "ISC",
      "dependencies": {
        "@zerobias-org/vendor-microsoft": "*"
      }
    },
    "node_modules/@zerobias-org/vendor-microsoft": {
      "version": "2.0.3",
      "integrity": "sha512-7dOtpLBxdC3bpgMOeDVlWx5PFUdrwjvPwXTPtL7b3v/jk6sTCGq6oNPUbkm/OvSZpuC2OK+R48S2hFPYzr+qgA==",
      "license": "ISC"
    }
  }
}
