{
  "name": "@zerobias-org/product-microsoft-azure-entra",
  "version": "1.0.1",
  "lockfileVersion": 2,
  "requires": true,
  "packages": {
    "": {
      "name": "@zerobias-org/product-microsoft-azure-entra",
      "version": "1.0.1",
      "license": "ISC",
      "dependencies": {
        "@zerobias-org/segment-zerobias-d_ba": "latest",
        "@zerobias-org/suite-microsoft-azure": "latest",
        "@zerobias-org/vendor-microsoft": "latest"
      }
    },
    "node_modules/@auditlogic/vendor-zerobias": {
      "version": "1.0.0",
      "resolved": "https://pkg.zerobias.org/@auditlogic/vendor-zerobias/-/e051a99849948ce67721da0d5215aae8e293906e",
      "integrity": "sha512-+rgU3lJDY04mkQxk8jwKWtCTDVUIDxH5YitnJbp3gNecFqCIIaq6GUXH06ZMSi8pcivWMOuYilyXPYdVlmT2Gw=="
    },
    "node_modules/@zerobias-org/segment_type-zerobias": {
      "version": "1.0.15",
      "resolved": "https://pkg.zerobias.org/@zerobias-org/segment_type-zerobias/-/segment_type-zerobias-1.0.15.tgz",
      "integrity": "sha512-nYJGXCMnk0LEkogHobbS7+HwRr4aSY2yj1wiG9HqZ6aCKDja2PSha5AVzQFUUY4nN5QlCJoDdKiQPKiqxPf4uw==",
      "dependencies": {
        "@auditlogic/vendor-zerobias": "^1.0.0"
      }
    },
    "node_modules/@zerobias-org/segment-zerobias-d_ba": {
      "version": "1.0.17",
      "resolved": "https://pkg.zerobias.org/@zerobias-org/segment-zerobias-d_ba/-/segment-zerobias-d_ba-1.0.17.tgz",
      "integrity": "sha512-x3usYVWesu61McKUZJppCcCE1XnlnG1qaPdq5FAR0R5RtJWvk0YQOsuqBw8sqkpAt1rsX2xSeD7IAdu1q2SEtg==",
      "dependencies": {
        "@auditlogic/vendor-zerobias": "latest",
        "@zerobias-org/segment_type-zerobias": "latest"
      }
    },
    "node_modules/@zerobias-org/suite-microsoft-azure": {
      "version": "1.0.11",
      "resolved": "https://pkg.zerobias.org/@zerobias-org/suite-microsoft-azure/-/suite-microsoft-azure-1.0.11.tgz",
      "integrity": "sha512-9KB8ef5nXugxhCyfgZDZP/zCeh3ETn2+R7aeb5QoZWn6WlFQPoaoNEmeRY1m1qvOXAcmHUHZaV/2n/gwhUVsMQ==",
      "dependencies": {
        "@zerobias-org/vendor-microsoft": "latest"
      }
    },
    "node_modules/@zerobias-org/vendor-microsoft": {
      "version": "1.0.8",
      "resolved": "https://pkg.zerobias.org/@zerobias-org/vendor-microsoft/-/vendor-microsoft-1.0.8.tgz",
      "integrity": "sha512-QlTtGEH38cMDqWRJPs6jVEnJUZhwEIuGUYoGJGIhk/XzzwelaOdtqKymwX1adN7pC5fQaZ+UtGV2xmISx8C9yQ=="
    }
  },
  "dependencies": {
    "@auditlogic/vendor-zerobias": {
      "version": "1.0.0",
      "resolved": "https://pkg.zerobias.org/@auditlogic/vendor-zerobias/-/e051a99849948ce67721da0d5215aae8e293906e",
      "integrity": "sha512-+rgU3lJDY04mkQxk8jwKWtCTDVUIDxH5YitnJbp3gNecFqCIIaq6GUXH06ZMSi8pcivWMOuYilyXPYdVlmT2Gw=="
    },
    "@zerobias-org/segment_type-zerobias": {
      "version": "1.0.15",
      "resolved": "https://pkg.zerobias.org/@zerobias-org/segment_type-zerobias/-/segment_type-zerobias-1.0.15.tgz",
      "integrity": "sha512-nYJGXCMnk0LEkogHobbS7+HwRr4aSY2yj1wiG9HqZ6aCKDja2PSha5AVzQFUUY4nN5QlCJoDdKiQPKiqxPf4uw==",
      "requires": {
        "@auditlogic/vendor-zerobias": "^1.0.0"
      }
    },
    "@zerobias-org/segment-zerobias-d_ba": {
      "version": "1.0.17",
      "resolved": "https://pkg.zerobias.org/@zerobias-org/segment-zerobias-d_ba/-/segment-zerobias-d_ba-1.0.17.tgz",
      "integrity": "sha512-x3usYVWesu61McKUZJppCcCE1XnlnG1qaPdq5FAR0R5RtJWvk0YQOsuqBw8sqkpAt1rsX2xSeD7IAdu1q2SEtg==",
      "requires": {
        "@auditlogic/vendor-zerobias": "latest",
        "@zerobias-org/segment_type-zerobias": "latest"
      }
    },
    "@zerobias-org/suite-microsoft-azure": {
      "version": "1.0.11",
      "resolved": "https://pkg.zerobias.org/@zerobias-org/suite-microsoft-azure/-/suite-microsoft-azure-1.0.11.tgz",
      "integrity": "sha512-9KB8ef5nXugxhCyfgZDZP/zCeh3ETn2+R7aeb5QoZWn6WlFQPoaoNEmeRY1m1qvOXAcmHUHZaV/2n/gwhUVsMQ==",
      "requires": {
        "@zerobias-org/vendor-microsoft": "latest"
      }
    },
    "@zerobias-org/vendor-microsoft": {
      "version": "1.0.8",
      "resolved": "https://pkg.zerobias.org/@zerobias-org/vendor-microsoft/-/vendor-microsoft-1.0.8.tgz",
      "integrity": "sha512-QlTtGEH38cMDqWRJPs6jVEnJUZhwEIuGUYoGJGIhk/XzzwelaOdtqKymwX1adN7pC5fQaZ+UtGV2xmISx8C9yQ=="
    }
  }
}
