{
  "name": "@zerobias-org/product-rsa-archerplatform",
  "version": "1.1.4",
  "lockfileVersion": 2,
  "requires": true,
  "packages": {
    "": {
      "name": "@zerobias-org/product-rsa-archerplatform",
      "version": "1.1.4",
      "license": "ISC",
      "dependencies": {
        "@zerobias-org/vendor-rsa": "latest"
      }
    },
    "node_modules/@zerobias-org/vendor-rsa": {
      "version": "1.0.8",
      "resolved": "https://pkg.zerobias.org/@zerobias-org/vendor-rsa/-/vendor-rsa-1.0.8.tgz",
      "integrity": "sha512-TYxdqWXmxqP+bBsQNF3xbW+uGDOVLK7fau5w3gVAbTf/dLw9tE3aFGe/zeRo6YSbW+J1JxTYDKrf7faB813JkA=="
    }
  },
  "dependencies": {
    "@zerobias-org/vendor-rsa": {
      "version": "1.0.8",
      "resolved": "https://pkg.zerobias.org/@zerobias-org/vendor-rsa/-/vendor-rsa-1.0.8.tgz",
      "integrity": "sha512-TYxdqWXmxqP+bBsQNF3xbW+uGDOVLK7fau5w3gVAbTf/dLw9tE3aFGe/zeRo6YSbW+J1JxTYDKrf7faB813JkA=="
    }
  }
}
