{
  "name": "@zerobias-org/product-servicenow-grc",
  "version": "2.0.2",
  "lockfileVersion": 3,
  "requires": true,
  "packages": {
    "": {
      "name": "@zerobias-org/product-servicenow-grc",
      "version": "2.0.2",
      "license": "ISC",
      "dependencies": {
        "@zerobias-org/vendor-servicenow": "*"
      }
    },
    "node_modules/@zerobias-org/vendor-servicenow": {
      "version": "2.0.1",
      "integrity": "sha512-OzdEMSeAOBOvSB4hyUiFFyzaUkNhbqdeVP5jCQWOwkOTXM6r3cGNUWRoT0LiUWqyueoUGQBCMiOHGfRyrGAe3A==",
      "license": "ISC"
    }
  }
}
