{
  "name": "@auditlogic/product-microsoft-365-teams",
  "version": "0.3.4",
  "lockfileVersion": 3,
  "requires": true,
  "packages": {
    "": {
      "name": "@auditlogic/product-microsoft-365-teams",
      "version": "0.3.4",
      "license": "ISC",
      "dependencies": {
        "@auditlogic/product_category-auditlogic-collaboration": "latest",
        "@auditlogic/product_category-auditlogic-mobile": "latest",
        "@auditlogic/suite-microsoft-365": "^1.0.10"
      }
    },
    "node_modules/@auditlogic/product_category-auditlogic-collaboration": {
      "version": "1.0.2",
      "resolved": "https://npm.pkg.github.com/download/@auditlogic/product_category-auditlogic-collaboration/1.0.2/07fef5198de3b6463159ec31de8acbfcddda6836",
      "integrity": "sha512-UaH40k7s/4s21xI8dbA1/oj395t9vIVGMebYqHrsVI5dHtaqYfHvAIv9eliVCfUbD9e7FNvcFa+P8+Pi3ccaCg==",
      "license": "ISC"
    },
    "node_modules/@auditlogic/product_category-auditlogic-mobile": {
      "version": "1.0.2",
      "resolved": "https://npm.pkg.github.com/download/@auditlogic/product_category-auditlogic-mobile/1.0.2/f80b71f1a65cb97de82513d15358c80a4b68d4f3",
      "integrity": "sha512-CGy1gwjQ3X99rJ1PZ6U6WW5tjeVG4YOkv3QRm+hOdK8E+afC70VUWMq2l2a3jjgFjIdzWma64OTKOyOGMeX3Vw==",
      "license": "ISC"
    },
    "node_modules/@auditlogic/suite-microsoft-365": {
      "version": "1.0.10",
      "resolved": "https://npm.pkg.github.com/download/@auditlogic/suite-microsoft-365/1.0.10/45e4fd7e3417e0c378fe1f633959000678330be1",
      "integrity": "sha512-780NwasSQbs+fPWGaWEpXc+sTRxffQct7ZdmfCia5fuH39+WV82ozhhGasaKumv3hZrtdZt+M+eqQON1wfZmGQ==",
      "license": "ISC",
      "dependencies": {
        "@auditlogic/vendor-microsoft": "^1.0.7"
      }
    },
    "node_modules/@auditlogic/vendor-microsoft": {
      "version": "1.0.7",
      "resolved": "https://npm.pkg.github.com/download/@auditlogic/vendor-microsoft/1.0.7/ca5124c51b5ae4150cceb39c279336f5956cb519",
      "integrity": "sha512-70MEjzch8MQ8owg6x3GXzMWxcF49+NKxjvlG5jZYw4DdSC3AamHvsvwZxoaqnHidH716ZpiV+gYVHHfspQsDVA==",
      "license": "ISC"
    }
  }
}
