{
  "name": "@auditlogic/product-zerobias-zerobias",
  "version": "1.0.0",
  "lockfileVersion": 2,
  "requires": true,
  "packages": {
    "": {
      "name": "@auditlogic/product-zerobias-zerobias",
      "version": "1.0.0",
      "license": "ISC",
      "dependencies": {
        "@auditlogic/product_category-auditlogic-cybersecurity": "^1.0.2",
        "@auditlogic/vendor-zerobias": "^1.0.0"
      }
    },
    "node_modules/@auditlogic/product_category-auditlogic-cybersecurity": {
      "version": "1.0.2",
      "resolved": "https://npm.pkg.github.com/download/@auditlogic/product_category-auditlogic-cybersecurity/1.0.2/53f309c7722c97d8f1ab325707d4fe772f04e066",
      "integrity": "sha512-Pu9Qkq5Cpr57I8fa4PJWwLVxqJWyusR0LjC3/lLm84BrGiR64ZQeCMpwMQQGWyJyMEesBZPR4i3M2P+nv0KxyQ==",
      "license": "ISC"
    },
    "node_modules/@auditlogic/vendor-zerobias": {
      "version": "1.0.0",
      "resolved": "https://npm.pkg.github.com/download/@auditlogic/vendor-zerobias/1.0.0/e051a99849948ce67721da0d5215aae8e293906e",
      "integrity": "sha512-+rgU3lJDY04mkQxk8jwKWtCTDVUIDxH5YitnJbp3gNecFqCIIaq6GUXH06ZMSi8pcivWMOuYilyXPYdVlmT2Gw==",
      "license": "ISC"
    }
  },
  "dependencies": {
    "@auditlogic/product_category-auditlogic-cybersecurity": {
      "version": "1.0.2",
      "resolved": "https://npm.pkg.github.com/download/@auditlogic/product_category-auditlogic-cybersecurity/1.0.2/53f309c7722c97d8f1ab325707d4fe772f04e066",
      "integrity": "sha512-Pu9Qkq5Cpr57I8fa4PJWwLVxqJWyusR0LjC3/lLm84BrGiR64ZQeCMpwMQQGWyJyMEesBZPR4i3M2P+nv0KxyQ=="
    },
    "@auditlogic/vendor-zerobias": {
      "version": "1.0.0",
      "resolved": "https://npm.pkg.github.com/download/@auditlogic/vendor-zerobias/1.0.0/e051a99849948ce67721da0d5215aae8e293906e",
      "integrity": "sha512-+rgU3lJDY04mkQxk8jwKWtCTDVUIDxH5YitnJbp3gNecFqCIIaq6GUXH06ZMSi8pcivWMOuYilyXPYdVlmT2Gw=="
    }
  }
}
