{
  "name": "@auditlogic/product-kandji-kandji",
  "version": "1.2.3",
  "lockfileVersion": 2,
  "requires": true,
  "packages": {
    "": {
      "name": "@auditlogic/product-kandji-kandji",
      "version": "1.2.3",
      "license": "ISC",
      "dependencies": {
        "@auditlogic/product_category-auditlogic-management_console": "latest",
        "@auditlogic/vendor-kandji": "^1.0.7"
      }
    },
    "node_modules/@auditlogic/product_category-auditlogic-management_console": {
      "version": "1.0.2",
      "resolved": "https://npm.pkg.github.com/download/@auditlogic/product_category-auditlogic-management_console/1.0.2/ec7e95fb446e2763dc997b681379eaa5b0128a17",
      "integrity": "sha512-K91aEyLVSXSK5PPG6RliEGfdUwDZxrIuJvOhQMHp34aLn+BROyRD3F9YNOnzvzxbWWpaHrb5v7J3a9dG4Llqng==",
      "license": "ISC"
    },
    "node_modules/@auditlogic/vendor-kandji": {
      "version": "1.0.7",
      "resolved": "https://npm.pkg.github.com/download/@auditlogic/vendor-kandji/1.0.7/3ae4ac621364b9fdbb73766b893ed7a7d282165f",
      "integrity": "sha512-CtnNQIR3YtbaZQVw8raYqYnRWXGT8sr3ubufmQkAPUF7t9n3Dzy2XQqXPtVtFMR3b0Adz4nkZSK0QlZX0opXlA==",
      "license": "ISC"
    }
  },
  "dependencies": {
    "@auditlogic/product_category-auditlogic-management_console": {
      "version": "1.0.2",
      "resolved": "https://npm.pkg.github.com/download/@auditlogic/product_category-auditlogic-management_console/1.0.2/ec7e95fb446e2763dc997b681379eaa5b0128a17",
      "integrity": "sha512-K91aEyLVSXSK5PPG6RliEGfdUwDZxrIuJvOhQMHp34aLn+BROyRD3F9YNOnzvzxbWWpaHrb5v7J3a9dG4Llqng=="
    },
    "@auditlogic/vendor-kandji": {
      "version": "1.0.7",
      "resolved": "https://npm.pkg.github.com/download/@auditlogic/vendor-kandji/1.0.7/3ae4ac621364b9fdbb73766b893ed7a7d282165f",
      "integrity": "sha512-CtnNQIR3YtbaZQVw8raYqYnRWXGT8sr3ubufmQkAPUF7t9n3Dzy2XQqXPtVtFMR3b0Adz4nkZSK0QlZX0opXlA=="
    }
  }
}
