{
  "name": "@zerobias-org/product-hashicorp-terraform",
  "version": "2.0.2",
  "lockfileVersion": 3,
  "requires": true,
  "packages": {
    "": {
      "name": "@zerobias-org/product-hashicorp-terraform",
      "version": "2.0.2",
      "license": "ISC",
      "dependencies": {
        "@zerobias-org/vendor-hashicorp": "*"
      }
    },
    "node_modules/@zerobias-org/vendor-hashicorp": {
      "version": "2.0.1",
      "integrity": "sha512-Ewqs/yLr0HMhvYXzeZxjs/UvHd/QkkxRKt6QvQaQ4BMbmSYoZ8vAfoECYABIr+vbeblixx3E6ik+Jgehh55abQ==",
      "license": "ISC"
    }
  }
}
