{
  "name": "@auditlogic/product-salesforce-salesforce",
  "version": "1.2.4",
  "lockfileVersion": 3,
  "requires": true,
  "packages": {
    "": {
      "name": "@auditlogic/product-salesforce-salesforce",
      "version": "1.2.4",
      "license": "ISC",
      "dependencies": {
        "@auditlogic/product_category-auditlogic-ces": "latest",
        "@auditlogic/product_category-auditlogic-crm": "latest",
        "@auditlogic/vendor-salesforce": "^1.0.7"
      }
    },
    "node_modules/@auditlogic/product_category-auditlogic-ces": {
      "version": "1.0.2",
      "resolved": "https://npm.pkg.github.com/download/@auditlogic/product_category-auditlogic-ces/1.0.2/498d928ae4a766c9b68e3936e7fd32fc90c10293",
      "integrity": "sha512-2JqFvTAI1B0CAqeBN4uY3tSKXVF+MwJxAwFs7SaDne91O5R1VmJSlEb778xVrg+S6y/XFKaLgUEnljfhhZtBOw==",
      "license": "ISC"
    },
    "node_modules/@auditlogic/product_category-auditlogic-crm": {
      "version": "1.0.2",
      "resolved": "https://npm.pkg.github.com/download/@auditlogic/product_category-auditlogic-crm/1.0.2/e59729fb824febedf49031ea0f8bf810aefefc5c",
      "integrity": "sha512-E3+mkTs7dMUT58Z7K4ME2RMEnTDzIgM9Wepsj2J3a9bWRDX9t8472HB7id1A1mWZZf5nqY2imtuvf5bTP5lWtQ==",
      "license": "ISC"
    },
    "node_modules/@auditlogic/vendor-salesforce": {
      "version": "1.0.7",
      "resolved": "https://npm.pkg.github.com/download/@auditlogic/vendor-salesforce/1.0.7/145edbb9b22aa985d0a7f89696e26a5e430199d1",
      "integrity": "sha512-GPeBIAHLNLLRtLQRDDABrryhYjM8vnEeFVIxtSbIh/fB099eU58xXBn9Fe+tKdyZaCLBojGa5UuCSP2QiLNSig==",
      "license": "ISC"
    }
  }
}
