{
  "name": "@zerobias-org/product-ridge-ridgesecurity",
  "version": "1.1.4",
  "lockfileVersion": 3,
  "requires": true,
  "packages": {
    "": {
      "name": "@zerobias-org/product-ridge-ridgesecurity",
      "version": "1.1.4",
      "license": "ISC",
      "dependencies": {
        "@zerobias-org/vendor-ridge": "latest"
      }
    },
    "node_modules/@zerobias-org/vendor-ridge": {
      "version": "1.0.2",
      "resolved": "https://pkg.zerobias.org/@zerobias-org/vendor-ridge/-/vendor-ridge-1.0.2.tgz",
      "integrity": "sha512-VJIvt/a3Tvjs1a2yIRH2TMNPwtkVDhXCg4glAIfNApduEdeRo7/6fu8toErdTWfGXX+ONVM3v6+uXhVciRvxyQ==",
      "license": "ISC"
    }
  }
}
