{
  "name": "@zerobias-org/product-ridge-ridgesecurity",
  "version": "2.0.2",
  "lockfileVersion": 3,
  "requires": true,
  "packages": {
    "": {
      "name": "@zerobias-org/product-ridge-ridgesecurity",
      "version": "2.0.2",
      "license": "ISC",
      "dependencies": {
        "@zerobias-org/vendor-ridge": "*"
      }
    },
    "node_modules/@zerobias-org/vendor-ridge": {
      "version": "2.0.1",
      "integrity": "sha512-EsmJG7N1YnTHcAhp/AI0AroK0LowMbBcGdIEAjRHjDthB7CWgwR2dkwUmal9eBVNRfUFqqKqK90bTvmoBfR7Gg==",
      "license": "ISC"
    }
  }
}
