{
  "name": "@auditlogic/product-amazon-aws-accounts",
  "version": "1.1.7",
  "lockfileVersion": 2,
  "requires": true,
  "packages": {
    "": {
      "name": "@auditlogic/product-amazon-aws-accounts",
      "version": "1.1.7",
      "license": "ISC",
      "dependencies": {
        "@auditlogic/product_category-auditlogic-itsm": "latest",
        "@auditlogic/suite-amazon-aws": "^1.0.10"
      }
    },
    "node_modules/@auditlogic/product_category-auditlogic-itsm": {
      "version": "1.0.2",
      "resolved": "https://npm.pkg.github.com/download/@auditlogic/product_category-auditlogic-itsm/1.0.2/6bf19fbf2bdd0b8387b63ac29b279333da6acc53",
      "integrity": "sha512-Ays8OFhJ+42yg+60nlioQohwE7qbBinvT3AlxclSExoDQjjRIuGU/V3xR1wHdc5yIQMb1bvVUNMjMF/Cz5VIxw==",
      "license": "ISC"
    },
    "node_modules/@auditlogic/suite-amazon-aws": {
      "version": "1.0.10",
      "resolved": "https://npm.pkg.github.com/download/@auditlogic/suite-amazon-aws/1.0.10/91ceb367766e410666100ad36b8f79b634597628",
      "integrity": "sha512-vp+dNIcV1lhlirydu/b2iQtC5T9UMgaZM/Ao290e4UEhTUjXRWAXhzpxnXb4dG/+4ZyyixU0IlE5mqh4IPxgXQ==",
      "license": "ISC",
      "dependencies": {
        "@auditlogic/vendor-amazon": "^1.0.7"
      }
    },
    "node_modules/@auditlogic/vendor-amazon": {
      "version": "1.0.7",
      "resolved": "https://npm.pkg.github.com/download/@auditlogic/vendor-amazon/1.0.7/4bfdec2b99b1170338fdcb397be32cfa186eaa92",
      "integrity": "sha512-Eg2P5YmkzTzfCOCmWoWVWVWek4gl2Psa3voIFj0+7YG12YrwkiZQlW94p9kiysmweeY6N6FXngOEzP21+91y4A==",
      "license": "ISC"
    }
  },
  "dependencies": {
    "@auditlogic/product_category-auditlogic-itsm": {
      "version": "1.0.2",
      "resolved": "https://npm.pkg.github.com/download/@auditlogic/product_category-auditlogic-itsm/1.0.2/6bf19fbf2bdd0b8387b63ac29b279333da6acc53",
      "integrity": "sha512-Ays8OFhJ+42yg+60nlioQohwE7qbBinvT3AlxclSExoDQjjRIuGU/V3xR1wHdc5yIQMb1bvVUNMjMF/Cz5VIxw=="
    },
    "@auditlogic/suite-amazon-aws": {
      "version": "1.0.10",
      "resolved": "https://npm.pkg.github.com/download/@auditlogic/suite-amazon-aws/1.0.10/91ceb367766e410666100ad36b8f79b634597628",
      "integrity": "sha512-vp+dNIcV1lhlirydu/b2iQtC5T9UMgaZM/Ao290e4UEhTUjXRWAXhzpxnXb4dG/+4ZyyixU0IlE5mqh4IPxgXQ==",
      "requires": {
        "@auditlogic/vendor-amazon": "^1.0.7"
      }
    },
    "@auditlogic/vendor-amazon": {
      "version": "1.0.7",
      "resolved": "https://npm.pkg.github.com/download/@auditlogic/vendor-amazon/1.0.7/4bfdec2b99b1170338fdcb397be32cfa186eaa92",
      "integrity": "sha512-Eg2P5YmkzTzfCOCmWoWVWVWek4gl2Psa3voIFj0+7YG12YrwkiZQlW94p9kiysmweeY6N6FXngOEzP21+91y4A=="
    }
  }
}
