{
  "name": "@zerobias-org/product-bamboohr-bamboohr",
  "version": "2.0.2",
  "lockfileVersion": 3,
  "requires": true,
  "packages": {
    "": {
      "name": "@zerobias-org/product-bamboohr-bamboohr",
      "version": "2.0.2",
      "license": "ISC",
      "dependencies": {
        "@zerobias-org/vendor-bamboohr": "*"
      }
    },
    "node_modules/@zerobias-org/vendor-bamboohr": {
      "version": "2.0.1",
      "integrity": "sha512-FFZ5xgF1kp+78NnUmnxIGTRS2jw6j9YsmPcmuL0TXJIy+26juvcBEdcdt9HF5KZWlLDun2Ec2s3PxahgHLjP3g==",
      "license": "ISC"
    }
  }
}
