{
  "name": "@zerobias-org/product-bamboohr-bamboohr",
  "version": "1.1.5",
  "lockfileVersion": 2,
  "requires": true,
  "packages": {
    "": {
      "name": "@zerobias-org/product-bamboohr-bamboohr",
      "version": "1.1.5",
      "license": "ISC",
      "dependencies": {
        "@zerobias-org/vendor-bamboohr": "latest"
      }
    },
    "node_modules/@zerobias-org/vendor-bamboohr": {
      "version": "1.0.8",
      "resolved": "https://pkg.zerobias.org/@zerobias-org/vendor-bamboohr/-/vendor-bamboohr-1.0.8.tgz",
      "integrity": "sha512-Og05BDia5Gvb2i6auzINahqDcCRxt7xsS/MtuXVD0D1cI7oOZI9Q67utB3Qn0J2zmhBjYj+KqJceHt6suD0xaA==",
      "license": "ISC"
    }
  },
  "dependencies": {
    "@zerobias-org/vendor-bamboohr": {
      "version": "1.0.8",
      "resolved": "https://pkg.zerobias.org/@zerobias-org/vendor-bamboohr/-/vendor-bamboohr-1.0.8.tgz",
      "integrity": "sha512-Og05BDia5Gvb2i6auzINahqDcCRxt7xsS/MtuXVD0D1cI7oOZI9Q67utB3Qn0J2zmhBjYj+KqJceHt6suD0xaA=="
    }
  }
}
