{
  "name": "@zerobias-org/product-addigy-addigy",
  "version": "2.0.2",
  "lockfileVersion": 3,
  "requires": true,
  "packages": {
    "": {
      "name": "@zerobias-org/product-addigy-addigy",
      "version": "2.0.2",
      "license": "ISC",
      "dependencies": {
        "@zerobias-org/vendor-addigy": "*"
      }
    },
    "node_modules/@zerobias-org/vendor-addigy": {
      "version": "1.0.1",
      "integrity": "sha512-T5eCl+S9ACZXfCjN4RR1trW5wg12Fa6M1Axp8dbFdUN/Uy20jylbNyO2WDNXMGZhM3naDaU5vxrPB/YV8T5utw==",
      "license": "ISC"
    }
  }
}
