{
  "name": "@auditlogic/product-auditmation-generic-dataproducer",
  "version": "0.3.3",
  "lockfileVersion": 2,
  "requires": true,
  "packages": {
    "": {
      "name": "@auditlogic/product-auditmation-generic-dataproducer",
      "version": "0.3.3",
      "license": "ISC",
      "dependencies": {
        "@auditlogic/product_category-auditlogic-dev_tools": "latest",
        "@auditlogic/suite-auditmation-generic": "^0",
        "@auditlogic/vendor-auditmation": "^1.0.7"
      }
    },
    "node_modules/@auditlogic/product_category-auditlogic-dev_tools": {
      "version": "1.0.2",
      "resolved": "https://npm.pkg.github.com/download/@auditlogic/product_category-auditlogic-dev_tools/1.0.2/27d9b8f77525ce5075187b804780a3d9e71f0da4",
      "integrity": "sha512-RUkxDrLQDvueb2aAspA43tkMHDPjcU2l0TFhqVT2myJMFZQNuohRHYy24du6mV5UPnsc9VuNMbX9qJalv0usZA==",
      "license": "ISC"
    },
    "node_modules/@auditlogic/suite-auditmation-generic": {
      "version": "0.2.1",
      "resolved": "https://npm.pkg.github.com/download/@auditlogic/suite-auditmation-generic/0.2.1/1de23485974554cc039d145c6d554f8825dec794",
      "integrity": "sha512-7vR7kLdZekHrjaxG0MOVRdURSVU8TkwFcd1xVjeWRcDXKvUsvGrPT32QnXeduyT/s+lZ4j+kr+BgsYqQEcG4LA==",
      "license": "ISC",
      "dependencies": {
        "@auditlogic/vendor-auditmation": "^1.0.8"
      }
    },
    "node_modules/@auditlogic/vendor-auditmation": {
      "version": "1.0.8",
      "resolved": "https://npm.pkg.github.com/download/@auditlogic/vendor-auditmation/1.0.8/0c3358bea8128150c205374fd44cdc66913994ef",
      "integrity": "sha512-ZDkC2pGlxasqBlO9Gk3/3Ksh4SF/mS1TRQsnGMdmmwWKiK+KMRtzo1xSaJtD4iMZTquUo+4h+Hfe2w7XwP0j7A==",
      "license": "ISC"
    }
  },
  "dependencies": {
    "@auditlogic/product_category-auditlogic-dev_tools": {
      "version": "1.0.2",
      "resolved": "https://npm.pkg.github.com/download/@auditlogic/product_category-auditlogic-dev_tools/1.0.2/27d9b8f77525ce5075187b804780a3d9e71f0da4",
      "integrity": "sha512-RUkxDrLQDvueb2aAspA43tkMHDPjcU2l0TFhqVT2myJMFZQNuohRHYy24du6mV5UPnsc9VuNMbX9qJalv0usZA=="
    },
    "@auditlogic/suite-auditmation-generic": {
      "version": "0.2.1",
      "resolved": "https://npm.pkg.github.com/download/@auditlogic/suite-auditmation-generic/0.2.1/1de23485974554cc039d145c6d554f8825dec794",
      "integrity": "sha512-7vR7kLdZekHrjaxG0MOVRdURSVU8TkwFcd1xVjeWRcDXKvUsvGrPT32QnXeduyT/s+lZ4j+kr+BgsYqQEcG4LA==",
      "requires": {
        "@auditlogic/vendor-auditmation": "^1.0.8"
      }
    },
    "@auditlogic/vendor-auditmation": {
      "version": "1.0.8",
      "resolved": "https://npm.pkg.github.com/download/@auditlogic/vendor-auditmation/1.0.8/0c3358bea8128150c205374fd44cdc66913994ef",
      "integrity": "sha512-ZDkC2pGlxasqBlO9Gk3/3Ksh4SF/mS1TRQsnGMdmmwWKiK+KMRtzo1xSaJtD4iMZTquUo+4h+Hfe2w7XwP0j7A=="
    }
  }
}
