{
  "name": "@zerobias-org/product-intercom-intercom",
  "version": "2.0.2",
  "lockfileVersion": 3,
  "requires": true,
  "packages": {
    "": {
      "name": "@zerobias-org/product-intercom-intercom",
      "version": "2.0.2",
      "license": "ISC",
      "dependencies": {
        "@zerobias-org/vendor-intercom": "*"
      }
    },
    "node_modules/@zerobias-org/vendor-intercom": {
      "version": "2.0.1",
      "integrity": "sha512-gOPmNNBQ/bVXUimw+WljrUljpYxwOv6Zh6ayXhd0H1WGC38LsqlHgcLgFyEE89cBnEQu92BGfezmpBR/fQ5//w==",
      "license": "ISC"
    }
  }
}
