{
  "name": "@auditlogic/product-intercom-intercom",
  "version": "1.1.4",
  "lockfileVersion": 3,
  "requires": true,
  "packages": {
    "": {
      "name": "@auditlogic/product-intercom-intercom",
      "version": "1.1.4",
      "license": "ISC",
      "dependencies": {
        "@auditlogic/product_category-auditlogic-ces": "latest",
        "@auditlogic/product_category-auditlogic-collaboration": "latest",
        "@auditlogic/vendor-intercom": "^1.0.7"
      }
    },
    "node_modules/@auditlogic/product_category-auditlogic-ces": {
      "version": "1.0.2",
      "resolved": "https://npm.pkg.github.com/download/@auditlogic/product_category-auditlogic-ces/1.0.2/498d928ae4a766c9b68e3936e7fd32fc90c10293",
      "integrity": "sha512-2JqFvTAI1B0CAqeBN4uY3tSKXVF+MwJxAwFs7SaDne91O5R1VmJSlEb778xVrg+S6y/XFKaLgUEnljfhhZtBOw==",
      "license": "ISC"
    },
    "node_modules/@auditlogic/product_category-auditlogic-collaboration": {
      "version": "1.0.2",
      "resolved": "https://npm.pkg.github.com/download/@auditlogic/product_category-auditlogic-collaboration/1.0.2/07fef5198de3b6463159ec31de8acbfcddda6836",
      "integrity": "sha512-UaH40k7s/4s21xI8dbA1/oj395t9vIVGMebYqHrsVI5dHtaqYfHvAIv9eliVCfUbD9e7FNvcFa+P8+Pi3ccaCg==",
      "license": "ISC"
    },
    "node_modules/@auditlogic/vendor-intercom": {
      "version": "1.0.7",
      "resolved": "https://npm.pkg.github.com/download/@auditlogic/vendor-intercom/1.0.7/a42f524b6c850e4a0b250eb854d1af02ec36aa46",
      "integrity": "sha512-Gp2BfJ9C3De4ZtL3OlaWzN8mmqtx9SSU4ML58l63w48kjKX8NiVkRxHXW2UajCAzUwu9uFbLuJ5ybPIyAT/GRg==",
      "license": "ISC"
    }
  }
}
