{
  "name": "@zerobias-org/product-intercom-intercom",
  "version": "1.1.5",
  "lockfileVersion": 3,
  "requires": true,
  "packages": {
    "": {
      "name": "@zerobias-org/product-intercom-intercom",
      "version": "1.1.5",
      "license": "ISC",
      "dependencies": {
        "@zerobias-org/vendor-intercom": "latest"
      }
    },
    "node_modules/@zerobias-org/vendor-intercom": {
      "version": "1.0.9",
      "resolved": "https://pkg.zerobias.org/@zerobias-org/vendor-intercom/-/vendor-intercom-1.0.9.tgz",
      "integrity": "sha512-ZY7I/aJnlQMbw6bngFVHtlN5jbNRE817Zyh33o/f3b2YF5YCujL+nkLWNLZJU1DAFcy3u7snVAfrarY44c9cgg==",
      "license": "ISC"
    }
  }
}
