{
  "name": "@auditlogic/product-jamf-pro",
  "version": "1.1.4",
  "lockfileVersion": 3,
  "requires": true,
  "packages": {
    "": {
      "name": "@auditlogic/product-jamf-pro",
      "version": "1.1.4",
      "license": "ISC",
      "dependencies": {
        "@auditlogic/product_category-auditlogic-management_console": "latest",
        "@auditlogic/vendor-jamf": "^1.0.7"
      }
    },
    "node_modules/@auditlogic/product_category-auditlogic-management_console": {
      "version": "1.0.2",
      "resolved": "https://npm.pkg.github.com/download/@auditlogic/product_category-auditlogic-management_console/1.0.2/ec7e95fb446e2763dc997b681379eaa5b0128a17",
      "integrity": "sha512-K91aEyLVSXSK5PPG6RliEGfdUwDZxrIuJvOhQMHp34aLn+BROyRD3F9YNOnzvzxbWWpaHrb5v7J3a9dG4Llqng==",
      "license": "ISC"
    },
    "node_modules/@auditlogic/vendor-jamf": {
      "version": "1.0.7",
      "resolved": "https://npm.pkg.github.com/download/@auditlogic/vendor-jamf/1.0.7/fdd2142f9882f586adb165012706ced2852e04db",
      "integrity": "sha512-grIYaGnSvGQg7Uu1mihUhOL5kMApZUVGnYChu2KfyB3yVEEDmozwE9GO8qOoUn7MwX+pZcz2E6ldLx8J1H0BdQ==",
      "license": "ISC"
    }
  }
}
