{
  "name": "@zerobias-org/product-oss-postgresql",
  "version": "2.0.2",
  "lockfileVersion": 3,
  "requires": true,
  "packages": {
    "": {
      "name": "@zerobias-org/product-oss-postgresql",
      "version": "2.0.2",
      "license": "ISC",
      "dependencies": {
        "@zerobias-org/vendor-oss": "*"
      }
    },
    "node_modules/@zerobias-org/vendor-oss": {
      "version": "2.0.1",
      "integrity": "sha512-X3gYX1e3/eR/3YGULrQPZC4nsMtue3khWLQMvDFuqVhQowKMAtsXTXgG8OuTDy8KWSqMcDBHgcymRimUXZ0BaQ==",
      "license": "ISC"
    }
  }
}
