{
  "name": "@zerobias-org/product-oss-postgresql",
  "version": "1.0.7",
  "lockfileVersion": 3,
  "requires": true,
  "packages": {
    "": {
      "name": "@zerobias-org/product-oss-postgresql",
      "version": "1.0.7",
      "license": "ISC",
      "dependencies": {
        "@zerobias-org/vendor-oss": "latest"
      }
    },
    "node_modules/@zerobias-org/vendor-oss": {
      "version": "1.0.2",
      "resolved": "https://pkg.zerobias.org/@zerobias-org/vendor-oss/-/vendor-oss-1.0.2.tgz",
      "integrity": "sha512-Na6wJ5uFn5kYXJuuuMVG/Ec8aUkNrfhDrJ5p/vYNPtuOw2jC/ZCCRc0Ja5Z+2YsGLqQacSTzDWwa75qqz35vcg==",
      "license": "ISC"
    }
  }
}
