{
  "name": "@auditlogic/product-oss-postgresql",
  "version": "1.0.6",
  "lockfileVersion": 2,
  "requires": true,
  "packages": {
    "": {
      "name": "@auditlogic/product-oss-postgresql",
      "version": "1.0.6",
      "license": "ISC",
      "dependencies": {
        "@auditlogic/product_category-auditlogic-database": "latest",
        "@auditlogic/vendor-oss": "^1.0.0"
      }
    },
    "node_modules/@auditlogic/product_category-auditlogic-database": {
      "version": "1.0.2",
      "resolved": "https://npm.pkg.github.com/download/@auditlogic/product_category-auditlogic-database/1.0.2/11a9e449ae6437b7ff8335b84037c8667ad628ee",
      "integrity": "sha512-Eu/n4nl1y5cZQQ32CPM7MOrtBJ6GHMU9UMdxgrvJie7LVKWcNq49c0Zq/iPsyKzrQ5mogVldIb5NbrZ9xWIacw==",
      "license": "ISC"
    },
    "node_modules/@auditlogic/vendor-oss": {
      "version": "1.0.0",
      "resolved": "https://npm.pkg.github.com/download/@auditlogic/vendor-oss/1.0.0/ac8c3efaa0f9b75da24d841c0b5df1eb1c3b5bb1",
      "integrity": "sha512-NtHAX5lFAa9WZxjadP4rYwVGRfJJgI6dnjYzKg/TC5eMObvJ9IdipWg/FILCb73LEQiYiVO0hMCkUASS99lU8g==",
      "license": "ISC"
    }
  },
  "dependencies": {
    "@auditlogic/product_category-auditlogic-database": {
      "version": "1.0.2",
      "resolved": "https://npm.pkg.github.com/download/@auditlogic/product_category-auditlogic-database/1.0.2/11a9e449ae6437b7ff8335b84037c8667ad628ee",
      "integrity": "sha512-Eu/n4nl1y5cZQQ32CPM7MOrtBJ6GHMU9UMdxgrvJie7LVKWcNq49c0Zq/iPsyKzrQ5mogVldIb5NbrZ9xWIacw=="
    },
    "@auditlogic/vendor-oss": {
      "version": "1.0.0",
      "resolved": "https://npm.pkg.github.com/download/@auditlogic/vendor-oss/1.0.0/ac8c3efaa0f9b75da24d841c0b5df1eb1c3b5bb1",
      "integrity": "sha512-NtHAX5lFAa9WZxjadP4rYwVGRfJJgI6dnjYzKg/TC5eMObvJ9IdipWg/FILCb73LEQiYiVO0hMCkUASS99lU8g=="
    }
  }
}
