{
  "name": "@zerobias-org/product-chainguard-chainguard",
  "version": "2.0.2",
  "lockfileVersion": 3,
  "requires": true,
  "packages": {
    "": {
      "name": "@zerobias-org/product-chainguard-chainguard",
      "version": "2.0.2",
      "license": "ISC",
      "dependencies": {
        "@zerobias-org/vendor-chainguard": "*"
      }
    },
    "node_modules/@zerobias-org/vendor-chainguard": {
      "version": "2.0.1",
      "integrity": "sha512-AaA3eFD+bH0mvWUu6zPQDXbqg8jd1GHFrAxRXZYQ8Q4vyCKtEoUpNG0TKM6b+EL/acWdwMTDUBwK8jt8SkO/uw==",
      "license": "ISC"
    }
  }
}
