{
  "name": "@zerobias-org/product-servicenow-servicenow",
  "version": "1.1.8",
  "lockfileVersion": 2,
  "requires": true,
  "packages": {
    "": {
      "name": "@zerobias-org/product-servicenow-servicenow",
      "version": "1.1.8",
      "license": "ISC",
      "dependencies": {
        "@zerobias-org/vendor-servicenow": "latest"
      }
    },
    "node_modules/@zerobias-org/vendor-servicenow": {
      "version": "1.0.9",
      "resolved": "https://pkg.zerobias.org/@zerobias-org/vendor-servicenow/-/vendor-servicenow-1.0.9.tgz",
      "integrity": "sha512-x3OnyHhdm4bPeSCVvPhvd4H3Dk6EIBNA7Ru3Jgaf7uoHBuf0ttVC+9F2S5eAONGvBK46/l4X/PYWUQBxCHawMA==",
      "license": "ISC"
    }
  },
  "dependencies": {
    "@zerobias-org/vendor-servicenow": {
      "version": "1.0.9",
      "resolved": "https://pkg.zerobias.org/@zerobias-org/vendor-servicenow/-/vendor-servicenow-1.0.9.tgz",
      "integrity": "sha512-x3OnyHhdm4bPeSCVvPhvd4H3Dk6EIBNA7Ru3Jgaf7uoHBuf0ttVC+9F2S5eAONGvBK46/l4X/PYWUQBxCHawMA=="
    }
  }
}
