{
  "name": "@auditlogic/product-mitre-capec",
  "version": "1.0.1",
  "lockfileVersion": 2,
  "requires": true,
  "packages": {
    "": {
      "name": "@auditlogic/product-mitre-capec",
      "version": "1.0.1",
      "license": "ISC",
      "dependencies": {
        "@auditlogic/product_category-auditlogic-cybersecurity": "^1.0.2",
        "@auditlogic/vendor-mitre": "^0.2.1"
      }
    },
    "node_modules/@auditlogic/product_category-auditlogic-cybersecurity": {
      "version": "1.0.2",
      "resolved": "https://npm.pkg.github.com/download/@auditlogic/product_category-auditlogic-cybersecurity/1.0.2/53f309c7722c97d8f1ab325707d4fe772f04e066",
      "integrity": "sha512-Pu9Qkq5Cpr57I8fa4PJWwLVxqJWyusR0LjC3/lLm84BrGiR64ZQeCMpwMQQGWyJyMEesBZPR4i3M2P+nv0KxyQ==",
      "license": "ISC"
    },
    "node_modules/@auditlogic/vendor-mitre": {
      "version": "0.2.1",
      "resolved": "https://npm.pkg.github.com/download/@auditlogic/vendor-mitre/0.2.1/2372f5eb2385ad7c1b0d8c771fa803396ece6dbf",
      "integrity": "sha512-hA87V11DBQFyNLB3qbvP2shHcJM6oddfWvmzzYJUdZ0Sch/w78ot9Yn5OXjedshb5jknHpPTsA2WTPNRl+19ng==",
      "license": "ISC"
    }
  },
  "dependencies": {
    "@auditlogic/product_category-auditlogic-cybersecurity": {
      "version": "1.0.2",
      "resolved": "https://npm.pkg.github.com/download/@auditlogic/product_category-auditlogic-cybersecurity/1.0.2/53f309c7722c97d8f1ab325707d4fe772f04e066",
      "integrity": "sha512-Pu9Qkq5Cpr57I8fa4PJWwLVxqJWyusR0LjC3/lLm84BrGiR64ZQeCMpwMQQGWyJyMEesBZPR4i3M2P+nv0KxyQ=="
    },
    "@auditlogic/vendor-mitre": {
      "version": "0.2.1",
      "resolved": "https://npm.pkg.github.com/download/@auditlogic/vendor-mitre/0.2.1/2372f5eb2385ad7c1b0d8c771fa803396ece6dbf",
      "integrity": "sha512-hA87V11DBQFyNLB3qbvP2shHcJM6oddfWvmzzYJUdZ0Sch/w78ot9Yn5OXjedshb5jknHpPTsA2WTPNRl+19ng=="
    }
  }
}
