{
  "name": "@zerobias-org/product-nutanix-prism",
  "version": "2.0.2",
  "lockfileVersion": 3,
  "requires": true,
  "packages": {
    "": {
      "name": "@zerobias-org/product-nutanix-prism",
      "version": "2.0.2",
      "license": "ISC",
      "dependencies": {
        "@zerobias-org/vendor-nutanix": "*"
      }
    },
    "node_modules/@zerobias-org/vendor-nutanix": {
      "version": "2.0.1",
      "integrity": "sha512-EqrFyzsgvqwXhLJMDMOJO+SG/gawSpw1wTQIGgbtqUbuMBJ7brQfg+MgFcgskbaQsTCsAmq/aU+jNKaMrHRpCw==",
      "license": "ISC"
    }
  }
}
