{
  "name": "@zerobias-org/product-nutanix-prism",
  "version": "1.1.4",
  "lockfileVersion": 2,
  "requires": true,
  "packages": {
    "": {
      "name": "@zerobias-org/product-nutanix-prism",
      "version": "1.1.4",
      "license": "ISC",
      "dependencies": {
        "@zerobias-org/vendor-nutanix": "latest"
      }
    },
    "node_modules/@zerobias-org/vendor-nutanix": {
      "version": "1.0.8",
      "resolved": "https://pkg.zerobias.org/@zerobias-org/vendor-nutanix/-/vendor-nutanix-1.0.8.tgz",
      "integrity": "sha512-JfyKKRsNMPEJ3CrMOJwi0LHF3q0ELfV6o2FSv3Om3RuNkmwfmXJDFYqIe+MNxKpJ/RwVxRLgYLegBtEq7J1Txw=="
    }
  },
  "dependencies": {
    "@zerobias-org/vendor-nutanix": {
      "version": "1.0.8",
      "resolved": "https://pkg.zerobias.org/@zerobias-org/vendor-nutanix/-/vendor-nutanix-1.0.8.tgz",
      "integrity": "sha512-JfyKKRsNMPEJ3CrMOJwi0LHF3q0ELfV6o2FSv3Om3RuNkmwfmXJDFYqIe+MNxKpJ/RwVxRLgYLegBtEq7J1Txw=="
    }
  }
}
