{
  "name": "@auditlogic/product-microsoft-365-excel",
  "version": "0.4.5",
  "lockfileVersion": 3,
  "requires": true,
  "packages": {
    "": {
      "name": "@auditlogic/product-microsoft-365-excel",
      "version": "0.4.5",
      "license": "ISC",
      "dependencies": {
        "@auditlogic/product_category-auditlogic-business_apps": "latest",
        "@auditlogic/suite-microsoft-365": "^1.0.10"
      }
    },
    "node_modules/@auditlogic/product_category-auditlogic-business_apps": {
      "version": "1.0.2",
      "resolved": "https://npm.pkg.github.com/download/@auditlogic/product_category-auditlogic-business_apps/1.0.2/f4002981cb6c9f7bf96457229e47a2db8655ca9e",
      "integrity": "sha512-IFyVXpgwTCFgYJP8WqTlhrW92nMUlRXDIQfUwDd16AYqtsm4PSPll1fLuB0brlVknrRTOxOhWp+XKBLc4/JYNQ==",
      "license": "ISC"
    },
    "node_modules/@auditlogic/suite-microsoft-365": {
      "version": "1.0.10",
      "resolved": "https://npm.pkg.github.com/download/@auditlogic/suite-microsoft-365/1.0.10/45e4fd7e3417e0c378fe1f633959000678330be1",
      "integrity": "sha512-780NwasSQbs+fPWGaWEpXc+sTRxffQct7ZdmfCia5fuH39+WV82ozhhGasaKumv3hZrtdZt+M+eqQON1wfZmGQ==",
      "license": "ISC",
      "dependencies": {
        "@auditlogic/vendor-microsoft": "^1.0.7"
      }
    },
    "node_modules/@auditlogic/vendor-microsoft": {
      "version": "1.0.7",
      "resolved": "https://npm.pkg.github.com/download/@auditlogic/vendor-microsoft/1.0.7/ca5124c51b5ae4150cceb39c279336f5956cb519",
      "integrity": "sha512-70MEjzch8MQ8owg6x3GXzMWxcF49+NKxjvlG5jZYw4DdSC3AamHvsvwZxoaqnHidH716ZpiV+gYVHHfspQsDVA==",
      "license": "ISC"
    }
  }
}
