{
  "name": "@zerobias-org/product-microsoft-365-dynamics365",
  "version": "1.1.4",
  "lockfileVersion": 2,
  "requires": true,
  "packages": {
    "": {
      "name": "@zerobias-org/product-microsoft-365-dynamics365",
      "version": "1.1.4",
      "license": "ISC",
      "dependencies": {
        "@zerobias-org/suite-microsoft-365": "latest",
        "@zerobias-org/vendor-microsoft": "latest"
      }
    },
    "node_modules/@zerobias-org/suite-microsoft-365": {
      "version": "1.0.12",
      "resolved": "https://pkg.zerobias.org/@zerobias-org/suite-microsoft-365/-/suite-microsoft-365-1.0.12.tgz",
      "integrity": "sha512-bUZxLw6rQY50UNG4yXo+mAos9VSyrrtZXBbegF0WnV4Z6HPwqu+J6WqDTIKFUtqqIsnbdlX5Zx6g1zFawsuAXg==",
      "dependencies": {
        "@zerobias-org/vendor-microsoft": "latest"
      }
    },
    "node_modules/@zerobias-org/vendor-microsoft": {
      "version": "1.0.8",
      "resolved": "https://pkg.zerobias.org/@zerobias-org/vendor-microsoft/-/vendor-microsoft-1.0.8.tgz",
      "integrity": "sha512-QlTtGEH38cMDqWRJPs6jVEnJUZhwEIuGUYoGJGIhk/XzzwelaOdtqKymwX1adN7pC5fQaZ+UtGV2xmISx8C9yQ=="
    }
  },
  "dependencies": {
    "@zerobias-org/suite-microsoft-365": {
      "version": "1.0.12",
      "resolved": "https://pkg.zerobias.org/@zerobias-org/suite-microsoft-365/-/suite-microsoft-365-1.0.12.tgz",
      "integrity": "sha512-bUZxLw6rQY50UNG4yXo+mAos9VSyrrtZXBbegF0WnV4Z6HPwqu+J6WqDTIKFUtqqIsnbdlX5Zx6g1zFawsuAXg==",
      "requires": {
        "@zerobias-org/vendor-microsoft": "latest"
      }
    },
    "@zerobias-org/vendor-microsoft": {
      "version": "1.0.8",
      "resolved": "https://pkg.zerobias.org/@zerobias-org/vendor-microsoft/-/vendor-microsoft-1.0.8.tgz",
      "integrity": "sha512-QlTtGEH38cMDqWRJPs6jVEnJUZhwEIuGUYoGJGIhk/XzzwelaOdtqKymwX1adN7pC5fQaZ+UtGV2xmISx8C9yQ=="
    }
  }
}
