{
  "name": "@zerobias-org/product-zoho-one-crm",
  "version": "1.1.7",
  "lockfileVersion": 3,
  "requires": true,
  "packages": {
    "": {
      "name": "@zerobias-org/product-zoho-one-crm",
      "version": "1.1.7",
      "license": "ISC",
      "dependencies": {
        "@zerobias-org/suite-zoho-one": "latest"
      }
    },
    "node_modules/@zerobias-org/suite-zoho-one": {
      "version": "1.1.4",
      "resolved": "https://pkg.zerobias.org/@zerobias-org/suite-zoho-one/-/suite-zoho-one-1.1.4.tgz",
      "integrity": "sha512-pLZGcjEQdMHQki5hhepwiTa6/+neciPMmKBysDBSkLqYtpvgHt40a7sYMuEbDKFMIESirTgr1BflHh4kmo/8ZQ==",
      "license": "ISC",
      "dependencies": {
        "@zerobias-org/vendor-zoho": "latest"
      }
    },
    "node_modules/@zerobias-org/vendor-zoho": {
      "version": "1.0.9",
      "resolved": "https://pkg.zerobias.org/@zerobias-org/vendor-zoho/-/vendor-zoho-1.0.9.tgz",
      "integrity": "sha512-fGVWNWIwMaLrl7wJzWiSxND1tdFXfOEV0kkgdJMLbWwbXJByThwTBy4mX6Rb/gm84JOeetndgkXFiBrBlymHSw==",
      "license": "ISC"
    }
  }
}
