{
  "name": "@auditlogic/product-vmware-workspace",
  "version": "1.1.4",
  "lockfileVersion": 3,
  "requires": true,
  "packages": {
    "": {
      "name": "@auditlogic/product-vmware-workspace",
      "version": "1.1.4",
      "license": "ISC",
      "dependencies": {
        "@auditlogic/product_category-auditlogic-app_integration": "latest",
        "@auditlogic/product_category-auditlogic-dev_tools": "latest",
        "@auditlogic/vendor-vmware": "^1.0.7"
      }
    },
    "node_modules/@auditlogic/product_category-auditlogic-app_integration": {
      "version": "1.0.2",
      "resolved": "https://npm.pkg.github.com/download/@auditlogic/product_category-auditlogic-app_integration/1.0.2/8cb1de765b2f506a5836009a9910e51e08790368",
      "integrity": "sha512-v5JCmSpFzlLegj70eWfTcR63mq/d+IwTzqv6vhTZzGMgcNH5ttqYrz2XjT8sD+k5+BDwmT/jeZLhzR3Wbxve8Q==",
      "license": "ISC"
    },
    "node_modules/@auditlogic/product_category-auditlogic-dev_tools": {
      "version": "1.0.2",
      "resolved": "https://npm.pkg.github.com/download/@auditlogic/product_category-auditlogic-dev_tools/1.0.2/27d9b8f77525ce5075187b804780a3d9e71f0da4",
      "integrity": "sha512-RUkxDrLQDvueb2aAspA43tkMHDPjcU2l0TFhqVT2myJMFZQNuohRHYy24du6mV5UPnsc9VuNMbX9qJalv0usZA==",
      "license": "ISC"
    },
    "node_modules/@auditlogic/vendor-vmware": {
      "version": "1.0.7",
      "resolved": "https://npm.pkg.github.com/download/@auditlogic/vendor-vmware/1.0.7/a58b85a66562bb19d81f04992b433594377bf8e9",
      "integrity": "sha512-zMi+V1bm0PdC0hK65o26ns8MTTeJJfjVLy09jFJuvY4ZL2m4lWkAzFWGwfNsT8f5rCQ+ehwMuNot6UE7kw+ntA==",
      "license": "ISC"
    }
  }
}
