{
  "name": "@zerobias-org/product-vmware-workspace",
  "version": "1.1.6",
  "lockfileVersion": 2,
  "requires": true,
  "packages": {
    "": {
      "name": "@zerobias-org/product-vmware-workspace",
      "version": "1.1.6",
      "license": "ISC",
      "dependencies": {
        "@zerobias-org/vendor-vmware": "latest"
      }
    },
    "node_modules/@zerobias-org/vendor-vmware": {
      "version": "1.0.9",
      "resolved": "https://pkg.zerobias.org/@zerobias-org/vendor-vmware/-/vendor-vmware-1.0.9.tgz",
      "integrity": "sha512-ejUBq1cwpqDmTXZ0Yp4mr5l7aeNJEJuQ4kwSHGziTAugi/oDzEBpXLL1u2mRWxc190balws+ZJr9BaHSrjra1A==",
      "license": "ISC"
    }
  },
  "dependencies": {
    "@zerobias-org/vendor-vmware": {
      "version": "1.0.9",
      "resolved": "https://pkg.zerobias.org/@zerobias-org/vendor-vmware/-/vendor-vmware-1.0.9.tgz",
      "integrity": "sha512-ejUBq1cwpqDmTXZ0Yp4mr5l7aeNJEJuQ4kwSHGziTAugi/oDzEBpXLL1u2mRWxc190balws+ZJr9BaHSrjra1A=="
    }
  }
}
