{
  "name": "@auditlogic/product-microsoft-windows-ad",
  "version": "1.1.4",
  "lockfileVersion": 3,
  "requires": true,
  "packages": {
    "": {
      "name": "@auditlogic/product-microsoft-windows-ad",
      "version": "1.1.4",
      "license": "ISC",
      "dependencies": {
        "@auditlogic/product_category-auditlogic-iam": "latest",
        "@auditlogic/suite-microsoft-windows": "^1.0.10"
      }
    },
    "node_modules/@auditlogic/product_category-auditlogic-iam": {
      "version": "1.0.2",
      "resolved": "https://npm.pkg.github.com/download/@auditlogic/product_category-auditlogic-iam/1.0.2/3ad1244cac996455ace81f86d03ffcc226fe4092",
      "integrity": "sha512-Z8EMURTZwFYZQdWoav+CXCbam9HQuEPRGJrzuHCi67gDEGxQBaR3+dRgXTZs/7yfeI8fUgVde+xFtxr2AjoHGw==",
      "license": "ISC"
    },
    "node_modules/@auditlogic/suite-microsoft-windows": {
      "version": "1.0.10",
      "resolved": "https://npm.pkg.github.com/download/@auditlogic/suite-microsoft-windows/1.0.10/b606ebca7a7426b954041b0c5d34b0b530b62d1c",
      "integrity": "sha512-aNO1zOGpkYKUz78KEDPt+PZZr+0yhTwaVmk9w2nHJxy1fj2tt7jgvh8Rl5XZCrJR8NyxrgjxuySYagbh+RuWfg==",
      "license": "ISC",
      "dependencies": {
        "@auditlogic/vendor-microsoft": "^1.0.7"
      }
    },
    "node_modules/@auditlogic/vendor-microsoft": {
      "version": "1.0.7",
      "resolved": "https://npm.pkg.github.com/download/@auditlogic/vendor-microsoft/1.0.7/ca5124c51b5ae4150cceb39c279336f5956cb519",
      "integrity": "sha512-70MEjzch8MQ8owg6x3GXzMWxcF49+NKxjvlG5jZYw4DdSC3AamHvsvwZxoaqnHidH716ZpiV+gYVHHfspQsDVA==",
      "license": "ISC"
    }
  }
}
