{
  "name": "@zerobias-org/product-stryker-procuity",
  "version": "1.0.0-rc.1",
  "lockfileVersion": 3,
  "requires": true,
  "packages": {
    "": {
      "name": "@zerobias-org/product-stryker-procuity",
      "version": "1.0.0-rc.1",
      "license": "ISC",
      "dependencies": {
        "@zerobias-org/vendor-stryker": "*"
      }
    },
    "node_modules/@zerobias-org/vendor-stryker": {
      "version": "1.0.1",
      "integrity": "sha512-I4rf+57aKxTiWfPBy779ML8++ZU/zE8q9TbpuKrtU0vPKKygwmfelLIoPLy0OLsPr0yP6ip4mrTQurCj6O1AnQ==",
      "license": "ISC"
    }
  }
}
