{
  "name": "@zerobias-org/product-logicgate-logicgate",
  "version": "2.0.2",
  "lockfileVersion": 3,
  "requires": true,
  "packages": {
    "": {
      "name": "@zerobias-org/product-logicgate-logicgate",
      "version": "2.0.2",
      "license": "ISC",
      "dependencies": {
        "@zerobias-org/vendor-logicgate": "*"
      }
    },
    "node_modules/@zerobias-org/vendor-logicgate": {
      "version": "2.0.1",
      "integrity": "sha512-4YZIc8QUKOefQk5Zyq9umANRu+XSUKcUfIsSEmafTjFAgu1cOvVaczaKc+jMKNtJj+Xd7tigN7Mo9BCw7b+5Uw==",
      "license": "ISC"
    }
  }
}
