{
  "name": "@zerobias-org/product-hidglobal-hidmanager",
  "version": "2.0.2",
  "lockfileVersion": 3,
  "requires": true,
  "packages": {
    "": {
      "name": "@zerobias-org/product-hidglobal-hidmanager",
      "version": "2.0.2",
      "license": "ISC",
      "dependencies": {
        "@zerobias-org/vendor-hidglobal": "*"
      }
    },
    "node_modules/@zerobias-org/vendor-hidglobal": {
      "version": "1.0.1",
      "integrity": "sha512-NCO2Ox5krBeFsqmwenYSjMQqd7iEKBcOV7IIRFSv7LxZFuce/sF9AcW0XWJWbEzjL+fbiZ0B0j2iP41woaKoZw==",
      "license": "ISC"
    }
  }
}
