{
  "name": "@zerobias-org/product-hidglobal-hidmanager",
  "version": "0.3.4",
  "lockfileVersion": 3,
  "requires": true,
  "packages": {
    "": {
      "name": "@zerobias-org/product-hidglobal-hidmanager",
      "version": "0.3.4",
      "license": "ISC",
      "dependencies": {
        "@zerobias-org/vendor-hidglobal": "latest"
      }
    },
    "node_modules/@zerobias-org/vendor-hidglobal": {
      "version": "0.2.3",
      "resolved": "https://pkg.zerobias.org/@zerobias-org/vendor-hidglobal/-/vendor-hidglobal-0.2.3.tgz",
      "integrity": "sha512-f6FQEGs7TDXlFIzpWl8la4IS4ZgGSC/Tds6rFZsVrdmHbYWhacXhoCg1R9PV50h0iiBL9LpH2dJ11uRfm4+54w==",
      "license": "ISC"
    }
  }
}
