{
  "name": "@zerobias-org/product-monday-monday",
  "version": "1.1.6",
  "lockfileVersion": 2,
  "requires": true,
  "packages": {
    "": {
      "name": "@zerobias-org/product-monday-monday",
      "version": "1.1.6",
      "license": "ISC",
      "dependencies": {
        "@zerobias-org/vendor-monday": "latest"
      }
    },
    "node_modules/@zerobias-org/vendor-monday": {
      "version": "1.0.8",
      "resolved": "https://pkg.zerobias.org/@zerobias-org/vendor-monday/-/vendor-monday-1.0.8.tgz",
      "integrity": "sha512-VzV1S8bDTiXeJzAS7iheJGnaGZFSUlecQPsxV0ImCCAhW1rUzh8P6YftvvPg/Ysr3Gp5HVlRvjgDJyQiWSTdFQ=="
    }
  },
  "dependencies": {
    "@zerobias-org/vendor-monday": {
      "version": "1.0.8",
      "resolved": "https://pkg.zerobias.org/@zerobias-org/vendor-monday/-/vendor-monday-1.0.8.tgz",
      "integrity": "sha512-VzV1S8bDTiXeJzAS7iheJGnaGZFSUlecQPsxV0ImCCAhW1rUzh8P6YftvvPg/Ysr3Gp5HVlRvjgDJyQiWSTdFQ=="
    }
  }
}
