{
  "name": "@zerobias-org/product-sumologic-sumologic",
  "version": "2.0.2",
  "lockfileVersion": 3,
  "requires": true,
  "packages": {
    "": {
      "name": "@zerobias-org/product-sumologic-sumologic",
      "version": "2.0.2",
      "license": "ISC",
      "dependencies": {
        "@zerobias-org/vendor-sumologic": "*"
      }
    },
    "node_modules/@zerobias-org/vendor-sumologic": {
      "version": "2.0.1",
      "integrity": "sha512-puLwSta7TSvYxR2jPyCozI65SrGT7xtijdPXjgWUrKvdCcu4VBJQd01y+HmlJkE72KXoPW24dfO+84/NqS4lOA==",
      "license": "ISC"
    }
  }
}
