{
  "name": "@auditlogic/product-zendesk-zendesk",
  "version": "1.1.4",
  "lockfileVersion": 3,
  "requires": true,
  "packages": {
    "": {
      "name": "@auditlogic/product-zendesk-zendesk",
      "version": "1.1.4",
      "license": "ISC",
      "dependencies": {
        "@auditlogic/product_category-auditlogic-ces": "latest",
        "@auditlogic/product_category-auditlogic-crm": "latest",
        "@auditlogic/product_category-auditlogic-css": "latest",
        "@auditlogic/vendor-zendesk": "^1.0.7"
      }
    },
    "node_modules/@auditlogic/product_category-auditlogic-ces": {
      "version": "1.0.2",
      "resolved": "https://npm.pkg.github.com/download/@auditlogic/product_category-auditlogic-ces/1.0.2/498d928ae4a766c9b68e3936e7fd32fc90c10293",
      "integrity": "sha512-2JqFvTAI1B0CAqeBN4uY3tSKXVF+MwJxAwFs7SaDne91O5R1VmJSlEb778xVrg+S6y/XFKaLgUEnljfhhZtBOw==",
      "license": "ISC"
    },
    "node_modules/@auditlogic/product_category-auditlogic-crm": {
      "version": "1.0.2",
      "resolved": "https://npm.pkg.github.com/download/@auditlogic/product_category-auditlogic-crm/1.0.2/e59729fb824febedf49031ea0f8bf810aefefc5c",
      "integrity": "sha512-E3+mkTs7dMUT58Z7K4ME2RMEnTDzIgM9Wepsj2J3a9bWRDX9t8472HB7id1A1mWZZf5nqY2imtuvf5bTP5lWtQ==",
      "license": "ISC"
    },
    "node_modules/@auditlogic/product_category-auditlogic-css": {
      "version": "1.0.2",
      "resolved": "https://npm.pkg.github.com/download/@auditlogic/product_category-auditlogic-css/1.0.2/88d0e183e869b52bfe875181b72523fb495a4125",
      "integrity": "sha512-KlCKPkaqTPp6ARUjSEu+nEm5VVgtD0alw3R6MhfkU5Te+lz7U4Pyrdi/zCUZFA/Q2s8E4qkgKwdIZGfs6nZBqA==",
      "license": "ISC"
    },
    "node_modules/@auditlogic/vendor-zendesk": {
      "version": "1.0.7",
      "resolved": "https://npm.pkg.github.com/download/@auditlogic/vendor-zendesk/1.0.7/b357e84d9ef18b6a96b43428c272f1a278492a2d",
      "integrity": "sha512-B5In7Jo5JFH7vccFgb3Qd1g1s3OxIixnto2FfmTuvDO0xarlfZfw/lr4DF2nzR0TQtFaDxJ412boKMZCAQ1sqw==",
      "license": "ISC"
    }
  }
}
