{
  "name": "@zerobias-org/product-connectwise-asio",
  "version": "0.3.4",
  "lockfileVersion": 3,
  "requires": true,
  "packages": {
    "": {
      "name": "@zerobias-org/product-connectwise-asio",
      "version": "0.3.4",
      "license": "ISC",
      "dependencies": {
        "@zerobias-org/vendor-connectwise": "latest"
      }
    },
    "node_modules/@zerobias-org/vendor-connectwise": {
      "version": "0.2.3",
      "resolved": "https://pkg.zerobias.org/@zerobias-org/vendor-connectwise/-/vendor-connectwise-0.2.3.tgz",
      "integrity": "sha512-G4j7MTz7YrnGPTZ/1nCc2lzRsGOb3+SpX2cvgetPXpJou+JBfmBz3OWUrYoVUtrILZz0nODDoC7YqV92n94xAQ==",
      "license": "ISC"
    }
  }
}
