{
  "name": "@zerobias-org/product-knowbe4-security-enterprisesecurityawarenesstraining",
  "version": "1.1.4",
  "lockfileVersion": 2,
  "requires": true,
  "packages": {
    "": {
      "name": "@zerobias-org/product-knowbe4-security-enterprisesecurityawarenesstraining",
      "version": "1.1.4",
      "license": "ISC",
      "dependencies": {
        "@zerobias-org/suite-knowbe4-security": "latest",
        "@zerobias-org/vendor-knowbe4": "latest"
      }
    },
    "node_modules/@zerobias-org/suite-knowbe4-security": {
      "version": "1.1.2",
      "resolved": "https://pkg.zerobias.org/@zerobias-org/suite-knowbe4-security/-/suite-knowbe4-security-1.1.2.tgz",
      "integrity": "sha512-A8xOB7dXazxpBabJWrdSxp/34MuAXtAZ6QWbKRH8FiGXoNEPTkZklogvDBoCdnRGTnheA5+Qtacjzd8//HQCFQ==",
      "dependencies": {
        "@zerobias-org/vendor-knowbe4": "latest"
      }
    },
    "node_modules/@zerobias-org/vendor-knowbe4": {
      "version": "1.0.8",
      "resolved": "https://pkg.zerobias.org/@zerobias-org/vendor-knowbe4/-/vendor-knowbe4-1.0.8.tgz",
      "integrity": "sha512-ZQGheqXPXQNNm2WVmkNLh2sb7yDqwShqjQvfx6g0omQ46Hs2E6QwMXrZWqY9jJs3fGyHoIJEew0YNfQEwwknaA=="
    }
  },
  "dependencies": {
    "@zerobias-org/suite-knowbe4-security": {
      "version": "1.1.2",
      "resolved": "https://pkg.zerobias.org/@zerobias-org/suite-knowbe4-security/-/suite-knowbe4-security-1.1.2.tgz",
      "integrity": "sha512-A8xOB7dXazxpBabJWrdSxp/34MuAXtAZ6QWbKRH8FiGXoNEPTkZklogvDBoCdnRGTnheA5+Qtacjzd8//HQCFQ==",
      "requires": {
        "@zerobias-org/vendor-knowbe4": "latest"
      }
    },
    "@zerobias-org/vendor-knowbe4": {
      "version": "1.0.8",
      "resolved": "https://pkg.zerobias.org/@zerobias-org/vendor-knowbe4/-/vendor-knowbe4-1.0.8.tgz",
      "integrity": "sha512-ZQGheqXPXQNNm2WVmkNLh2sb7yDqwShqjQvfx6g0omQ46Hs2E6QwMXrZWqY9jJs3fGyHoIJEew0YNfQEwwknaA=="
    }
  }
}
