{
  "name": "@zerobias-org/product-trivy-trivy",
  "version": "1.0.1",
  "lockfileVersion": 3,
  "requires": true,
  "packages": {
    "": {
      "name": "@zerobias-org/product-trivy-trivy",
      "version": "1.0.1",
      "license": "ISC",
      "dependencies": {
        "@zerobias-org/vendor-trivy": "latest"
      }
    },
    "node_modules/@zerobias-org/vendor-trivy": {
      "version": "1.0.2",
      "resolved": "https://pkg.zerobias.org/@zerobias-org/vendor-trivy/-/vendor-trivy-1.0.2.tgz",
      "integrity": "sha512-JqH6va5nX4Jc4IXsq0kD4oP9ai24Z7q0pRzE5tZjr9kDorm1b+7kQfu3UUEeij1ECz7cQVq8499HZ7wCDKxF5A==",
      "license": "ISC"
    }
  }
}
