{
  "name": "@zerobias-org/product-trivy-trivy",
  "version": "2.0.2",
  "lockfileVersion": 3,
  "requires": true,
  "packages": {
    "": {
      "name": "@zerobias-org/product-trivy-trivy",
      "version": "2.0.2",
      "license": "ISC",
      "dependencies": {
        "@zerobias-org/vendor-trivy": "*"
      }
    },
    "node_modules/@zerobias-org/vendor-trivy": {
      "version": "2.0.1",
      "integrity": "sha512-loahsoklU7G4B6z2N3Mndr3w6CAdnNsY89sjznLjH7KGuq3o5CLh5x4j3XxNRwed8xJl87eOhQEfV82sPFeuAg==",
      "license": "ISC"
    }
  }
}
