{
  "name": "@zerobias-org/product-trinet-trinet",
  "version": "1.1.5",
  "lockfileVersion": 2,
  "requires": true,
  "packages": {
    "": {
      "name": "@zerobias-org/product-trinet-trinet",
      "version": "1.1.5",
      "license": "ISC",
      "dependencies": {
        "@zerobias-org/vendor-trinet": "latest"
      }
    },
    "node_modules/@zerobias-org/vendor-trinet": {
      "version": "1.0.8",
      "resolved": "https://pkg.zerobias.org/@zerobias-org/vendor-trinet/-/vendor-trinet-1.0.8.tgz",
      "integrity": "sha512-OKtKHhEkHJFBQl7dKhw/5v6J8102uvu1M2JdKObwr83DejDZCgcT1yW1XMdylwt1qr1UIgiLrZEIzBpNsSVFUg==",
      "license": "ISC"
    }
  },
  "dependencies": {
    "@zerobias-org/vendor-trinet": {
      "version": "1.0.8",
      "resolved": "https://pkg.zerobias.org/@zerobias-org/vendor-trinet/-/vendor-trinet-1.0.8.tgz",
      "integrity": "sha512-OKtKHhEkHJFBQl7dKhw/5v6J8102uvu1M2JdKObwr83DejDZCgcT1yW1XMdylwt1qr1UIgiLrZEIzBpNsSVFUg=="
    }
  }
}
