{
  "name": "@zerobias-org/product-trinet-trinet",
  "version": "2.0.2",
  "lockfileVersion": 3,
  "requires": true,
  "packages": {
    "": {
      "name": "@zerobias-org/product-trinet-trinet",
      "version": "2.0.2",
      "license": "ISC",
      "dependencies": {
        "@zerobias-org/vendor-trinet": "*"
      }
    },
    "node_modules/@zerobias-org/vendor-trinet": {
      "version": "2.0.1",
      "integrity": "sha512-GBAhZfbKxFBhvns8CT0n3mWT5mV6CmuQceYJo2EeVO3AdZR8gQo4j+sbEqenYLQW4rtSYKKF9wEHRDbkTWqOug==",
      "license": "ISC"
    }
  }
}
