{
  "name": "@zerobias-org/product-microsoft-defender-xdr",
  "version": "1.0.4",
  "lockfileVersion": 2,
  "requires": true,
  "packages": {
    "": {
      "name": "@zerobias-org/product-microsoft-defender-xdr",
      "version": "1.0.4",
      "license": "ISC",
      "dependencies": {
        "@zerobias-org/suite-microsoft-defender": "latest",
        "@zerobias-org/vendor-microsoft": "latest"
      }
    },
    "node_modules/@zerobias-org/suite-microsoft-defender": {
      "version": "0.2.2",
      "resolved": "https://pkg.zerobias.org/@zerobias-org/suite-microsoft-defender/-/suite-microsoft-defender-0.2.2.tgz",
      "integrity": "sha512-KsGAlG1pEpr9AfrFKhmQqQ1QX9xCKK0OtJUZHlqUNxhvf2eOFsJtUYjUmwvWA5l+ZjYsGlwHDREAjO987RSZdw==",
      "dependencies": {
        "@zerobias-org/vendor-microsoft": "latest"
      }
    },
    "node_modules/@zerobias-org/vendor-microsoft": {
      "version": "1.0.8",
      "resolved": "https://pkg.zerobias.org/@zerobias-org/vendor-microsoft/-/vendor-microsoft-1.0.8.tgz",
      "integrity": "sha512-QlTtGEH38cMDqWRJPs6jVEnJUZhwEIuGUYoGJGIhk/XzzwelaOdtqKymwX1adN7pC5fQaZ+UtGV2xmISx8C9yQ=="
    }
  },
  "dependencies": {
    "@zerobias-org/suite-microsoft-defender": {
      "version": "0.2.2",
      "resolved": "https://pkg.zerobias.org/@zerobias-org/suite-microsoft-defender/-/suite-microsoft-defender-0.2.2.tgz",
      "integrity": "sha512-KsGAlG1pEpr9AfrFKhmQqQ1QX9xCKK0OtJUZHlqUNxhvf2eOFsJtUYjUmwvWA5l+ZjYsGlwHDREAjO987RSZdw==",
      "requires": {
        "@zerobias-org/vendor-microsoft": "latest"
      }
    },
    "@zerobias-org/vendor-microsoft": {
      "version": "1.0.8",
      "resolved": "https://pkg.zerobias.org/@zerobias-org/vendor-microsoft/-/vendor-microsoft-1.0.8.tgz",
      "integrity": "sha512-QlTtGEH38cMDqWRJPs6jVEnJUZhwEIuGUYoGJGIhk/XzzwelaOdtqKymwX1adN7pC5fQaZ+UtGV2xmISx8C9yQ=="
    }
  }
}
