{
  "name": "@auditlogic/product-microsoft-defender-xdr",
  "version": "1.0.3",
  "lockfileVersion": 2,
  "requires": true,
  "packages": {
    "": {
      "name": "@auditlogic/product-microsoft-defender-xdr",
      "version": "1.0.3",
      "license": "ISC",
      "dependencies": {
        "@auditlogic/product_category-auditlogic-cybersecurity": "latest",
        "@auditlogic/suite-microsoft-defender": "^0.2.0",
        "@auditlogic/vendor-microsoft": "^1.0.7"
      }
    },
    "node_modules/@auditlogic/product_category-auditlogic-cybersecurity": {
      "version": "1.0.2",
      "resolved": "https://npm.pkg.github.com/download/@auditlogic/product_category-auditlogic-cybersecurity/1.0.2/53f309c7722c97d8f1ab325707d4fe772f04e066",
      "integrity": "sha512-Pu9Qkq5Cpr57I8fa4PJWwLVxqJWyusR0LjC3/lLm84BrGiR64ZQeCMpwMQQGWyJyMEesBZPR4i3M2P+nv0KxyQ==",
      "license": "ISC"
    },
    "node_modules/@auditlogic/suite-microsoft-defender": {
      "version": "0.2.0",
      "resolved": "https://npm.pkg.github.com/download/@auditlogic/suite-microsoft-defender/0.2.0/72b0196f7f2d430ac913cda57e6918ffb7020912",
      "integrity": "sha512-/SSXpGGbUtYYrVeAk/O122vsyfH415nsHG90JmYessgVg9A6jS+Nh0ErSYklFaSZC5iRl4we63CstzezvDYoNw==",
      "license": "ISC",
      "dependencies": {
        "@auditlogic/vendor-microsoft": "^1.0.7"
      }
    },
    "node_modules/@auditlogic/vendor-microsoft": {
      "version": "1.0.7",
      "resolved": "https://npm.pkg.github.com/download/@auditlogic/vendor-microsoft/1.0.7/ca5124c51b5ae4150cceb39c279336f5956cb519",
      "integrity": "sha512-70MEjzch8MQ8owg6x3GXzMWxcF49+NKxjvlG5jZYw4DdSC3AamHvsvwZxoaqnHidH716ZpiV+gYVHHfspQsDVA==",
      "license": "ISC"
    }
  },
  "dependencies": {
    "@auditlogic/product_category-auditlogic-cybersecurity": {
      "version": "1.0.2",
      "resolved": "https://npm.pkg.github.com/download/@auditlogic/product_category-auditlogic-cybersecurity/1.0.2/53f309c7722c97d8f1ab325707d4fe772f04e066",
      "integrity": "sha512-Pu9Qkq5Cpr57I8fa4PJWwLVxqJWyusR0LjC3/lLm84BrGiR64ZQeCMpwMQQGWyJyMEesBZPR4i3M2P+nv0KxyQ=="
    },
    "@auditlogic/suite-microsoft-defender": {
      "version": "0.2.0",
      "resolved": "https://npm.pkg.github.com/download/@auditlogic/suite-microsoft-defender/0.2.0/72b0196f7f2d430ac913cda57e6918ffb7020912",
      "integrity": "sha512-/SSXpGGbUtYYrVeAk/O122vsyfH415nsHG90JmYessgVg9A6jS+Nh0ErSYklFaSZC5iRl4we63CstzezvDYoNw==",
      "requires": {
        "@auditlogic/vendor-microsoft": "^1.0.7"
      }
    },
    "@auditlogic/vendor-microsoft": {
      "version": "1.0.7",
      "resolved": "https://npm.pkg.github.com/download/@auditlogic/vendor-microsoft/1.0.7/ca5124c51b5ae4150cceb39c279336f5956cb519",
      "integrity": "sha512-70MEjzch8MQ8owg6x3GXzMWxcF49+NKxjvlG5jZYw4DdSC3AamHvsvwZxoaqnHidH716ZpiV+gYVHHfspQsDVA=="
    }
  }
}
