{
  "name": "@zerobias-org/product-linear-linear",
  "version": "2.0.2",
  "lockfileVersion": 3,
  "requires": true,
  "packages": {
    "": {
      "name": "@zerobias-org/product-linear-linear",
      "version": "2.0.2",
      "license": "ISC",
      "dependencies": {
        "@zerobias-org/vendor-linear": "*"
      }
    },
    "node_modules/@zerobias-org/vendor-linear": {
      "version": "2.0.1",
      "integrity": "sha512-141F9ylmWoCrHMRpcQEdchAfwctHsx0Q1KeHd+BlXxfJysOJpLZc/A+lA7qfQ3W0+9p7C1Q3YTU7sKkKAnt2eA==",
      "license": "ISC"
    }
  }
}
