{
  "name": "@auditlogic/product-knowbe4-sat",
  "version": "1.2.4",
  "lockfileVersion": 2,
  "requires": true,
  "packages": {
    "": {
      "name": "@auditlogic/product-knowbe4-sat",
      "version": "1.2.4",
      "license": "ISC",
      "dependencies": {
        "@auditlogic/product_category-auditlogic-hcm": "latest",
        "@auditlogic/vendor-knowbe4": "^1.0.6"
      }
    },
    "node_modules/@auditlogic/product_category-auditlogic-hcm": {
      "version": "1.0.2",
      "resolved": "https://npm.pkg.github.com/download/@auditlogic/product_category-auditlogic-hcm/1.0.2/070b17e35ef367b05f0ca71b085a3dadbf0e3958",
      "integrity": "sha512-4OmA6O0M5+FHQT6pjIpZlLLKoN52K95tXDxvxloy208W3OkdusOuctXu6Aa482sw+0yzLAYLzvkFqnqYrQmPjA==",
      "license": "ISC"
    },
    "node_modules/@auditlogic/vendor-knowbe4": {
      "version": "1.0.6",
      "resolved": "https://npm.pkg.github.com/download/@auditlogic/vendor-knowbe4/1.0.6/2c810c2e067490434b0ab69d29874c2e4fb33daa",
      "integrity": "sha512-52wFftsA7r+gr0HoiYL0lSxXilI114DCI6a9OQZRwOUEyAlvOhP53Rh8oiKvKEJqcodZXdIf4xn6cS1f0Kz0Vw==",
      "license": "ISC"
    }
  },
  "dependencies": {
    "@auditlogic/product_category-auditlogic-hcm": {
      "version": "1.0.2",
      "resolved": "https://npm.pkg.github.com/download/@auditlogic/product_category-auditlogic-hcm/1.0.2/070b17e35ef367b05f0ca71b085a3dadbf0e3958",
      "integrity": "sha512-4OmA6O0M5+FHQT6pjIpZlLLKoN52K95tXDxvxloy208W3OkdusOuctXu6Aa482sw+0yzLAYLzvkFqnqYrQmPjA=="
    },
    "@auditlogic/vendor-knowbe4": {
      "version": "1.0.6",
      "resolved": "https://npm.pkg.github.com/download/@auditlogic/vendor-knowbe4/1.0.6/2c810c2e067490434b0ab69d29874c2e4fb33daa",
      "integrity": "sha512-52wFftsA7r+gr0HoiYL0lSxXilI114DCI6a9OQZRwOUEyAlvOhP53Rh8oiKvKEJqcodZXdIf4xn6cS1f0Kz0Vw=="
    }
  }
}
