{
  "name": "@zerobias-org/product-ivanti-neuronsdiscovery",
  "version": "1.1.5",
  "lockfileVersion": 2,
  "requires": true,
  "packages": {
    "": {
      "name": "@zerobias-org/product-ivanti-neuronsdiscovery",
      "version": "1.1.5",
      "license": "ISC",
      "dependencies": {
        "@zerobias-org/vendor-ivanti": "latest"
      }
    },
    "node_modules/@zerobias-org/vendor-ivanti": {
      "version": "1.0.3",
      "resolved": "https://pkg.zerobias.org/@zerobias-org/vendor-ivanti/-/vendor-ivanti-1.0.3.tgz",
      "integrity": "sha512-KI+QrMJ11KRNqVGSR60OfBRjTMMZ6PUvFBL6KEM/xGMbHlMzENyYFtfOvLlsq4j/JFI2lwLGQtB7uN/W4xfwNQ==",
      "license": "ISC"
    }
  },
  "dependencies": {
    "@zerobias-org/vendor-ivanti": {
      "version": "1.0.3",
      "resolved": "https://pkg.zerobias.org/@zerobias-org/vendor-ivanti/-/vendor-ivanti-1.0.3.tgz",
      "integrity": "sha512-KI+QrMJ11KRNqVGSR60OfBRjTMMZ6PUvFBL6KEM/xGMbHlMzENyYFtfOvLlsq4j/JFI2lwLGQtB7uN/W4xfwNQ=="
    }
  }
}
