{
  "name": "@zerobias-org/product-ivanti-neuronsdiscovery",
  "version": "2.0.2",
  "lockfileVersion": 3,
  "requires": true,
  "packages": {
    "": {
      "name": "@zerobias-org/product-ivanti-neuronsdiscovery",
      "version": "2.0.2",
      "license": "ISC",
      "dependencies": {
        "@zerobias-org/vendor-ivanti": "*"
      }
    },
    "node_modules/@zerobias-org/vendor-ivanti": {
      "version": "2.0.1",
      "integrity": "sha512-CiG0M2E1KiQexVhXiFU4tHQFBUfC6pND+uCO9J0362d0QzvL0ySDGyTczDzOTO/3CyRtO/VQe5E4izwYli0J8w==",
      "license": "ISC"
    }
  }
}
