{
  "name": "@zerobias-org/product-zenefits-zenefits",
  "version": "2.0.2",
  "lockfileVersion": 3,
  "requires": true,
  "packages": {
    "": {
      "name": "@zerobias-org/product-zenefits-zenefits",
      "version": "2.0.2",
      "license": "ISC",
      "dependencies": {
        "@zerobias-org/vendor-zenefits": "*"
      }
    },
    "node_modules/@zerobias-org/vendor-zenefits": {
      "version": "2.0.1",
      "integrity": "sha512-ARKDOscsp/Zx820PJrQ5wSRbfIdKdpK4OHYVlFGoWFrVe7Fz7aDg6hmViEUOmnogwZc2E41v+sEecvp7ljVZUw==",
      "license": "ISC"
    }
  }
}
