{
  "name": "@zerobias-org/product-anchore-anchore",
  "version": "2.0.2",
  "lockfileVersion": 3,
  "requires": true,
  "packages": {
    "": {
      "name": "@zerobias-org/product-anchore-anchore",
      "version": "2.0.2",
      "license": "ISC",
      "dependencies": {
        "@zerobias-org/vendor-anchore": "*"
      }
    },
    "node_modules/@zerobias-org/vendor-anchore": {
      "version": "2.0.1",
      "integrity": "sha512-if+XnKgr7jreEdnc9e6nm3hc6z09UnK+VsVpWUrxrML0Ua7uXan2TXxJqh3KhJpuN4UcoNDPeG07i7BOurDg2w==",
      "license": "ISC"
    }
  }
}
