{
  "name": "@auditlogic/product-credly-credlybypearson",
  "version": "1.0.0",
  "lockfileVersion": 2,
  "requires": true,
  "packages": {
    "": {
      "name": "@auditlogic/product-credly-credlybypearson",
      "version": "1.0.0",
      "license": "ISC",
      "dependencies": {
        "@auditlogic/product_category-auditlogic-app_integration": "^1.0.2",
        "@auditlogic/vendor-credly": "^1.0.0"
      }
    },
    "node_modules/@auditlogic/product_category-auditlogic-app_integration": {
      "version": "1.0.2",
      "resolved": "https://npm.pkg.github.com/download/@auditlogic/product_category-auditlogic-app_integration/1.0.2/8cb1de765b2f506a5836009a9910e51e08790368",
      "integrity": "sha512-v5JCmSpFzlLegj70eWfTcR63mq/d+IwTzqv6vhTZzGMgcNH5ttqYrz2XjT8sD+k5+BDwmT/jeZLhzR3Wbxve8Q==",
      "license": "ISC"
    },
    "node_modules/@auditlogic/vendor-credly": {
      "version": "1.0.0",
      "resolved": "https://npm.pkg.github.com/download/@auditlogic/vendor-credly/1.0.0/febf6889ccbc597972d3ccc3cf4200e6c70337b8",
      "integrity": "sha512-HBBrh1ntGGdwDhjtZzlLKC3weRrx3aOISzU7qFgh2XeaPGk3hdXet/usIgN49IwSCxhBP/vMGBvHoUXSeqGVKg==",
      "license": "ISC"
    }
  },
  "dependencies": {
    "@auditlogic/product_category-auditlogic-app_integration": {
      "version": "1.0.2",
      "resolved": "https://npm.pkg.github.com/download/@auditlogic/product_category-auditlogic-app_integration/1.0.2/8cb1de765b2f506a5836009a9910e51e08790368",
      "integrity": "sha512-v5JCmSpFzlLegj70eWfTcR63mq/d+IwTzqv6vhTZzGMgcNH5ttqYrz2XjT8sD+k5+BDwmT/jeZLhzR3Wbxve8Q=="
    },
    "@auditlogic/vendor-credly": {
      "version": "1.0.0",
      "resolved": "https://npm.pkg.github.com/download/@auditlogic/vendor-credly/1.0.0/febf6889ccbc597972d3ccc3cf4200e6c70337b8",
      "integrity": "sha512-HBBrh1ntGGdwDhjtZzlLKC3weRrx3aOISzU7qFgh2XeaPGk3hdXet/usIgN49IwSCxhBP/vMGBvHoUXSeqGVKg=="
    }
  }
}
