{
  "name": "@zerobias-org/product-credly-credlybypearson",
  "version": "2.0.2",
  "lockfileVersion": 3,
  "requires": true,
  "packages": {
    "": {
      "name": "@zerobias-org/product-credly-credlybypearson",
      "version": "2.0.2",
      "license": "ISC",
      "dependencies": {
        "@zerobias-org/vendor-credly": "*"
      }
    },
    "node_modules/@zerobias-org/vendor-credly": {
      "version": "2.0.1",
      "integrity": "sha512-X4ZTebTsJpdf5auyYPmMXdGKrZHhCpbap6j3lzkYqQtp+DEpxrBofc6xcluDuXCvixtGyasMIwfjuAf6IGpXGA==",
      "license": "ISC"
    }
  }
}
